
Microsoft Visual Studio Solution File, Format Version 11.00
# Visual Studio 2010
Project("{FAE04EC0-301F-11D3-BF4B-00C04F79EFBC}") = "_Regression2000", "_Regression2000\_Regression2000.csproj", "{3953D1DB-C264-42A4-805C-733F19328C17}"
EndProject
Global
	GlobalSection(SolutionConfigurationPlatforms) = preSolution
		Debug|Any CPU = Debug|Any CPU
		Release|Any CPU = Release|Any CPU
	EndGlobalSection
	GlobalSection(ProjectConfigurationPlatforms) = postSolution
		{3953D1DB-C264-42A4-805C-733F19328C17}.Debug|Any CPU.ActiveCfg = Debug|Any CPU
		{3953D1DB-C264-42A4-805C-733F19328C17}.Debug|Any CPU.Build.0 = Debug|Any CPU
		{3953D1DB-C264-42A4-805C-733F19328C17}.Release|Any CPU.ActiveCfg = Release|Any CPU
		{3953D1DB-C264-42A4-805C-733F19328C17}.Release|Any CPU.Build.0 = Release|Any CPU
	EndGlobalSection
	GlobalSection(SolutionProperties) = preSolution
		HideSolutionNode = FALSE
	EndGlobalSection
EndGlobal
