
Microsoft Visual Studio Solution File, Format Version 11.00
# Visual Studio 2010
Project("{FAE04EC0-301F-11D3-BF4B-00C04F79EFBC}") = "Alma", "Alma\Alma.csproj", "{D1279C6F-E23E-4F42-A251-BEAA899976ED}"
EndProject
Global
	GlobalSection(SolutionConfigurationPlatforms) = preSolution
		Debug|Any CPU = Debug|Any CPU
		Release|Any CPU = Release|Any CPU
	EndGlobalSection
	GlobalSection(ProjectConfigurationPlatforms) = postSolution
		{D1279C6F-E23E-4F42-A251-BEAA899976ED}.Debug|Any CPU.ActiveCfg = Debug|Any CPU
		{D1279C6F-E23E-4F42-A251-BEAA899976ED}.Debug|Any CPU.Build.0 = Debug|Any CPU
		{D1279C6F-E23E-4F42-A251-BEAA899976ED}.Release|Any CPU.ActiveCfg = Release|Any CPU
		{D1279C6F-E23E-4F42-A251-BEAA899976ED}.Release|Any CPU.Build.0 = Release|Any CPU
	EndGlobalSection
	GlobalSection(SolutionProperties) = preSolution
		HideSolutionNode = FALSE
	EndGlobalSection
EndGlobal
