
Microsoft Visual Studio Solution File, Format Version 11.00
# Visual Studio 2010
Project("{FAE04EC0-301F-11D3-BF4B-00C04F79EFBC}") = "Price Alarm (Sound)", "Price Alarm (Sound)\Price Alarm (Sound).csproj", "{02C4CC88-5833-4BC6-8A48-A470AE01AB9F}"
EndProject
Global
	GlobalSection(SolutionConfigurationPlatforms) = preSolution
		Debug|Any CPU = Debug|Any CPU
		Release|Any CPU = Release|Any CPU
	EndGlobalSection
	GlobalSection(ProjectConfigurationPlatforms) = postSolution
		{02C4CC88-5833-4BC6-8A48-A470AE01AB9F}.Debug|Any CPU.ActiveCfg = Debug|Any CPU
		{02C4CC88-5833-4BC6-8A48-A470AE01AB9F}.Debug|Any CPU.Build.0 = Debug|Any CPU
		{02C4CC88-5833-4BC6-8A48-A470AE01AB9F}.Release|Any CPU.ActiveCfg = Release|Any CPU
		{02C4CC88-5833-4BC6-8A48-A470AE01AB9F}.Release|Any CPU.Build.0 = Release|Any CPU
	EndGlobalSection
	GlobalSection(SolutionProperties) = preSolution
		HideSolutionNode = FALSE
	EndGlobalSection
EndGlobal
