
Microsoft Visual Studio Solution File, Format Version 11.00
# Visual Studio 2010
Project("{FAE04EC0-301F-11D3-BF4B-00C04F79EFBC}") = "Label for Charts", "Label for Charts\Label for Charts.csproj", "{7AFB31A2-6528-4AF9-A31C-E60B13DD5083}"
EndProject
Global
	GlobalSection(SolutionConfigurationPlatforms) = preSolution
		Debug|Any CPU = Debug|Any CPU
		Release|Any CPU = Release|Any CPU
	EndGlobalSection
	GlobalSection(ProjectConfigurationPlatforms) = postSolution
		{7AFB31A2-6528-4AF9-A31C-E60B13DD5083}.Debug|Any CPU.ActiveCfg = Debug|Any CPU
		{7AFB31A2-6528-4AF9-A31C-E60B13DD5083}.Debug|Any CPU.Build.0 = Debug|Any CPU
		{7AFB31A2-6528-4AF9-A31C-E60B13DD5083}.Release|Any CPU.ActiveCfg = Release|Any CPU
		{7AFB31A2-6528-4AF9-A31C-E60B13DD5083}.Release|Any CPU.Build.0 = Release|Any CPU
	EndGlobalSection
	GlobalSection(SolutionProperties) = preSolution
		HideSolutionNode = FALSE
	EndGlobalSection
EndGlobal
