
Microsoft Visual Studio Solution File, Format Version 11.00
# Visual Studio 2010
Project("{FAE04EC0-301F-11D3-BF4B-00C04F79EFBC}") = "Sample Breakout cBot", "Sample Breakout cBot\Sample Breakout cBot.csproj", "{BE7B6AFD-192E-4144-A91B-177D01F1E891}"
EndProject
Global
	GlobalSection(SolutionConfigurationPlatforms) = preSolution
		Debug|Any CPU = Debug|Any CPU
		Release|Any CPU = Release|Any CPU
	EndGlobalSection
	GlobalSection(ProjectConfigurationPlatforms) = postSolution
		{BE7B6AFD-192E-4144-A91B-177D01F1E891}.Debug|Any CPU.ActiveCfg = Debug|Any CPU
		{BE7B6AFD-192E-4144-A91B-177D01F1E891}.Debug|Any CPU.Build.0 = Debug|Any CPU
		{BE7B6AFD-192E-4144-A91B-177D01F1E891}.Release|Any CPU.ActiveCfg = Release|Any CPU
		{BE7B6AFD-192E-4144-A91B-177D01F1E891}.Release|Any CPU.Build.0 = Release|Any CPU
	EndGlobalSection
	GlobalSection(SolutionProperties) = preSolution
		HideSolutionNode = FALSE
	EndGlobalSection
EndGlobal
