
Microsoft Visual Studio Solution File, Format Version 11.00
# Visual Studio 2010
Project("{FAE04EC0-301F-11D3-BF4B-00C04F79EFBC}") = "AdaptiveCyberCycle", "AdaptiveCyberCycle\AdaptiveCyberCycle.csproj", "{32CA9950-7B69-4B90-89CB-6A0BF90F0964}"
EndProject
Global
	GlobalSection(SolutionConfigurationPlatforms) = preSolution
		Debug|Any CPU = Debug|Any CPU
		Release|Any CPU = Release|Any CPU
	EndGlobalSection
	GlobalSection(ProjectConfigurationPlatforms) = postSolution
		{32CA9950-7B69-4B90-89CB-6A0BF90F0964}.Debug|Any CPU.ActiveCfg = Debug|Any CPU
		{32CA9950-7B69-4B90-89CB-6A0BF90F0964}.Debug|Any CPU.Build.0 = Debug|Any CPU
		{32CA9950-7B69-4B90-89CB-6A0BF90F0964}.Release|Any CPU.ActiveCfg = Release|Any CPU
		{32CA9950-7B69-4B90-89CB-6A0BF90F0964}.Release|Any CPU.Build.0 = Release|Any CPU
	EndGlobalSection
	GlobalSection(SolutionProperties) = preSolution
		HideSolutionNode = FALSE
	EndGlobalSection
EndGlobal
