
Microsoft Visual Studio Solution File, Format Version 11.00
# Visual Studio 2010
Project("{FAE04EC0-301F-11D3-BF4B-00C04F79EFBC}") = "SampleGameTheoryRobot", "SampleGameTheoryRobot\SampleGameTheoryRobot.csproj", "{ACF9BD1F-1C25-4C15-A098-B3318996B415}"
EndProject
Global
	GlobalSection(SolutionConfigurationPlatforms) = preSolution
		Debug|Any CPU = Debug|Any CPU
		Release|Any CPU = Release|Any CPU
	EndGlobalSection
	GlobalSection(ProjectConfigurationPlatforms) = postSolution
		{ACF9BD1F-1C25-4C15-A098-B3318996B415}.Debug|Any CPU.ActiveCfg = Debug|Any CPU
		{ACF9BD1F-1C25-4C15-A098-B3318996B415}.Debug|Any CPU.Build.0 = Debug|Any CPU
		{ACF9BD1F-1C25-4C15-A098-B3318996B415}.Release|Any CPU.ActiveCfg = Release|Any CPU
		{ACF9BD1F-1C25-4C15-A098-B3318996B415}.Release|Any CPU.Build.0 = Release|Any CPU
	EndGlobalSection
	GlobalSection(SolutionProperties) = preSolution
		HideSolutionNode = FALSE
	EndGlobalSection
EndGlobal
