
Microsoft Visual Studio Solution File, Format Version 11.00
# Visual Studio 2010
Project("{FAE04EC0-301F-11D3-BF4B-00C04F79EFBC}") = "Margin Required", "Margin Required\Margin Required.csproj", "{00EE6B2A-598E-4977-BEC8-A586AC7E557C}"
EndProject
Global
	GlobalSection(SolutionConfigurationPlatforms) = preSolution
		Debug|Any CPU = Debug|Any CPU
		Release|Any CPU = Release|Any CPU
	EndGlobalSection
	GlobalSection(ProjectConfigurationPlatforms) = postSolution
		{00EE6B2A-598E-4977-BEC8-A586AC7E557C}.Debug|Any CPU.ActiveCfg = Debug|Any CPU
		{00EE6B2A-598E-4977-BEC8-A586AC7E557C}.Debug|Any CPU.Build.0 = Debug|Any CPU
		{00EE6B2A-598E-4977-BEC8-A586AC7E557C}.Release|Any CPU.ActiveCfg = Release|Any CPU
		{00EE6B2A-598E-4977-BEC8-A586AC7E557C}.Release|Any CPU.Build.0 = Release|Any CPU
	EndGlobalSection
	GlobalSection(SolutionProperties) = preSolution
		HideSolutionNode = FALSE
	EndGlobalSection
EndGlobal
