
Microsoft Visual Studio Solution File, Format Version 11.00
# Visual Studio 2010
Project("{FAE04EC0-301F-11D3-BF4B-00C04F79EFBC}") = "Xkalibur", "Xkalibur\Xkalibur.csproj", "{02C170E3-FADF-432A-9041-D71F449B86A0}"
EndProject
Global
	GlobalSection(SolutionConfigurationPlatforms) = preSolution
		Debug|Any CPU = Debug|Any CPU
		Release|Any CPU = Release|Any CPU
	EndGlobalSection
	GlobalSection(ProjectConfigurationPlatforms) = postSolution
		{02C170E3-FADF-432A-9041-D71F449B86A0}.Debug|Any CPU.ActiveCfg = Debug|Any CPU
		{02C170E3-FADF-432A-9041-D71F449B86A0}.Debug|Any CPU.Build.0 = Debug|Any CPU
		{02C170E3-FADF-432A-9041-D71F449B86A0}.Release|Any CPU.ActiveCfg = Release|Any CPU
		{02C170E3-FADF-432A-9041-D71F449B86A0}.Release|Any CPU.Build.0 = Release|Any CPU
	EndGlobalSection
	GlobalSection(SolutionProperties) = preSolution
		HideSolutionNode = FALSE
	EndGlobalSection
EndGlobal
