
Microsoft Visual Studio Solution File, Format Version 11.00
# Visual Studio 2010
Project("{FAE04EC0-301F-11D3-BF4B-00C04F79EFBC}") = "Draw Objects (2)", "Draw Objects (2)\Draw Objects (2).csproj", "{9EBBED8F-2621-451C-B69C-E9B4D14C1799}"
EndProject
Global
	GlobalSection(SolutionConfigurationPlatforms) = preSolution
		Debug|Any CPU = Debug|Any CPU
		Release|Any CPU = Release|Any CPU
	EndGlobalSection
	GlobalSection(ProjectConfigurationPlatforms) = postSolution
		{9EBBED8F-2621-451C-B69C-E9B4D14C1799}.Debug|Any CPU.ActiveCfg = Debug|Any CPU
		{9EBBED8F-2621-451C-B69C-E9B4D14C1799}.Debug|Any CPU.Build.0 = Debug|Any CPU
		{9EBBED8F-2621-451C-B69C-E9B4D14C1799}.Release|Any CPU.ActiveCfg = Release|Any CPU
		{9EBBED8F-2621-451C-B69C-E9B4D14C1799}.Release|Any CPU.Build.0 = Release|Any CPU
	EndGlobalSection
	GlobalSection(SolutionProperties) = preSolution
		HideSolutionNode = FALSE
	EndGlobalSection
EndGlobal
