
Microsoft Visual Studio Solution File, Format Version 11.00
# Visual Studio 2010
Project("{FAE04EC0-301F-11D3-BF4B-00C04F79EFBC}") = "Real Market Time", "Real Market Time\Real Market Time.csproj", "{2A215AF6-691D-44AA-AA6B-A9FC2CCCB2EA}"
EndProject
Global
	GlobalSection(SolutionConfigurationPlatforms) = preSolution
		Debug|Any CPU = Debug|Any CPU
		Release|Any CPU = Release|Any CPU
	EndGlobalSection
	GlobalSection(ProjectConfigurationPlatforms) = postSolution
		{2A215AF6-691D-44AA-AA6B-A9FC2CCCB2EA}.Debug|Any CPU.ActiveCfg = Debug|Any CPU
		{2A215AF6-691D-44AA-AA6B-A9FC2CCCB2EA}.Debug|Any CPU.Build.0 = Debug|Any CPU
		{2A215AF6-691D-44AA-AA6B-A9FC2CCCB2EA}.Release|Any CPU.ActiveCfg = Release|Any CPU
		{2A215AF6-691D-44AA-AA6B-A9FC2CCCB2EA}.Release|Any CPU.Build.0 = Release|Any CPU
	EndGlobalSection
	GlobalSection(SolutionProperties) = preSolution
		HideSolutionNode = FALSE
	EndGlobalSection
EndGlobal
