
Microsoft Visual Studio Solution File, Format Version 12.00
# Visual Studio 2013
VisualStudioVersion = 12.0.31101.0
MinimumVisualStudioVersion = 10.0.40219.1
Project("{2150E333-8FDC-42A3-9474-1A3956D46DE8}") = "Library", "Library", "{08355505-B855-4E2A-915E-2CDD1A253843}"
EndProject
Project("{2150E333-8FDC-42A3-9474-1A3956D46DE8}") = "Strategies", "Strategies", "{C66E9A90-8938-4C1E-A82A-E51D8584C8EA}"
EndProject
Project("{FAE04EC0-301F-11D3-BF4B-00C04F79EFBC}") = "KfAdaptMAIndicator", "Sources\Indicators\KfAdaptMAIndicator\KfAdaptMAIndicator\KfAdaptMAIndicator.csproj", "{8EE522AB-70BE-4019-B655-5FDAAD34242A}"
EndProject
Project("{FAE04EC0-301F-11D3-BF4B-00C04F79EFBC}") = "PipsATRIndicator", "Sources\Indicators\PipsATRIndicator\PipsATRIndicator\PipsATRIndicator.csproj", "{2FE7251B-FF1D-4F48-8A0C-AF65D02A6AD2}"
EndProject
Project("{FAE04EC0-301F-11D3-BF4B-00C04F79EFBC}") = "RSIWellesIndicator", "Sources\Indicators\RSIWellesIndicator\RSIWellesIndicator\RSIWellesIndicator.csproj", "{586CE656-EFB2-4423-9228-4276B7F53C79}"
EndProject
Project("{FAE04EC0-301F-11D3-BF4B-00C04F79EFBC}") = "velocityIndicator", "Sources\Indicators\velocityIndicator\velocityIndicator\velocityIndicator.csproj", "{BD690DC4-F3BB-4BAF-B1ED-F62761447398}"
EndProject
Project("{FAE04EC0-301F-11D3-BF4B-00C04F79EFBC}") = "WPRIndicator", "Sources\Indicators\WPRIndicator\WPRIndicator\WPRIndicator.csproj", "{D2ED89E8-2FF2-4652-86B4-82963E750166}"
EndProject
Project("{FAE04EC0-301F-11D3-BF4B-00C04F79EFBC}") = "WPRSIndicator", "Sources\Indicators\WPRSIndicator\WPRSIndicator\WPRSIndicator.csproj", "{34C58EBA-1B9D-4154-A28B-710DAC339D8F}"
EndProject
Project("{FAE04EC0-301F-11D3-BF4B-00C04F79EFBC}") = "ZigZagIndicator", "Sources\Indicators\ZigZagIndicator\ZigZagIndicator\ZigZagIndicator.csproj", "{7A611B24-22F6-4E20-AF96-E85C501C5108}"
EndProject
Project("{FAE04EC0-301F-11D3-BF4B-00C04F79EFBC}") = "ZigZagKwanIndicator", "Sources\Indicators\ZigZagKwanIndicator\ZigZagKwanIndicator\ZigZagKwanIndicator.csproj", "{02DB3BC1-493B-476E-A1BE-B2372229AF59}"
EndProject
Project("{FAE04EC0-301F-11D3-BF4B-00C04F79EFBC}") = "ERIndicator", "Sources\Indicators\ERIndicator\ERIndicator\ERIndicator.csproj", "{F1AB2F0F-4D25-46CB-BF7E-B9138DC30A0F}"
EndProject
Project("{FAE04EC0-301F-11D3-BF4B-00C04F79EFBC}") = "cAlgo.Lib", "Sources\Library\cAlgoLib\cAlgo.Lib.csproj", "{D3E50B06-5578-42A2-ADDD-42F25D5A1F4C}"
EndProject
Project("{FAE04EC0-301F-11D3-BF4B-00C04F79EFBC}") = "MQ4Lib", "Sources\Library\MQ4Lib\MQ4Lib.csproj", "{747044E7-4E4B-458B-94C3-3B8A9797B1A5}"
EndProject
Project("{FAE04EC0-301F-11D3-BF4B-00C04F79EFBC}") = "Argunes", "Sources\Robots\Argunes\Argunes\Argunes.csproj", "{4A7CA5EC-66E1-4CB5-860B-05DACAEF9DBB}"
EndProject
Project("{FAE04EC0-301F-11D3-BF4B-00C04F79EFBC}") = "breakout", "Sources\Robots\breakout\breakout\breakout.csproj", "{0D814E89-2F79-4E66-BF48-1B5D36A960C3}"
EndProject
Project("{FAE04EC0-301F-11D3-BF4B-00C04F79EFBC}") = "Breakout II", "Sources\Robots\Breakout II\Breakout II\Breakout II.csproj", "{742F7056-1BB3-4C74-A1F0-4CC2CFAD80A6}"
EndProject
Project("{FAE04EC0-301F-11D3-BF4B-00C04F79EFBC}") = "PayBack", "Sources\Robots\PayBack\PayBack\PayBack.csproj", "{D2B85199-CB09-4DB6-82E8-7D452C6666F0}"
EndProject
Project("{FAE04EC0-301F-11D3-BF4B-00C04F79EFBC}") = "PayBack I", "Sources\Robots\PayBack I\PayBack I\PayBack I.csproj", "{50487530-9682-404D-B812-D9B95DAF91EF}"
EndProject
Project("{FAE04EC0-301F-11D3-BF4B-00C04F79EFBC}") = "PayBack II", "Sources\Robots\PayBack II\PayBack II\PayBack II.csproj", "{73738AE4-C04C-4779-83F4-D218FEE59B2D}"
EndProject
Project("{FAE04EC0-301F-11D3-BF4B-00C04F79EFBC}") = "RsiAtr", "Sources\Robots\RsiAtr\RsiAtr\RsiAtr.csproj", "{C701F41F-AA1A-4874-A9BB-C9FC556196CA}"
EndProject
Project("{FAE04EC0-301F-11D3-BF4B-00C04F79EFBC}") = "RsiAtr II", "Sources\Robots\RsiAtr II\RsiAtr II\RsiAtr II.csproj", "{99D7A81F-6098-4731-A2A4-08681D6A2635}"
EndProject
Project("{FAE04EC0-301F-11D3-BF4B-00C04F79EFBC}") = "TrailCut I", "Sources\Robots\TrailCut I\TrailCut I\TrailCut I.csproj", "{7D951420-4CF2-4D1E-BB7B-EF76E0DA0880}"
EndProject
Project("{FAE04EC0-301F-11D3-BF4B-00C04F79EFBC}") = "TrailCut II", "Sources\Robots\TrailCut II\TrailCut II\TrailCut II.csproj", "{3E5CAA92-0072-45EF-8390-B3F22D13ACDD}"
EndProject
Project("{FAE04EC0-301F-11D3-BF4B-00C04F79EFBC}") = "ZephynScalper", "Sources\Robots\ZephynScalper\ZephynScalper\ZephynScalper.csproj", "{DE579391-940F-4BB7-9A0A-B55067899BAF}"
EndProject
Project("{FAE04EC0-301F-11D3-BF4B-00C04F79EFBC}") = "ZephynScalper II", "Sources\Robots\ZephynScalper II\ZephynScalper II\ZephynScalper II.csproj", "{FAC83A6E-4C83-4150-8886-61CAD2F4D421}"
EndProject
Project("{FAE04EC0-301F-11D3-BF4B-00C04F79EFBC}") = "ArgunesStrategy", "Sources\Strategies\ArgunesStrategy\ArgunesStrategy.csproj", "{1C394650-DA14-4A31-9721-13F225797377}"
EndProject
Project("{FAE04EC0-301F-11D3-BF4B-00C04F79EFBC}") = "DoubleCandleStrategy", "Sources\Strategies\DoubleCandleStrategy\DoubleCandleStrategy.csproj", "{3A72E9D5-59D4-453F-9DEB-416357BCA25F}"
EndProject
Project("{FAE04EC0-301F-11D3-BF4B-00C04F79EFBC}") = "WPRSStrategy", "Sources\Strategies\WPRStrategy\WPRSStrategy.csproj", "{E185CAD6-92BC-422F-AEA4-8E8CAA741043}"
EndProject
Project("{FAE04EC0-301F-11D3-BF4B-00C04F79EFBC}") = "ZigZagKwanStrategy", "Sources\Strategies\ZigZagKwanStrategy\ZigZagKwanStrategy.csproj", "{A07128EA-E3F4-487F-A2A2-63FDBA056639}"
EndProject
Project("{FAE04EC0-301F-11D3-BF4B-00C04F79EFBC}") = "ZigZagStrategy", "Sources\Strategies\ZigZagStrategy\ZigZagStrategy.csproj", "{5F23260E-3FBD-4301-A255-F228A11AB154}"
EndProject
Project("{FAE04EC0-301F-11D3-BF4B-00C04F79EFBC}") = "TrendMagicStrategy", "Sources\Strategies\TrendMagicStrategy\TrendMagicStrategy.csproj", "{F5913048-87E6-4458-8A31-243A5601AC41}"
EndProject
Project("{FAE04EC0-301F-11D3-BF4B-00C04F79EFBC}") = "TrendMagicIndicator", "Sources\Indicators\TrendMagicIndicator\TrendMagicIndicator\TrendMagicIndicator.csproj", "{40E27026-684C-4266-830A-B827A44A03E9}"
EndProject
Project("{FAE04EC0-301F-11D3-BF4B-00C04F79EFBC}") = "Martingale_Forex", "Sources\Robots\Martingale_Forex\Martingale_Forex\Martingale_Forex.csproj", "{A85418F4-AC57-4E5E-804A-6610F778042A}"
EndProject
Project("{FAE04EC0-301F-11D3-BF4B-00C04F79EFBC}") = "FastCrossSlow", "Sources\Indicators\FastCrossSlow\FastCrossSlow\FastCrossSlow.csproj", "{3DFD8876-4A61-496F-8358-2B004432208F}"
EndProject
Project("{FAE04EC0-301F-11D3-BF4B-00C04F79EFBC}") = "SpreadIndicator", "Sources\Indicators\Spread\Spread\SpreadIndicator.csproj", "{26F08C99-8105-4006-8011-A25F4A935CC1}"
EndProject
Project("{FAE04EC0-301F-11D3-BF4B-00C04F79EFBC}") = "Robot_Forex", "Sources\Robots\Robot_Forex\Robot_Forex\Robot_Forex.csproj", "{0F3B6E3E-AB88-4405-A735-276580755DBF}"
EndProject
Project("{FAE04EC0-301F-11D3-BF4B-00C04F79EFBC}") = "EHMA", "Sources\Indicators\EHMA\EHMA\EHMA.csproj", "{324A0EF1-0C97-43D0-B7F2-65C543C25B60}"
EndProject
Project("{FAE04EC0-301F-11D3-BF4B-00C04F79EFBC}") = "HMA", "Sources\Indicators\HMA\HMA\HMA.csproj", "{A283C8B1-A63F-4C91-83D5-13D7F25DB976}"
EndProject
Project("{FAE04EC0-301F-11D3-BF4B-00C04F79EFBC}") = "Candlestick Tendency", "Sources\Indicators\Candlestick Tendency\Candlestick Tendency\Candlestick Tendency.csproj", "{7B4D77C5-3CF4-4126-8B83-208AB1DC679F}"
EndProject
Project("{FAE04EC0-301F-11D3-BF4B-00C04F79EFBC}") = "Xkalibur Ba", "Sources\Robots\Xkalibur Ba\Xkalibur Ba\Xkalibur Ba.csproj", "{50EF0295-C093-4D36-A019-370B8441167D}"
EndProject
Project("{FAE04EC0-301F-11D3-BF4B-00C04F79EFBC}") = "Xkalibur Ba II", "Sources\Robots\Xkalibur Ba II\Xkalibur Ba II\Xkalibur Ba II.csproj", "{8A814AD8-29F8-4C3D-8F9E-CDDEBE8AF7CE}"
EndProject
Project("{2150E333-8FDC-42A3-9474-1A3956D46DE8}") = "cTdn", "cTdn", "{4B92AF90-DA51-49B5-80C9-46618D862E1F}"
EndProject
Project("{2150E333-8FDC-42A3-9474-1A3956D46DE8}") = "Robots", "Robots", "{294C5497-4768-4582-8438-BC25CEABC224}"
EndProject
Project("{FAE04EC0-301F-11D3-BF4B-00C04F79EFBC}") = "AdaptiveCGRobot", "Sources\Robots\AdaptiveCGRobot\AdaptiveCGRobot\AdaptiveCGRobot.csproj", "{FB88CAB5-0BE8-4EF8-B626-9CC6E08CFC4F}"
EndProject
Project("{2150E333-8FDC-42A3-9474-1A3956D46DE8}") = "Indicators", "Indicators", "{03A3DCEA-BFB9-4A9F-95C2-DB7DE6A3140D}"
EndProject
Project("{FAE04EC0-301F-11D3-BF4B-00C04F79EFBC}") = "AdaptiveCG", "Sources\Indicators\AdaptiveCG\AdaptiveCG\AdaptiveCG.csproj", "{6858ABE9-A3EA-4506-AC9C-007E734E36A3}"
EndProject
Project("{FAE04EC0-301F-11D3-BF4B-00C04F79EFBC}") = "CyclePeriod", "Sources\Indicators\CyclePeriod\CyclePeriod\CyclePeriod.csproj", "{BB54BD5C-1C83-4AD4-9C65-55414E927605}"
EndProject
Project("{FAE04EC0-301F-11D3-BF4B-00C04F79EFBC}") = "AggressiveModifyPostions.v2", "Sources\Robots\AggressiveModifyPostions.v2\AggressiveModifyPostions.v2\AggressiveModifyPostions.v2.csproj", "{AD9D6539-F79D-4F69-9348-D6AA790F6298}"
EndProject
Project("{FAE04EC0-301F-11D3-BF4B-00C04F79EFBC}") = "Alembex", "Sources\Robots\Alembex\Alembex\Alembex.csproj", "{4914983F-C3F7-463E-9F73-C2FA037D626F}"
EndProject
Project("{FAE04EC0-301F-11D3-BF4B-00C04F79EFBC}") = "ArtificialIntelligence", "Sources\Robots\ArtificialIntelligence\ArtificialIntelligence\ArtificialIntelligence.csproj", "{B29BB814-5908-4F8D-BBB6-502E3067B8B1}"
EndProject
Project("{FAE04EC0-301F-11D3-BF4B-00C04F79EFBC}") = "Best Algo", "Sources\Robots\Best Algo\Best Algo\Best Algo.csproj", "{C8401187-3507-4651-86CF-3FB279E6DBB0}"
EndProject
Project("{2150E333-8FDC-42A3-9474-1A3956D46DE8}") = "Martingale", "Martingale", "{793E7683-4C38-4926-84C0-2D67143E939E}"
EndProject
Project("{2150E333-8FDC-42A3-9474-1A3956D46DE8}") = "Management", "Management", "{A56ACC89-1087-4515-A274-3FCC3529CD5C}"
EndProject
Project("{FAE04EC0-301F-11D3-BF4B-00C04F79EFBC}") = "Black Corvette", "Sources\Robots\Black Corvette\Black Corvette\Black Corvette.csproj", "{FCEB84F0-D3CD-4763-BD40-D57A83D7576E}"
EndProject
Project("{2150E333-8FDC-42A3-9474-1A3956D46DE8}") = "Bollinger Bands", "Bollinger Bands", "{4AF3CA73-6560-44BD-9AC5-883CE5BF07FF}"
EndProject
Project("{FAE04EC0-301F-11D3-BF4B-00C04F79EFBC}") = "BreakthroughBB", "Sources\Robots\BreakthroughBB\BreakthroughBB\BreakthroughBB.csproj", "{D09D29B5-9CF2-4D2E-A22E-A8206787C70F}"
EndProject
Project("{FAE04EC0-301F-11D3-BF4B-00C04F79EFBC}") = "CCI 20 Robot (Modified)", "Sources\Robots\CCI 20 Robot (Modified)\CCI 20 Robot (Modified)\CCI 20 Robot (Modified).csproj", "{E6A4A6F5-889F-4BB5-8DF5-AE1235450672}"
EndProject
Project("{2150E333-8FDC-42A3-9474-1A3956D46DE8}") = "Indicators", "Indicators", "{6A97DE6E-C3B7-431E-B3DA-CB765D91C588}"
EndProject
Project("{2150E333-8FDC-42A3-9474-1A3956D46DE8}") = "Scalper", "Scalper", "{405AD65A-2BDC-4AE4-B394-9EEC20C59971}"
EndProject
Project("{2150E333-8FDC-42A3-9474-1A3956D46DE8}") = "Divers", "Divers", "{E83E50DD-4EB1-4088-A376-A9D2A9EC36A1}"
EndProject
Project("{FAE04EC0-301F-11D3-BF4B-00C04F79EFBC}") = "Counter Trade", "Sources\Robots\Counter Trade\Counter Trade\Counter Trade.csproj", "{130FAD43-719E-4B25-B13A-CE11ECE18651}"
EndProject
Project("{2150E333-8FDC-42A3-9474-1A3956D46DE8}") = "Tools", "Tools", "{970EEC9E-CA09-4216-B05F-99D20E958145}"
EndProject
Project("{FAE04EC0-301F-11D3-BF4B-00C04F79EFBC}") = "csvbar", "Sources\Robots\csvbar\csvbar\csvbar.csproj", "{616A444A-C219-43E4-B836-B75B7C8E00E2}"
EndProject
Project("{FAE04EC0-301F-11D3-BF4B-00C04F79EFBC}") = "DataExportTicks", "Sources\Robots\DataExportTicks\DataExportTicks\DataExportTicks.csproj", "{71214300-97C9-4045-B863-E4454CE05A15}"
EndProject
Project("{FAE04EC0-301F-11D3-BF4B-00C04F79EFBC}") = "DumpSimplyBarsToCSVWithHighLowTime", "Sources\Robots\DumpSimplyBarsToCSVWithHighLowTime\DumpSimplyBarsToCSVWithHighLowTime\DumpSimplyBarsToCSVWithHighLowTime.csproj", "{E041ABFF-3769-41EA-8860-53C102D5A63C}"
EndProject
Project("{FAE04EC0-301F-11D3-BF4B-00C04F79EFBC}") = "DumpToCSV", "Sources\Robots\DumpToCSV\DumpToCSV\DumpToCSV.csproj", "{2380D110-E5C2-48F5-B11E-C761A0F2DA1C}"
EndProject
Project("{FAE04EC0-301F-11D3-BF4B-00C04F79EFBC}") = "forex", "Sources\Robots\forex\forex\forex.csproj", "{FC6995A7-4E55-4030-824B-5444A668F056}"
EndProject
Project("{FAE04EC0-301F-11D3-BF4B-00C04F79EFBC}") = "ForexEquityProtection", "Sources\Robots\ForexEquityProtection\ForexEquityProtection\ForexEquityProtection.csproj", "{ACE502CB-48F6-4AEB-BED6-D67CF88CD535}"
EndProject
Project("{FAE04EC0-301F-11D3-BF4B-00C04F79EFBC}") = "FTBollingerBands", "Sources\Robots\FTBollingerBands\FTBollingerBands\FTBollingerBands.csproj", "{0E1860D4-44A8-4984-9211-268F65D51EC0}"
EndProject
Project("{FAE04EC0-301F-11D3-BF4B-00C04F79EFBC}") = "GannHiLoRobot", "Sources\Robots\GannHiLoRobot\GannHiLoRobot\GannHiLoRobot.csproj", "{DC972FC2-064F-4B19-BD2A-84577437177F}"
EndProject
Project("{FAE04EC0-301F-11D3-BF4B-00C04F79EFBC}") = "GannHighLow", "Sources\Indicators\GannHighLow\GannHighLow\GannHighLow.csproj", "{3EF48112-53D4-4D03-B6E1-CE1BD67EA0F2}"
EndProject
Project("{FAE04EC0-301F-11D3-BF4B-00C04F79EFBC}") = "Golden Dragon", "Sources\Robots\Golden Dragon\Golden Dragon\Golden Dragon.csproj", "{F0846501-9410-497A-BBBE-11D543DA9514}"
EndProject
Project("{FAE04EC0-301F-11D3-BF4B-00C04F79EFBC}") = "HullMovingAverage", "Sources\Indicators\HullMovingAverage\HullMovingAverage\HullMovingAverage.csproj", "{119B945C-1697-4824-ADB1-320C703CD835}"
EndProject
Project("{FAE04EC0-301F-11D3-BF4B-00C04F79EFBC}") = "Belkhayate Polynomial Regression", "Sources\Indicators\Belkhayate Polynomial Regression\Belkhayate Polynomial Regression\Belkhayate Polynomial Regression.csproj", "{0779CBA0-E300-4578-92E6-E2CAFBB1885E}"
EndProject
Project("{2150E333-8FDC-42A3-9474-1A3956D46DE8}") = "Experts", "Experts", "{155A8FE3-593F-4CD1-A33E-770285DA33F3}"
EndProject
Project("{FAE04EC0-301F-11D3-BF4B-00C04F79EFBC}") = "Golden Dragon II", "Sources\Robots\Golden Dragon II\Golden Dragon II\Golden Dragon II.csproj", "{C23F3B52-5605-427D-B9C1-D8C4E4FB6169}"
EndProject
Project("{FAE04EC0-301F-11D3-BF4B-00C04F79EFBC}") = "Belkhayate Timing", "Sources\Indicators\Belkhayate Timing\Belkhayate Timing\Belkhayate Timing.csproj", "{4A9E8C8C-BB54-4CB8-B597-B932D0CFE358}"
EndProject
Project("{FAE04EC0-301F-11D3-BF4B-00C04F79EFBC}") = "FxProQuant", "Sources\Library\FxProQuant\FxProQuant\FxProQuant.csproj", "{9333E989-8CE7-4BA1-B4C4-E0B0822CD290}"
EndProject
Project("{FAE04EC0-301F-11D3-BF4B-00C04F79EFBC}") = "MACD PrbSAR noise", "Sources\Robots\MACD PrbSAR noise\MACD PrbSAR noise\MACD PrbSAR noise.csproj", "{B7675495-6425-421A-ACE8-5501E0CB6BE3}"
EndProject
Project("{FAE04EC0-301F-11D3-BF4B-00C04F79EFBC}") = "MACD PrbSAR noise II", "Sources\Robots\MACD PrbSAR noise II\MACD PrbSAR noise II\MACD PrbSAR noise II.csproj", "{1402ABB9-3D7C-46B2-B59F-E3DA2AB1A2C2}"
EndProject
Project("{FAE04EC0-301F-11D3-BF4B-00C04F79EFBC}") = "MACDPrbSARnoiseStrategy", "Sources\Strategies\MACDPrbSARnoiseStrategy\MACDPrbSARnoiseStrategy.csproj", "{83FCFE94-B466-411F-9738-3482AAB77ECD}"
EndProject
Project("{FAE04EC0-301F-11D3-BF4B-00C04F79EFBC}") = "MACDPrbSARnoiseIndicator", "Sources\Indicators\MACDPrbSARnoiseIndicator\MACDPrbSARnoiseIndicator\MACDPrbSARnoiseIndicator.csproj", "{F2E27E5F-573F-4B1E-B5C2-D5AE3C1E8B78}"
EndProject
Project("{FAE04EC0-301F-11D3-BF4B-00C04F79EFBC}") = "DoubleCandleIndicator", "Sources\Indicators\DoubleCandleIndicator\DoubleCandleIndicator\DoubleCandleIndicator.csproj", "{E66A822A-0F5C-428C-889B-BDA99773830F}"
EndProject
Project("{FAE04EC0-301F-11D3-BF4B-00C04F79EFBC}") = "FrankfurtLondon", "Sources\Indicators\FrankfurtLondon\FrankfurtLondon\FrankfurtLondon.csproj", "{4CF8ABBB-E660-4774-916E-B7F1B6DB238B}"
EndProject
Project("{FAE04EC0-301F-11D3-BF4B-00C04F79EFBC}") = "Martingale_Forex_1320", "Sources\Robots\Martingale_Forex_1320\Martingale_Forex_1320\Martingale_Forex_1320.csproj", "{424F500F-C447-4C01-9B5F-8F28BE9AB259}"
EndProject
Project("{FAE04EC0-301F-11D3-BF4B-00C04F79EFBC}") = "Mechanic II", "Sources\Robots\Mechanic II\Mechanic II\Mechanic II.csproj", "{0AEFB47D-DC6C-4E1C-8FAA-62E9B5CEE7A6}"
EndProject
Project("{FAE04EC0-301F-11D3-BF4B-00C04F79EFBC}") = "Mechanic", "Sources\Robots\Mechanic\Mechanic\Mechanic.csproj", "{61F851BE-81F5-4609-8BDC-BFFE78F2A2E2}"
EndProject
Project("{FAE04EC0-301F-11D3-BF4B-00C04F79EFBC}") = "Candlestick Tendency II", "Sources\Indicators\Candlestick Tendency II\Candlestick Tendency II\Candlestick Tendency II.csproj", "{BB22C237-B1B8-4E4C-907B-F1D84CBAA1BC}"
EndProject
Project("{2150E333-8FDC-42A3-9474-1A3956D46DE8}") = "Trend", "Trend", "{F5347F3C-C98F-4F68-9AB8-2D757A333021}"
EndProject
Project("{FAE04EC0-301F-11D3-BF4B-00C04F79EFBC}") = "TwoSignals", "Sources\Indicators\TwoSignals\TwoSignals\TwoSignals.csproj", "{E27FC2FB-1345-4FA6-BD3C-15B60445C4EB}"
EndProject
Project("{FAE04EC0-301F-11D3-BF4B-00C04F79EFBC}") = "Mijo Exposure Currency View", "Sources\Robots\Mijo Exposure Currency View\Mijo Exposure Currency View\Mijo Exposure Currency View.csproj", "{602561DC-CDDC-4FD6-9E38-AFBC92B4E5A0}"
EndProject
Global
	GlobalSection(SolutionConfigurationPlatforms) = preSolution
		Debug|Any CPU = Debug|Any CPU
		Release|Any CPU = Release|Any CPU
	EndGlobalSection
	GlobalSection(ProjectConfigurationPlatforms) = postSolution
		{8EE522AB-70BE-4019-B655-5FDAAD34242A}.Debug|Any CPU.ActiveCfg = Debug|Any CPU
		{8EE522AB-70BE-4019-B655-5FDAAD34242A}.Debug|Any CPU.Build.0 = Debug|Any CPU
		{8EE522AB-70BE-4019-B655-5FDAAD34242A}.Release|Any CPU.ActiveCfg = Release|Any CPU
		{8EE522AB-70BE-4019-B655-5FDAAD34242A}.Release|Any CPU.Build.0 = Release|Any CPU
		{2FE7251B-FF1D-4F48-8A0C-AF65D02A6AD2}.Debug|Any CPU.ActiveCfg = Debug|Any CPU
		{2FE7251B-FF1D-4F48-8A0C-AF65D02A6AD2}.Debug|Any CPU.Build.0 = Debug|Any CPU
		{2FE7251B-FF1D-4F48-8A0C-AF65D02A6AD2}.Release|Any CPU.ActiveCfg = Release|Any CPU
		{2FE7251B-FF1D-4F48-8A0C-AF65D02A6AD2}.Release|Any CPU.Build.0 = Release|Any CPU
		{586CE656-EFB2-4423-9228-4276B7F53C79}.Debug|Any CPU.ActiveCfg = Debug|Any CPU
		{586CE656-EFB2-4423-9228-4276B7F53C79}.Debug|Any CPU.Build.0 = Debug|Any CPU
		{586CE656-EFB2-4423-9228-4276B7F53C79}.Release|Any CPU.ActiveCfg = Release|Any CPU
		{586CE656-EFB2-4423-9228-4276B7F53C79}.Release|Any CPU.Build.0 = Release|Any CPU
		{BD690DC4-F3BB-4BAF-B1ED-F62761447398}.Debug|Any CPU.ActiveCfg = Debug|Any CPU
		{BD690DC4-F3BB-4BAF-B1ED-F62761447398}.Debug|Any CPU.Build.0 = Debug|Any CPU
		{BD690DC4-F3BB-4BAF-B1ED-F62761447398}.Release|Any CPU.ActiveCfg = Release|Any CPU
		{BD690DC4-F3BB-4BAF-B1ED-F62761447398}.Release|Any CPU.Build.0 = Release|Any CPU
		{D2ED89E8-2FF2-4652-86B4-82963E750166}.Debug|Any CPU.ActiveCfg = Debug|Any CPU
		{D2ED89E8-2FF2-4652-86B4-82963E750166}.Debug|Any CPU.Build.0 = Debug|Any CPU
		{D2ED89E8-2FF2-4652-86B4-82963E750166}.Release|Any CPU.ActiveCfg = Release|Any CPU
		{D2ED89E8-2FF2-4652-86B4-82963E750166}.Release|Any CPU.Build.0 = Release|Any CPU
		{34C58EBA-1B9D-4154-A28B-710DAC339D8F}.Debug|Any CPU.ActiveCfg = Debug|Any CPU
		{34C58EBA-1B9D-4154-A28B-710DAC339D8F}.Debug|Any CPU.Build.0 = Debug|Any CPU
		{34C58EBA-1B9D-4154-A28B-710DAC339D8F}.Release|Any CPU.ActiveCfg = Release|Any CPU
		{34C58EBA-1B9D-4154-A28B-710DAC339D8F}.Release|Any CPU.Build.0 = Release|Any CPU
		{7A611B24-22F6-4E20-AF96-E85C501C5108}.Debug|Any CPU.ActiveCfg = Debug|Any CPU
		{7A611B24-22F6-4E20-AF96-E85C501C5108}.Debug|Any CPU.Build.0 = Debug|Any CPU
		{7A611B24-22F6-4E20-AF96-E85C501C5108}.Release|Any CPU.ActiveCfg = Release|Any CPU
		{7A611B24-22F6-4E20-AF96-E85C501C5108}.Release|Any CPU.Build.0 = Release|Any CPU
		{02DB3BC1-493B-476E-A1BE-B2372229AF59}.Debug|Any CPU.ActiveCfg = Debug|Any CPU
		{02DB3BC1-493B-476E-A1BE-B2372229AF59}.Debug|Any CPU.Build.0 = Debug|Any CPU
		{02DB3BC1-493B-476E-A1BE-B2372229AF59}.Release|Any CPU.ActiveCfg = Release|Any CPU
		{02DB3BC1-493B-476E-A1BE-B2372229AF59}.Release|Any CPU.Build.0 = Release|Any CPU
		{F1AB2F0F-4D25-46CB-BF7E-B9138DC30A0F}.Debug|Any CPU.ActiveCfg = Debug|Any CPU
		{F1AB2F0F-4D25-46CB-BF7E-B9138DC30A0F}.Debug|Any CPU.Build.0 = Debug|Any CPU
		{F1AB2F0F-4D25-46CB-BF7E-B9138DC30A0F}.Release|Any CPU.ActiveCfg = Release|Any CPU
		{F1AB2F0F-4D25-46CB-BF7E-B9138DC30A0F}.Release|Any CPU.Build.0 = Release|Any CPU
		{D3E50B06-5578-42A2-ADDD-42F25D5A1F4C}.Debug|Any CPU.ActiveCfg = Debug|Any CPU
		{D3E50B06-5578-42A2-ADDD-42F25D5A1F4C}.Debug|Any CPU.Build.0 = Debug|Any CPU
		{D3E50B06-5578-42A2-ADDD-42F25D5A1F4C}.Release|Any CPU.ActiveCfg = Release|Any CPU
		{D3E50B06-5578-42A2-ADDD-42F25D5A1F4C}.Release|Any CPU.Build.0 = Release|Any CPU
		{747044E7-4E4B-458B-94C3-3B8A9797B1A5}.Debug|Any CPU.ActiveCfg = Debug|Any CPU
		{747044E7-4E4B-458B-94C3-3B8A9797B1A5}.Debug|Any CPU.Build.0 = Debug|Any CPU
		{747044E7-4E4B-458B-94C3-3B8A9797B1A5}.Release|Any CPU.ActiveCfg = Release|Any CPU
		{747044E7-4E4B-458B-94C3-3B8A9797B1A5}.Release|Any CPU.Build.0 = Release|Any CPU
		{4A7CA5EC-66E1-4CB5-860B-05DACAEF9DBB}.Debug|Any CPU.ActiveCfg = Debug|Any CPU
		{4A7CA5EC-66E1-4CB5-860B-05DACAEF9DBB}.Debug|Any CPU.Build.0 = Debug|Any CPU
		{4A7CA5EC-66E1-4CB5-860B-05DACAEF9DBB}.Release|Any CPU.ActiveCfg = Release|Any CPU
		{4A7CA5EC-66E1-4CB5-860B-05DACAEF9DBB}.Release|Any CPU.Build.0 = Release|Any CPU
		{0D814E89-2F79-4E66-BF48-1B5D36A960C3}.Debug|Any CPU.ActiveCfg = Debug|Any CPU
		{0D814E89-2F79-4E66-BF48-1B5D36A960C3}.Debug|Any CPU.Build.0 = Debug|Any CPU
		{0D814E89-2F79-4E66-BF48-1B5D36A960C3}.Release|Any CPU.ActiveCfg = Release|Any CPU
		{0D814E89-2F79-4E66-BF48-1B5D36A960C3}.Release|Any CPU.Build.0 = Release|Any CPU
		{742F7056-1BB3-4C74-A1F0-4CC2CFAD80A6}.Debug|Any CPU.ActiveCfg = Debug|Any CPU
		{742F7056-1BB3-4C74-A1F0-4CC2CFAD80A6}.Debug|Any CPU.Build.0 = Debug|Any CPU
		{742F7056-1BB3-4C74-A1F0-4CC2CFAD80A6}.Release|Any CPU.ActiveCfg = Release|Any CPU
		{742F7056-1BB3-4C74-A1F0-4CC2CFAD80A6}.Release|Any CPU.Build.0 = Release|Any CPU
		{D2B85199-CB09-4DB6-82E8-7D452C6666F0}.Debug|Any CPU.ActiveCfg = Debug|Any CPU
		{D2B85199-CB09-4DB6-82E8-7D452C6666F0}.Debug|Any CPU.Build.0 = Debug|Any CPU
		{D2B85199-CB09-4DB6-82E8-7D452C6666F0}.Release|Any CPU.ActiveCfg = Release|Any CPU
		{D2B85199-CB09-4DB6-82E8-7D452C6666F0}.Release|Any CPU.Build.0 = Release|Any CPU
		{50487530-9682-404D-B812-D9B95DAF91EF}.Debug|Any CPU.ActiveCfg = Debug|Any CPU
		{50487530-9682-404D-B812-D9B95DAF91EF}.Debug|Any CPU.Build.0 = Debug|Any CPU
		{50487530-9682-404D-B812-D9B95DAF91EF}.Release|Any CPU.ActiveCfg = Release|Any CPU
		{50487530-9682-404D-B812-D9B95DAF91EF}.Release|Any CPU.Build.0 = Release|Any CPU
		{73738AE4-C04C-4779-83F4-D218FEE59B2D}.Debug|Any CPU.ActiveCfg = Debug|Any CPU
		{73738AE4-C04C-4779-83F4-D218FEE59B2D}.Debug|Any CPU.Build.0 = Debug|Any CPU
		{73738AE4-C04C-4779-83F4-D218FEE59B2D}.Release|Any CPU.ActiveCfg = Release|Any CPU
		{73738AE4-C04C-4779-83F4-D218FEE59B2D}.Release|Any CPU.Build.0 = Release|Any CPU
		{C701F41F-AA1A-4874-A9BB-C9FC556196CA}.Debug|Any CPU.ActiveCfg = Debug|Any CPU
		{C701F41F-AA1A-4874-A9BB-C9FC556196CA}.Debug|Any CPU.Build.0 = Debug|Any CPU
		{C701F41F-AA1A-4874-A9BB-C9FC556196CA}.Release|Any CPU.ActiveCfg = Release|Any CPU
		{C701F41F-AA1A-4874-A9BB-C9FC556196CA}.Release|Any CPU.Build.0 = Release|Any CPU
		{99D7A81F-6098-4731-A2A4-08681D6A2635}.Debug|Any CPU.ActiveCfg = Debug|Any CPU
		{99D7A81F-6098-4731-A2A4-08681D6A2635}.Debug|Any CPU.Build.0 = Debug|Any CPU
		{99D7A81F-6098-4731-A2A4-08681D6A2635}.Release|Any CPU.ActiveCfg = Release|Any CPU
		{99D7A81F-6098-4731-A2A4-08681D6A2635}.Release|Any CPU.Build.0 = Release|Any CPU
		{7D951420-4CF2-4D1E-BB7B-EF76E0DA0880}.Debug|Any CPU.ActiveCfg = Debug|Any CPU
		{7D951420-4CF2-4D1E-BB7B-EF76E0DA0880}.Debug|Any CPU.Build.0 = Debug|Any CPU
		{7D951420-4CF2-4D1E-BB7B-EF76E0DA0880}.Release|Any CPU.ActiveCfg = Release|Any CPU
		{7D951420-4CF2-4D1E-BB7B-EF76E0DA0880}.Release|Any CPU.Build.0 = Release|Any CPU
		{3E5CAA92-0072-45EF-8390-B3F22D13ACDD}.Debug|Any CPU.ActiveCfg = Debug|Any CPU
		{3E5CAA92-0072-45EF-8390-B3F22D13ACDD}.Debug|Any CPU.Build.0 = Debug|Any CPU
		{3E5CAA92-0072-45EF-8390-B3F22D13ACDD}.Release|Any CPU.ActiveCfg = Release|Any CPU
		{3E5CAA92-0072-45EF-8390-B3F22D13ACDD}.Release|Any CPU.Build.0 = Release|Any CPU
		{DE579391-940F-4BB7-9A0A-B55067899BAF}.Debug|Any CPU.ActiveCfg = Debug|Any CPU
		{DE579391-940F-4BB7-9A0A-B55067899BAF}.Debug|Any CPU.Build.0 = Debug|Any CPU
		{DE579391-940F-4BB7-9A0A-B55067899BAF}.Release|Any CPU.ActiveCfg = Release|Any CPU
		{DE579391-940F-4BB7-9A0A-B55067899BAF}.Release|Any CPU.Build.0 = Release|Any CPU
		{FAC83A6E-4C83-4150-8886-61CAD2F4D421}.Debug|Any CPU.ActiveCfg = Debug|Any CPU
		{FAC83A6E-4C83-4150-8886-61CAD2F4D421}.Debug|Any CPU.Build.0 = Debug|Any CPU
		{FAC83A6E-4C83-4150-8886-61CAD2F4D421}.Release|Any CPU.ActiveCfg = Release|Any CPU
		{FAC83A6E-4C83-4150-8886-61CAD2F4D421}.Release|Any CPU.Build.0 = Release|Any CPU
		{1C394650-DA14-4A31-9721-13F225797377}.Debug|Any CPU.ActiveCfg = Debug|Any CPU
		{1C394650-DA14-4A31-9721-13F225797377}.Debug|Any CPU.Build.0 = Debug|Any CPU
		{1C394650-DA14-4A31-9721-13F225797377}.Release|Any CPU.ActiveCfg = Release|Any CPU
		{1C394650-DA14-4A31-9721-13F225797377}.Release|Any CPU.Build.0 = Release|Any CPU
		{3A72E9D5-59D4-453F-9DEB-416357BCA25F}.Debug|Any CPU.ActiveCfg = Debug|Any CPU
		{3A72E9D5-59D4-453F-9DEB-416357BCA25F}.Debug|Any CPU.Build.0 = Debug|Any CPU
		{3A72E9D5-59D4-453F-9DEB-416357BCA25F}.Release|Any CPU.ActiveCfg = Release|Any CPU
		{3A72E9D5-59D4-453F-9DEB-416357BCA25F}.Release|Any CPU.Build.0 = Release|Any CPU
		{E185CAD6-92BC-422F-AEA4-8E8CAA741043}.Debug|Any CPU.ActiveCfg = Debug|Any CPU
		{E185CAD6-92BC-422F-AEA4-8E8CAA741043}.Debug|Any CPU.Build.0 = Debug|Any CPU
		{E185CAD6-92BC-422F-AEA4-8E8CAA741043}.Release|Any CPU.ActiveCfg = Release|Any CPU
		{E185CAD6-92BC-422F-AEA4-8E8CAA741043}.Release|Any CPU.Build.0 = Release|Any CPU
		{A07128EA-E3F4-487F-A2A2-63FDBA056639}.Debug|Any CPU.ActiveCfg = Debug|Any CPU
		{A07128EA-E3F4-487F-A2A2-63FDBA056639}.Debug|Any CPU.Build.0 = Debug|Any CPU
		{A07128EA-E3F4-487F-A2A2-63FDBA056639}.Release|Any CPU.ActiveCfg = Release|Any CPU
		{A07128EA-E3F4-487F-A2A2-63FDBA056639}.Release|Any CPU.Build.0 = Release|Any CPU
		{5F23260E-3FBD-4301-A255-F228A11AB154}.Debug|Any CPU.ActiveCfg = Debug|Any CPU
		{5F23260E-3FBD-4301-A255-F228A11AB154}.Debug|Any CPU.Build.0 = Debug|Any CPU
		{5F23260E-3FBD-4301-A255-F228A11AB154}.Release|Any CPU.ActiveCfg = Release|Any CPU
		{5F23260E-3FBD-4301-A255-F228A11AB154}.Release|Any CPU.Build.0 = Release|Any CPU
		{F5913048-87E6-4458-8A31-243A5601AC41}.Debug|Any CPU.ActiveCfg = Debug|Any CPU
		{F5913048-87E6-4458-8A31-243A5601AC41}.Debug|Any CPU.Build.0 = Debug|Any CPU
		{F5913048-87E6-4458-8A31-243A5601AC41}.Release|Any CPU.ActiveCfg = Release|Any CPU
		{F5913048-87E6-4458-8A31-243A5601AC41}.Release|Any CPU.Build.0 = Release|Any CPU
		{40E27026-684C-4266-830A-B827A44A03E9}.Debug|Any CPU.ActiveCfg = Debug|Any CPU
		{40E27026-684C-4266-830A-B827A44A03E9}.Debug|Any CPU.Build.0 = Debug|Any CPU
		{40E27026-684C-4266-830A-B827A44A03E9}.Release|Any CPU.ActiveCfg = Release|Any CPU
		{40E27026-684C-4266-830A-B827A44A03E9}.Release|Any CPU.Build.0 = Release|Any CPU
		{A85418F4-AC57-4E5E-804A-6610F778042A}.Debug|Any CPU.ActiveCfg = Debug|Any CPU
		{A85418F4-AC57-4E5E-804A-6610F778042A}.Debug|Any CPU.Build.0 = Debug|Any CPU
		{A85418F4-AC57-4E5E-804A-6610F778042A}.Release|Any CPU.ActiveCfg = Release|Any CPU
		{A85418F4-AC57-4E5E-804A-6610F778042A}.Release|Any CPU.Build.0 = Release|Any CPU
		{3DFD8876-4A61-496F-8358-2B004432208F}.Debug|Any CPU.ActiveCfg = Debug|Any CPU
		{3DFD8876-4A61-496F-8358-2B004432208F}.Debug|Any CPU.Build.0 = Debug|Any CPU
		{3DFD8876-4A61-496F-8358-2B004432208F}.Release|Any CPU.ActiveCfg = Release|Any CPU
		{3DFD8876-4A61-496F-8358-2B004432208F}.Release|Any CPU.Build.0 = Release|Any CPU
		{26F08C99-8105-4006-8011-A25F4A935CC1}.Debug|Any CPU.ActiveCfg = Debug|Any CPU
		{26F08C99-8105-4006-8011-A25F4A935CC1}.Debug|Any CPU.Build.0 = Debug|Any CPU
		{26F08C99-8105-4006-8011-A25F4A935CC1}.Release|Any CPU.ActiveCfg = Release|Any CPU
		{26F08C99-8105-4006-8011-A25F4A935CC1}.Release|Any CPU.Build.0 = Release|Any CPU
		{0F3B6E3E-AB88-4405-A735-276580755DBF}.Debug|Any CPU.ActiveCfg = Debug|Any CPU
		{0F3B6E3E-AB88-4405-A735-276580755DBF}.Debug|Any CPU.Build.0 = Debug|Any CPU
		{0F3B6E3E-AB88-4405-A735-276580755DBF}.Release|Any CPU.ActiveCfg = Release|Any CPU
		{0F3B6E3E-AB88-4405-A735-276580755DBF}.Release|Any CPU.Build.0 = Release|Any CPU
		{324A0EF1-0C97-43D0-B7F2-65C543C25B60}.Debug|Any CPU.ActiveCfg = Debug|Any CPU
		{324A0EF1-0C97-43D0-B7F2-65C543C25B60}.Debug|Any CPU.Build.0 = Debug|Any CPU
		{324A0EF1-0C97-43D0-B7F2-65C543C25B60}.Release|Any CPU.ActiveCfg = Release|Any CPU
		{324A0EF1-0C97-43D0-B7F2-65C543C25B60}.Release|Any CPU.Build.0 = Release|Any CPU
		{A283C8B1-A63F-4C91-83D5-13D7F25DB976}.Debug|Any CPU.ActiveCfg = Debug|Any CPU
		{A283C8B1-A63F-4C91-83D5-13D7F25DB976}.Debug|Any CPU.Build.0 = Debug|Any CPU
		{A283C8B1-A63F-4C91-83D5-13D7F25DB976}.Release|Any CPU.ActiveCfg = Release|Any CPU
		{A283C8B1-A63F-4C91-83D5-13D7F25DB976}.Release|Any CPU.Build.0 = Release|Any CPU
		{7B4D77C5-3CF4-4126-8B83-208AB1DC679F}.Debug|Any CPU.ActiveCfg = Debug|Any CPU
		{7B4D77C5-3CF4-4126-8B83-208AB1DC679F}.Debug|Any CPU.Build.0 = Debug|Any CPU
		{7B4D77C5-3CF4-4126-8B83-208AB1DC679F}.Release|Any CPU.ActiveCfg = Release|Any CPU
		{7B4D77C5-3CF4-4126-8B83-208AB1DC679F}.Release|Any CPU.Build.0 = Release|Any CPU
		{50EF0295-C093-4D36-A019-370B8441167D}.Debug|Any CPU.ActiveCfg = Debug|Any CPU
		{50EF0295-C093-4D36-A019-370B8441167D}.Debug|Any CPU.Build.0 = Debug|Any CPU
		{50EF0295-C093-4D36-A019-370B8441167D}.Release|Any CPU.ActiveCfg = Release|Any CPU
		{50EF0295-C093-4D36-A019-370B8441167D}.Release|Any CPU.Build.0 = Release|Any CPU
		{8A814AD8-29F8-4C3D-8F9E-CDDEBE8AF7CE}.Debug|Any CPU.ActiveCfg = Debug|Any CPU
		{8A814AD8-29F8-4C3D-8F9E-CDDEBE8AF7CE}.Debug|Any CPU.Build.0 = Debug|Any CPU
		{8A814AD8-29F8-4C3D-8F9E-CDDEBE8AF7CE}.Release|Any CPU.ActiveCfg = Release|Any CPU
		{8A814AD8-29F8-4C3D-8F9E-CDDEBE8AF7CE}.Release|Any CPU.Build.0 = Release|Any CPU
		{FB88CAB5-0BE8-4EF8-B626-9CC6E08CFC4F}.Debug|Any CPU.ActiveCfg = Debug|Any CPU
		{FB88CAB5-0BE8-4EF8-B626-9CC6E08CFC4F}.Debug|Any CPU.Build.0 = Debug|Any CPU
		{FB88CAB5-0BE8-4EF8-B626-9CC6E08CFC4F}.Release|Any CPU.ActiveCfg = Release|Any CPU
		{FB88CAB5-0BE8-4EF8-B626-9CC6E08CFC4F}.Release|Any CPU.Build.0 = Release|Any CPU
		{6858ABE9-A3EA-4506-AC9C-007E734E36A3}.Debug|Any CPU.ActiveCfg = Debug|Any CPU
		{6858ABE9-A3EA-4506-AC9C-007E734E36A3}.Debug|Any CPU.Build.0 = Debug|Any CPU
		{6858ABE9-A3EA-4506-AC9C-007E734E36A3}.Release|Any CPU.ActiveCfg = Release|Any CPU
		{6858ABE9-A3EA-4506-AC9C-007E734E36A3}.Release|Any CPU.Build.0 = Release|Any CPU
		{BB54BD5C-1C83-4AD4-9C65-55414E927605}.Debug|Any CPU.ActiveCfg = Debug|Any CPU
		{BB54BD5C-1C83-4AD4-9C65-55414E927605}.Debug|Any CPU.Build.0 = Debug|Any CPU
		{BB54BD5C-1C83-4AD4-9C65-55414E927605}.Release|Any CPU.ActiveCfg = Release|Any CPU
		{BB54BD5C-1C83-4AD4-9C65-55414E927605}.Release|Any CPU.Build.0 = Release|Any CPU
		{AD9D6539-F79D-4F69-9348-D6AA790F6298}.Debug|Any CPU.ActiveCfg = Debug|Any CPU
		{AD9D6539-F79D-4F69-9348-D6AA790F6298}.Debug|Any CPU.Build.0 = Debug|Any CPU
		{AD9D6539-F79D-4F69-9348-D6AA790F6298}.Release|Any CPU.ActiveCfg = Release|Any CPU
		{AD9D6539-F79D-4F69-9348-D6AA790F6298}.Release|Any CPU.Build.0 = Release|Any CPU
		{4914983F-C3F7-463E-9F73-C2FA037D626F}.Debug|Any CPU.ActiveCfg = Debug|Any CPU
		{4914983F-C3F7-463E-9F73-C2FA037D626F}.Debug|Any CPU.Build.0 = Debug|Any CPU
		{4914983F-C3F7-463E-9F73-C2FA037D626F}.Release|Any CPU.ActiveCfg = Release|Any CPU
		{4914983F-C3F7-463E-9F73-C2FA037D626F}.Release|Any CPU.Build.0 = Release|Any CPU
		{B29BB814-5908-4F8D-BBB6-502E3067B8B1}.Debug|Any CPU.ActiveCfg = Debug|Any CPU
		{B29BB814-5908-4F8D-BBB6-502E3067B8B1}.Debug|Any CPU.Build.0 = Debug|Any CPU
		{B29BB814-5908-4F8D-BBB6-502E3067B8B1}.Release|Any CPU.ActiveCfg = Release|Any CPU
		{B29BB814-5908-4F8D-BBB6-502E3067B8B1}.Release|Any CPU.Build.0 = Release|Any CPU
		{C8401187-3507-4651-86CF-3FB279E6DBB0}.Debug|Any CPU.ActiveCfg = Debug|Any CPU
		{C8401187-3507-4651-86CF-3FB279E6DBB0}.Debug|Any CPU.Build.0 = Debug|Any CPU
		{C8401187-3507-4651-86CF-3FB279E6DBB0}.Release|Any CPU.ActiveCfg = Release|Any CPU
		{C8401187-3507-4651-86CF-3FB279E6DBB0}.Release|Any CPU.Build.0 = Release|Any CPU
		{FCEB84F0-D3CD-4763-BD40-D57A83D7576E}.Debug|Any CPU.ActiveCfg = Debug|Any CPU
		{FCEB84F0-D3CD-4763-BD40-D57A83D7576E}.Debug|Any CPU.Build.0 = Debug|Any CPU
		{FCEB84F0-D3CD-4763-BD40-D57A83D7576E}.Release|Any CPU.ActiveCfg = Release|Any CPU
		{FCEB84F0-D3CD-4763-BD40-D57A83D7576E}.Release|Any CPU.Build.0 = Release|Any CPU
		{D09D29B5-9CF2-4D2E-A22E-A8206787C70F}.Debug|Any CPU.ActiveCfg = Debug|Any CPU
		{D09D29B5-9CF2-4D2E-A22E-A8206787C70F}.Debug|Any CPU.Build.0 = Debug|Any CPU
		{D09D29B5-9CF2-4D2E-A22E-A8206787C70F}.Release|Any CPU.ActiveCfg = Release|Any CPU
		{D09D29B5-9CF2-4D2E-A22E-A8206787C70F}.Release|Any CPU.Build.0 = Release|Any CPU
		{E6A4A6F5-889F-4BB5-8DF5-AE1235450672}.Debug|Any CPU.ActiveCfg = Debug|Any CPU
		{E6A4A6F5-889F-4BB5-8DF5-AE1235450672}.Debug|Any CPU.Build.0 = Debug|Any CPU
		{E6A4A6F5-889F-4BB5-8DF5-AE1235450672}.Release|Any CPU.ActiveCfg = Release|Any CPU
		{E6A4A6F5-889F-4BB5-8DF5-AE1235450672}.Release|Any CPU.Build.0 = Release|Any CPU
		{130FAD43-719E-4B25-B13A-CE11ECE18651}.Debug|Any CPU.ActiveCfg = Debug|Any CPU
		{130FAD43-719E-4B25-B13A-CE11ECE18651}.Debug|Any CPU.Build.0 = Debug|Any CPU
		{130FAD43-719E-4B25-B13A-CE11ECE18651}.Release|Any CPU.ActiveCfg = Release|Any CPU
		{130FAD43-719E-4B25-B13A-CE11ECE18651}.Release|Any CPU.Build.0 = Release|Any CPU
		{616A444A-C219-43E4-B836-B75B7C8E00E2}.Debug|Any CPU.ActiveCfg = Debug|Any CPU
		{616A444A-C219-43E4-B836-B75B7C8E00E2}.Debug|Any CPU.Build.0 = Debug|Any CPU
		{616A444A-C219-43E4-B836-B75B7C8E00E2}.Release|Any CPU.ActiveCfg = Release|Any CPU
		{616A444A-C219-43E4-B836-B75B7C8E00E2}.Release|Any CPU.Build.0 = Release|Any CPU
		{71214300-97C9-4045-B863-E4454CE05A15}.Debug|Any CPU.ActiveCfg = Debug|Any CPU
		{71214300-97C9-4045-B863-E4454CE05A15}.Debug|Any CPU.Build.0 = Debug|Any CPU
		{71214300-97C9-4045-B863-E4454CE05A15}.Release|Any CPU.ActiveCfg = Release|Any CPU
		{71214300-97C9-4045-B863-E4454CE05A15}.Release|Any CPU.Build.0 = Release|Any CPU
		{E041ABFF-3769-41EA-8860-53C102D5A63C}.Debug|Any CPU.ActiveCfg = Debug|Any CPU
		{E041ABFF-3769-41EA-8860-53C102D5A63C}.Debug|Any CPU.Build.0 = Debug|Any CPU
		{E041ABFF-3769-41EA-8860-53C102D5A63C}.Release|Any CPU.ActiveCfg = Release|Any CPU
		{E041ABFF-3769-41EA-8860-53C102D5A63C}.Release|Any CPU.Build.0 = Release|Any CPU
		{2380D110-E5C2-48F5-B11E-C761A0F2DA1C}.Debug|Any CPU.ActiveCfg = Debug|Any CPU
		{2380D110-E5C2-48F5-B11E-C761A0F2DA1C}.Debug|Any CPU.Build.0 = Debug|Any CPU
		{2380D110-E5C2-48F5-B11E-C761A0F2DA1C}.Release|Any CPU.ActiveCfg = Release|Any CPU
		{2380D110-E5C2-48F5-B11E-C761A0F2DA1C}.Release|Any CPU.Build.0 = Release|Any CPU
		{FC6995A7-4E55-4030-824B-5444A668F056}.Debug|Any CPU.ActiveCfg = Debug|Any CPU
		{FC6995A7-4E55-4030-824B-5444A668F056}.Debug|Any CPU.Build.0 = Debug|Any CPU
		{FC6995A7-4E55-4030-824B-5444A668F056}.Release|Any CPU.ActiveCfg = Release|Any CPU
		{FC6995A7-4E55-4030-824B-5444A668F056}.Release|Any CPU.Build.0 = Release|Any CPU
		{ACE502CB-48F6-4AEB-BED6-D67CF88CD535}.Debug|Any CPU.ActiveCfg = Debug|Any CPU
		{ACE502CB-48F6-4AEB-BED6-D67CF88CD535}.Debug|Any CPU.Build.0 = Debug|Any CPU
		{ACE502CB-48F6-4AEB-BED6-D67CF88CD535}.Release|Any CPU.ActiveCfg = Release|Any CPU
		{ACE502CB-48F6-4AEB-BED6-D67CF88CD535}.Release|Any CPU.Build.0 = Release|Any CPU
		{0E1860D4-44A8-4984-9211-268F65D51EC0}.Debug|Any CPU.ActiveCfg = Debug|Any CPU
		{0E1860D4-44A8-4984-9211-268F65D51EC0}.Debug|Any CPU.Build.0 = Debug|Any CPU
		{0E1860D4-44A8-4984-9211-268F65D51EC0}.Release|Any CPU.ActiveCfg = Release|Any CPU
		{0E1860D4-44A8-4984-9211-268F65D51EC0}.Release|Any CPU.Build.0 = Release|Any CPU
		{DC972FC2-064F-4B19-BD2A-84577437177F}.Debug|Any CPU.ActiveCfg = Debug|Any CPU
		{DC972FC2-064F-4B19-BD2A-84577437177F}.Debug|Any CPU.Build.0 = Debug|Any CPU
		{DC972FC2-064F-4B19-BD2A-84577437177F}.Release|Any CPU.ActiveCfg = Release|Any CPU
		{DC972FC2-064F-4B19-BD2A-84577437177F}.Release|Any CPU.Build.0 = Release|Any CPU
		{3EF48112-53D4-4D03-B6E1-CE1BD67EA0F2}.Debug|Any CPU.ActiveCfg = Debug|Any CPU
		{3EF48112-53D4-4D03-B6E1-CE1BD67EA0F2}.Debug|Any CPU.Build.0 = Debug|Any CPU
		{3EF48112-53D4-4D03-B6E1-CE1BD67EA0F2}.Release|Any CPU.ActiveCfg = Release|Any CPU
		{3EF48112-53D4-4D03-B6E1-CE1BD67EA0F2}.Release|Any CPU.Build.0 = Release|Any CPU
		{F0846501-9410-497A-BBBE-11D543DA9514}.Debug|Any CPU.ActiveCfg = Debug|Any CPU
		{F0846501-9410-497A-BBBE-11D543DA9514}.Debug|Any CPU.Build.0 = Debug|Any CPU
		{F0846501-9410-497A-BBBE-11D543DA9514}.Release|Any CPU.ActiveCfg = Release|Any CPU
		{F0846501-9410-497A-BBBE-11D543DA9514}.Release|Any CPU.Build.0 = Release|Any CPU
		{119B945C-1697-4824-ADB1-320C703CD835}.Debug|Any CPU.ActiveCfg = Debug|Any CPU
		{119B945C-1697-4824-ADB1-320C703CD835}.Debug|Any CPU.Build.0 = Debug|Any CPU
		{119B945C-1697-4824-ADB1-320C703CD835}.Release|Any CPU.ActiveCfg = Release|Any CPU
		{119B945C-1697-4824-ADB1-320C703CD835}.Release|Any CPU.Build.0 = Release|Any CPU
		{0779CBA0-E300-4578-92E6-E2CAFBB1885E}.Debug|Any CPU.ActiveCfg = Debug|Any CPU
		{0779CBA0-E300-4578-92E6-E2CAFBB1885E}.Debug|Any CPU.Build.0 = Debug|Any CPU
		{0779CBA0-E300-4578-92E6-E2CAFBB1885E}.Release|Any CPU.ActiveCfg = Release|Any CPU
		{0779CBA0-E300-4578-92E6-E2CAFBB1885E}.Release|Any CPU.Build.0 = Release|Any CPU
		{C23F3B52-5605-427D-B9C1-D8C4E4FB6169}.Debug|Any CPU.ActiveCfg = Debug|Any CPU
		{C23F3B52-5605-427D-B9C1-D8C4E4FB6169}.Debug|Any CPU.Build.0 = Debug|Any CPU
		{C23F3B52-5605-427D-B9C1-D8C4E4FB6169}.Release|Any CPU.ActiveCfg = Release|Any CPU
		{C23F3B52-5605-427D-B9C1-D8C4E4FB6169}.Release|Any CPU.Build.0 = Release|Any CPU
		{4A9E8C8C-BB54-4CB8-B597-B932D0CFE358}.Debug|Any CPU.ActiveCfg = Debug|Any CPU
		{4A9E8C8C-BB54-4CB8-B597-B932D0CFE358}.Debug|Any CPU.Build.0 = Debug|Any CPU
		{4A9E8C8C-BB54-4CB8-B597-B932D0CFE358}.Release|Any CPU.ActiveCfg = Release|Any CPU
		{4A9E8C8C-BB54-4CB8-B597-B932D0CFE358}.Release|Any CPU.Build.0 = Release|Any CPU
		{9333E989-8CE7-4BA1-B4C4-E0B0822CD290}.Debug|Any CPU.ActiveCfg = Debug|Any CPU
		{9333E989-8CE7-4BA1-B4C4-E0B0822CD290}.Debug|Any CPU.Build.0 = Debug|Any CPU
		{9333E989-8CE7-4BA1-B4C4-E0B0822CD290}.Release|Any CPU.ActiveCfg = Release|Any CPU
		{9333E989-8CE7-4BA1-B4C4-E0B0822CD290}.Release|Any CPU.Build.0 = Release|Any CPU
		{B7675495-6425-421A-ACE8-5501E0CB6BE3}.Debug|Any CPU.ActiveCfg = Debug|Any CPU
		{B7675495-6425-421A-ACE8-5501E0CB6BE3}.Debug|Any CPU.Build.0 = Debug|Any CPU
		{B7675495-6425-421A-ACE8-5501E0CB6BE3}.Release|Any CPU.ActiveCfg = Release|Any CPU
		{B7675495-6425-421A-ACE8-5501E0CB6BE3}.Release|Any CPU.Build.0 = Release|Any CPU
		{1402ABB9-3D7C-46B2-B59F-E3DA2AB1A2C2}.Debug|Any CPU.ActiveCfg = Debug|Any CPU
		{1402ABB9-3D7C-46B2-B59F-E3DA2AB1A2C2}.Debug|Any CPU.Build.0 = Debug|Any CPU
		{1402ABB9-3D7C-46B2-B59F-E3DA2AB1A2C2}.Release|Any CPU.ActiveCfg = Release|Any CPU
		{1402ABB9-3D7C-46B2-B59F-E3DA2AB1A2C2}.Release|Any CPU.Build.0 = Release|Any CPU
		{83FCFE94-B466-411F-9738-3482AAB77ECD}.Debug|Any CPU.ActiveCfg = Debug|Any CPU
		{83FCFE94-B466-411F-9738-3482AAB77ECD}.Debug|Any CPU.Build.0 = Debug|Any CPU
		{83FCFE94-B466-411F-9738-3482AAB77ECD}.Release|Any CPU.ActiveCfg = Release|Any CPU
		{83FCFE94-B466-411F-9738-3482AAB77ECD}.Release|Any CPU.Build.0 = Release|Any CPU
		{F2E27E5F-573F-4B1E-B5C2-D5AE3C1E8B78}.Debug|Any CPU.ActiveCfg = Debug|Any CPU
		{F2E27E5F-573F-4B1E-B5C2-D5AE3C1E8B78}.Debug|Any CPU.Build.0 = Debug|Any CPU
		{F2E27E5F-573F-4B1E-B5C2-D5AE3C1E8B78}.Release|Any CPU.ActiveCfg = Release|Any CPU
		{F2E27E5F-573F-4B1E-B5C2-D5AE3C1E8B78}.Release|Any CPU.Build.0 = Release|Any CPU
		{E66A822A-0F5C-428C-889B-BDA99773830F}.Debug|Any CPU.ActiveCfg = Debug|Any CPU
		{E66A822A-0F5C-428C-889B-BDA99773830F}.Debug|Any CPU.Build.0 = Debug|Any CPU
		{E66A822A-0F5C-428C-889B-BDA99773830F}.Release|Any CPU.ActiveCfg = Release|Any CPU
		{E66A822A-0F5C-428C-889B-BDA99773830F}.Release|Any CPU.Build.0 = Release|Any CPU
		{4CF8ABBB-E660-4774-916E-B7F1B6DB238B}.Debug|Any CPU.ActiveCfg = Debug|Any CPU
		{4CF8ABBB-E660-4774-916E-B7F1B6DB238B}.Debug|Any CPU.Build.0 = Debug|Any CPU
		{4CF8ABBB-E660-4774-916E-B7F1B6DB238B}.Release|Any CPU.ActiveCfg = Release|Any CPU
		{4CF8ABBB-E660-4774-916E-B7F1B6DB238B}.Release|Any CPU.Build.0 = Release|Any CPU
		{424F500F-C447-4C01-9B5F-8F28BE9AB259}.Debug|Any CPU.ActiveCfg = Debug|Any CPU
		{424F500F-C447-4C01-9B5F-8F28BE9AB259}.Debug|Any CPU.Build.0 = Debug|Any CPU
		{424F500F-C447-4C01-9B5F-8F28BE9AB259}.Release|Any CPU.ActiveCfg = Release|Any CPU
		{424F500F-C447-4C01-9B5F-8F28BE9AB259}.Release|Any CPU.Build.0 = Release|Any CPU
		{0AEFB47D-DC6C-4E1C-8FAA-62E9B5CEE7A6}.Debug|Any CPU.ActiveCfg = Debug|Any CPU
		{0AEFB47D-DC6C-4E1C-8FAA-62E9B5CEE7A6}.Debug|Any CPU.Build.0 = Debug|Any CPU
		{0AEFB47D-DC6C-4E1C-8FAA-62E9B5CEE7A6}.Release|Any CPU.ActiveCfg = Release|Any CPU
		{0AEFB47D-DC6C-4E1C-8FAA-62E9B5CEE7A6}.Release|Any CPU.Build.0 = Release|Any CPU
		{61F851BE-81F5-4609-8BDC-BFFE78F2A2E2}.Debug|Any CPU.ActiveCfg = Debug|Any CPU
		{61F851BE-81F5-4609-8BDC-BFFE78F2A2E2}.Debug|Any CPU.Build.0 = Debug|Any CPU
		{61F851BE-81F5-4609-8BDC-BFFE78F2A2E2}.Release|Any CPU.ActiveCfg = Release|Any CPU
		{61F851BE-81F5-4609-8BDC-BFFE78F2A2E2}.Release|Any CPU.Build.0 = Release|Any CPU
		{BB22C237-B1B8-4E4C-907B-F1D84CBAA1BC}.Debug|Any CPU.ActiveCfg = Debug|Any CPU
		{BB22C237-B1B8-4E4C-907B-F1D84CBAA1BC}.Debug|Any CPU.Build.0 = Debug|Any CPU
		{BB22C237-B1B8-4E4C-907B-F1D84CBAA1BC}.Release|Any CPU.ActiveCfg = Release|Any CPU
		{BB22C237-B1B8-4E4C-907B-F1D84CBAA1BC}.Release|Any CPU.Build.0 = Release|Any CPU
		{E27FC2FB-1345-4FA6-BD3C-15B60445C4EB}.Debug|Any CPU.ActiveCfg = Debug|Any CPU
		{E27FC2FB-1345-4FA6-BD3C-15B60445C4EB}.Debug|Any CPU.Build.0 = Debug|Any CPU
		{E27FC2FB-1345-4FA6-BD3C-15B60445C4EB}.Release|Any CPU.ActiveCfg = Release|Any CPU
		{E27FC2FB-1345-4FA6-BD3C-15B60445C4EB}.Release|Any CPU.Build.0 = Release|Any CPU
		{602561DC-CDDC-4FD6-9E38-AFBC92B4E5A0}.Debug|Any CPU.ActiveCfg = Debug|Any CPU
		{602561DC-CDDC-4FD6-9E38-AFBC92B4E5A0}.Debug|Any CPU.Build.0 = Debug|Any CPU
		{602561DC-CDDC-4FD6-9E38-AFBC92B4E5A0}.Release|Any CPU.ActiveCfg = Release|Any CPU
		{602561DC-CDDC-4FD6-9E38-AFBC92B4E5A0}.Release|Any CPU.Build.0 = Release|Any CPU
	EndGlobalSection
	GlobalSection(SolutionProperties) = preSolution
		HideSolutionNode = FALSE
	EndGlobalSection
	GlobalSection(NestedProjects) = preSolution
		{8EE522AB-70BE-4019-B655-5FDAAD34242A} = {03A3DCEA-BFB9-4A9F-95C2-DB7DE6A3140D}
		{2FE7251B-FF1D-4F48-8A0C-AF65D02A6AD2} = {03A3DCEA-BFB9-4A9F-95C2-DB7DE6A3140D}
		{586CE656-EFB2-4423-9228-4276B7F53C79} = {03A3DCEA-BFB9-4A9F-95C2-DB7DE6A3140D}
		{BD690DC4-F3BB-4BAF-B1ED-F62761447398} = {03A3DCEA-BFB9-4A9F-95C2-DB7DE6A3140D}
		{D2ED89E8-2FF2-4652-86B4-82963E750166} = {03A3DCEA-BFB9-4A9F-95C2-DB7DE6A3140D}
		{34C58EBA-1B9D-4154-A28B-710DAC339D8F} = {03A3DCEA-BFB9-4A9F-95C2-DB7DE6A3140D}
		{7A611B24-22F6-4E20-AF96-E85C501C5108} = {03A3DCEA-BFB9-4A9F-95C2-DB7DE6A3140D}
		{02DB3BC1-493B-476E-A1BE-B2372229AF59} = {03A3DCEA-BFB9-4A9F-95C2-DB7DE6A3140D}
		{F1AB2F0F-4D25-46CB-BF7E-B9138DC30A0F} = {03A3DCEA-BFB9-4A9F-95C2-DB7DE6A3140D}
		{D3E50B06-5578-42A2-ADDD-42F25D5A1F4C} = {08355505-B855-4E2A-915E-2CDD1A253843}
		{747044E7-4E4B-458B-94C3-3B8A9797B1A5} = {08355505-B855-4E2A-915E-2CDD1A253843}
		{4A7CA5EC-66E1-4CB5-860B-05DACAEF9DBB} = {A56ACC89-1087-4515-A274-3FCC3529CD5C}
		{0D814E89-2F79-4E66-BF48-1B5D36A960C3} = {4AF3CA73-6560-44BD-9AC5-883CE5BF07FF}
		{742F7056-1BB3-4C74-A1F0-4CC2CFAD80A6} = {4AF3CA73-6560-44BD-9AC5-883CE5BF07FF}
		{D2B85199-CB09-4DB6-82E8-7D452C6666F0} = {793E7683-4C38-4926-84C0-2D67143E939E}
		{50487530-9682-404D-B812-D9B95DAF91EF} = {A56ACC89-1087-4515-A274-3FCC3529CD5C}
		{73738AE4-C04C-4779-83F4-D218FEE59B2D} = {A56ACC89-1087-4515-A274-3FCC3529CD5C}
		{C701F41F-AA1A-4874-A9BB-C9FC556196CA} = {6A97DE6E-C3B7-431E-B3DA-CB765D91C588}
		{99D7A81F-6098-4731-A2A4-08681D6A2635} = {6A97DE6E-C3B7-431E-B3DA-CB765D91C588}
		{7D951420-4CF2-4D1E-BB7B-EF76E0DA0880} = {A56ACC89-1087-4515-A274-3FCC3529CD5C}
		{3E5CAA92-0072-45EF-8390-B3F22D13ACDD} = {155A8FE3-593F-4CD1-A33E-770285DA33F3}
		{DE579391-940F-4BB7-9A0A-B55067899BAF} = {405AD65A-2BDC-4AE4-B394-9EEC20C59971}
		{FAC83A6E-4C83-4150-8886-61CAD2F4D421} = {405AD65A-2BDC-4AE4-B394-9EEC20C59971}
		{1C394650-DA14-4A31-9721-13F225797377} = {C66E9A90-8938-4C1E-A82A-E51D8584C8EA}
		{3A72E9D5-59D4-453F-9DEB-416357BCA25F} = {C66E9A90-8938-4C1E-A82A-E51D8584C8EA}
		{E185CAD6-92BC-422F-AEA4-8E8CAA741043} = {C66E9A90-8938-4C1E-A82A-E51D8584C8EA}
		{A07128EA-E3F4-487F-A2A2-63FDBA056639} = {C66E9A90-8938-4C1E-A82A-E51D8584C8EA}
		{5F23260E-3FBD-4301-A255-F228A11AB154} = {C66E9A90-8938-4C1E-A82A-E51D8584C8EA}
		{F5913048-87E6-4458-8A31-243A5601AC41} = {C66E9A90-8938-4C1E-A82A-E51D8584C8EA}
		{40E27026-684C-4266-830A-B827A44A03E9} = {03A3DCEA-BFB9-4A9F-95C2-DB7DE6A3140D}
		{A85418F4-AC57-4E5E-804A-6610F778042A} = {793E7683-4C38-4926-84C0-2D67143E939E}
		{3DFD8876-4A61-496F-8358-2B004432208F} = {03A3DCEA-BFB9-4A9F-95C2-DB7DE6A3140D}
		{26F08C99-8105-4006-8011-A25F4A935CC1} = {03A3DCEA-BFB9-4A9F-95C2-DB7DE6A3140D}
		{0F3B6E3E-AB88-4405-A735-276580755DBF} = {793E7683-4C38-4926-84C0-2D67143E939E}
		{324A0EF1-0C97-43D0-B7F2-65C543C25B60} = {03A3DCEA-BFB9-4A9F-95C2-DB7DE6A3140D}
		{A283C8B1-A63F-4C91-83D5-13D7F25DB976} = {03A3DCEA-BFB9-4A9F-95C2-DB7DE6A3140D}
		{7B4D77C5-3CF4-4126-8B83-208AB1DC679F} = {03A3DCEA-BFB9-4A9F-95C2-DB7DE6A3140D}
		{50EF0295-C093-4D36-A019-370B8441167D} = {6A97DE6E-C3B7-431E-B3DA-CB765D91C588}
		{8A814AD8-29F8-4C3D-8F9E-CDDEBE8AF7CE} = {6A97DE6E-C3B7-431E-B3DA-CB765D91C588}
		{294C5497-4768-4582-8438-BC25CEABC224} = {4B92AF90-DA51-49B5-80C9-46618D862E1F}
		{FB88CAB5-0BE8-4EF8-B626-9CC6E08CFC4F} = {6A97DE6E-C3B7-431E-B3DA-CB765D91C588}
		{03A3DCEA-BFB9-4A9F-95C2-DB7DE6A3140D} = {4B92AF90-DA51-49B5-80C9-46618D862E1F}
		{6858ABE9-A3EA-4506-AC9C-007E734E36A3} = {03A3DCEA-BFB9-4A9F-95C2-DB7DE6A3140D}
		{BB54BD5C-1C83-4AD4-9C65-55414E927605} = {03A3DCEA-BFB9-4A9F-95C2-DB7DE6A3140D}
		{AD9D6539-F79D-4F69-9348-D6AA790F6298} = {A56ACC89-1087-4515-A274-3FCC3529CD5C}
		{4914983F-C3F7-463E-9F73-C2FA037D626F} = {793E7683-4C38-4926-84C0-2D67143E939E}
		{B29BB814-5908-4F8D-BBB6-502E3067B8B1} = {E83E50DD-4EB1-4088-A376-A9D2A9EC36A1}
		{C8401187-3507-4651-86CF-3FB279E6DBB0} = {793E7683-4C38-4926-84C0-2D67143E939E}
		{793E7683-4C38-4926-84C0-2D67143E939E} = {294C5497-4768-4582-8438-BC25CEABC224}
		{A56ACC89-1087-4515-A274-3FCC3529CD5C} = {294C5497-4768-4582-8438-BC25CEABC224}
		{FCEB84F0-D3CD-4763-BD40-D57A83D7576E} = {4AF3CA73-6560-44BD-9AC5-883CE5BF07FF}
		{4AF3CA73-6560-44BD-9AC5-883CE5BF07FF} = {294C5497-4768-4582-8438-BC25CEABC224}
		{D09D29B5-9CF2-4D2E-A22E-A8206787C70F} = {4AF3CA73-6560-44BD-9AC5-883CE5BF07FF}
		{E6A4A6F5-889F-4BB5-8DF5-AE1235450672} = {6A97DE6E-C3B7-431E-B3DA-CB765D91C588}
		{6A97DE6E-C3B7-431E-B3DA-CB765D91C588} = {294C5497-4768-4582-8438-BC25CEABC224}
		{405AD65A-2BDC-4AE4-B394-9EEC20C59971} = {294C5497-4768-4582-8438-BC25CEABC224}
		{E83E50DD-4EB1-4088-A376-A9D2A9EC36A1} = {294C5497-4768-4582-8438-BC25CEABC224}
		{130FAD43-719E-4B25-B13A-CE11ECE18651} = {970EEC9E-CA09-4216-B05F-99D20E958145}
		{970EEC9E-CA09-4216-B05F-99D20E958145} = {294C5497-4768-4582-8438-BC25CEABC224}
		{616A444A-C219-43E4-B836-B75B7C8E00E2} = {970EEC9E-CA09-4216-B05F-99D20E958145}
		{71214300-97C9-4045-B863-E4454CE05A15} = {970EEC9E-CA09-4216-B05F-99D20E958145}
		{E041ABFF-3769-41EA-8860-53C102D5A63C} = {970EEC9E-CA09-4216-B05F-99D20E958145}
		{2380D110-E5C2-48F5-B11E-C761A0F2DA1C} = {970EEC9E-CA09-4216-B05F-99D20E958145}
		{FC6995A7-4E55-4030-824B-5444A668F056} = {793E7683-4C38-4926-84C0-2D67143E939E}
		{ACE502CB-48F6-4AEB-BED6-D67CF88CD535} = {A56ACC89-1087-4515-A274-3FCC3529CD5C}
		{0E1860D4-44A8-4984-9211-268F65D51EC0} = {4AF3CA73-6560-44BD-9AC5-883CE5BF07FF}
		{DC972FC2-064F-4B19-BD2A-84577437177F} = {6A97DE6E-C3B7-431E-B3DA-CB765D91C588}
		{3EF48112-53D4-4D03-B6E1-CE1BD67EA0F2} = {03A3DCEA-BFB9-4A9F-95C2-DB7DE6A3140D}
		{F0846501-9410-497A-BBBE-11D543DA9514} = {155A8FE3-593F-4CD1-A33E-770285DA33F3}
		{119B945C-1697-4824-ADB1-320C703CD835} = {03A3DCEA-BFB9-4A9F-95C2-DB7DE6A3140D}
		{0779CBA0-E300-4578-92E6-E2CAFBB1885E} = {03A3DCEA-BFB9-4A9F-95C2-DB7DE6A3140D}
		{155A8FE3-593F-4CD1-A33E-770285DA33F3} = {294C5497-4768-4582-8438-BC25CEABC224}
		{C23F3B52-5605-427D-B9C1-D8C4E4FB6169} = {155A8FE3-593F-4CD1-A33E-770285DA33F3}
		{4A9E8C8C-BB54-4CB8-B597-B932D0CFE358} = {03A3DCEA-BFB9-4A9F-95C2-DB7DE6A3140D}
		{9333E989-8CE7-4BA1-B4C4-E0B0822CD290} = {08355505-B855-4E2A-915E-2CDD1A253843}
		{B7675495-6425-421A-ACE8-5501E0CB6BE3} = {6A97DE6E-C3B7-431E-B3DA-CB765D91C588}
		{1402ABB9-3D7C-46B2-B59F-E3DA2AB1A2C2} = {6A97DE6E-C3B7-431E-B3DA-CB765D91C588}
		{83FCFE94-B466-411F-9738-3482AAB77ECD} = {C66E9A90-8938-4C1E-A82A-E51D8584C8EA}
		{F2E27E5F-573F-4B1E-B5C2-D5AE3C1E8B78} = {03A3DCEA-BFB9-4A9F-95C2-DB7DE6A3140D}
		{E66A822A-0F5C-428C-889B-BDA99773830F} = {03A3DCEA-BFB9-4A9F-95C2-DB7DE6A3140D}
		{4CF8ABBB-E660-4774-916E-B7F1B6DB238B} = {03A3DCEA-BFB9-4A9F-95C2-DB7DE6A3140D}
		{424F500F-C447-4C01-9B5F-8F28BE9AB259} = {793E7683-4C38-4926-84C0-2D67143E939E}
		{0AEFB47D-DC6C-4E1C-8FAA-62E9B5CEE7A6} = {F5347F3C-C98F-4F68-9AB8-2D757A333021}
		{61F851BE-81F5-4609-8BDC-BFFE78F2A2E2} = {F5347F3C-C98F-4F68-9AB8-2D757A333021}
		{BB22C237-B1B8-4E4C-907B-F1D84CBAA1BC} = {03A3DCEA-BFB9-4A9F-95C2-DB7DE6A3140D}
		{F5347F3C-C98F-4F68-9AB8-2D757A333021} = {294C5497-4768-4582-8438-BC25CEABC224}
		{E27FC2FB-1345-4FA6-BD3C-15B60445C4EB} = {03A3DCEA-BFB9-4A9F-95C2-DB7DE6A3140D}
		{602561DC-CDDC-4FD6-9E38-AFBC92B4E5A0} = {294C5497-4768-4582-8438-BC25CEABC224}
	EndGlobalSection
EndGlobal
