
Microsoft Visual Studio Solution File, Format Version 12.00
# Visual Studio 2013
VisualStudioVersion = 12.0.31101.0
MinimumVisualStudioVersion = 10.0.40219.1
Project("{2150E333-8FDC-42A3-9474-1A3956D46DE8}") = "Indicators", "Indicators", "{02014D73-3510-41FC-AC02-DA49715E9071}"
EndProject
Project("{2150E333-8FDC-42A3-9474-1A3956D46DE8}") = "Robots", "Robots", "{5EF8F7EB-C125-433A-A9AB-27CF2BB14CC7}"
EndProject
Project("{2150E333-8FDC-42A3-9474-1A3956D46DE8}") = "Library", "Library", "{08355505-B855-4E2A-915E-2CDD1A253843}"
EndProject
Project("{2150E333-8FDC-42A3-9474-1A3956D46DE8}") = "Strategies", "Strategies", "{C66E9A90-8938-4C1E-A82A-E51D8584C8EA}"
EndProject
Project("{FAE04EC0-301F-11D3-BF4B-00C04F79EFBC}") = "KfAdaptMAIndicator", "Sources\Indicators\KfAdaptMAIndicator\KfAdaptMAIndicator\KfAdaptMAIndicator.csproj", "{8EE522AB-70BE-4019-B655-5FDAAD34242A}"
EndProject
Project("{FAE04EC0-301F-11D3-BF4B-00C04F79EFBC}") = "PipsATRIndicator", "Sources\Indicators\PipsATRIndicator\PipsATRIndicator\PipsATRIndicator.csproj", "{2FE7251B-FF1D-4F48-8A0C-AF65D02A6AD2}"
EndProject
Project("{FAE04EC0-301F-11D3-BF4B-00C04F79EFBC}") = "RSIWellesIndicator", "Sources\Indicators\RSIWellesIndicator\RSIWellesIndicator\RSIWellesIndicator.csproj", "{586CE656-EFB2-4423-9228-4276B7F53C79}"
EndProject
Project("{FAE04EC0-301F-11D3-BF4B-00C04F79EFBC}") = "velocityIndicator", "Sources\Indicators\velocityIndicator\velocityIndicator\velocityIndicator.csproj", "{BD690DC4-F3BB-4BAF-B1ED-F62761447398}"
EndProject
Project("{FAE04EC0-301F-11D3-BF4B-00C04F79EFBC}") = "WPRIndicator", "Sources\Indicators\WPRIndicator\WPRIndicator\WPRIndicator.csproj", "{D2ED89E8-2FF2-4652-86B4-82963E750166}"
EndProject
Project("{FAE04EC0-301F-11D3-BF4B-00C04F79EFBC}") = "WPRSIndicator", "Sources\Indicators\WPRSIndicator\WPRSIndicator\WPRSIndicator.csproj", "{34C58EBA-1B9D-4154-A28B-710DAC339D8F}"
EndProject
Project("{FAE04EC0-301F-11D3-BF4B-00C04F79EFBC}") = "ZigZagIndicator", "Sources\Indicators\ZigZagIndicator\ZigZagIndicator\ZigZagIndicator.csproj", "{7A611B24-22F6-4E20-AF96-E85C501C5108}"
EndProject
Project("{FAE04EC0-301F-11D3-BF4B-00C04F79EFBC}") = "ZigZagKwanIndicator", "Sources\Indicators\ZigZagKwanIndicator\ZigZagKwanIndicator\ZigZagKwanIndicator.csproj", "{02DB3BC1-493B-476E-A1BE-B2372229AF59}"
EndProject
Project("{FAE04EC0-301F-11D3-BF4B-00C04F79EFBC}") = "ERIndicator", "Sources\Indicators\ERIndicator\ERIndicator\ERIndicator.csproj", "{F1AB2F0F-4D25-46CB-BF7E-B9138DC30A0F}"
EndProject
Project("{FAE04EC0-301F-11D3-BF4B-00C04F79EFBC}") = "cAlgo.Lib", "Sources\Library\cAlgoLib\cAlgo.Lib.csproj", "{D3E50B06-5578-42A2-ADDD-42F25D5A1F4C}"
EndProject
Project("{FAE04EC0-301F-11D3-BF4B-00C04F79EFBC}") = "MQ4Lib", "Sources\Library\MQ4Lib\MQ4Lib.csproj", "{747044E7-4E4B-458B-94C3-3B8A9797B1A5}"
EndProject
Project("{FAE04EC0-301F-11D3-BF4B-00C04F79EFBC}") = "Argunes", "Sources\Robots\Argunes\Argunes\Argunes.csproj", "{4A7CA5EC-66E1-4CB5-860B-05DACAEF9DBB}"
EndProject
Project("{FAE04EC0-301F-11D3-BF4B-00C04F79EFBC}") = "breakout", "Sources\Robots\breakout\breakout\breakout.csproj", "{0D814E89-2F79-4E66-BF48-1B5D36A960C3}"
EndProject
Project("{FAE04EC0-301F-11D3-BF4B-00C04F79EFBC}") = "Breakout II", "Sources\Robots\Breakout II\Breakout II\Breakout II.csproj", "{742F7056-1BB3-4C74-A1F0-4CC2CFAD80A6}"
EndProject
Project("{FAE04EC0-301F-11D3-BF4B-00C04F79EFBC}") = "PayBack", "Sources\Robots\PayBack\PayBack\PayBack.csproj", "{D2B85199-CB09-4DB6-82E8-7D452C6666F0}"
EndProject
Project("{FAE04EC0-301F-11D3-BF4B-00C04F79EFBC}") = "PayBack I", "Sources\Robots\PayBack I\PayBack I\PayBack I.csproj", "{50487530-9682-404D-B812-D9B95DAF91EF}"
EndProject
Project("{FAE04EC0-301F-11D3-BF4B-00C04F79EFBC}") = "PayBack II", "Sources\Robots\PayBack II\PayBack II\PayBack II.csproj", "{73738AE4-C04C-4779-83F4-D218FEE59B2D}"
EndProject
Project("{FAE04EC0-301F-11D3-BF4B-00C04F79EFBC}") = "RsiAtr", "Sources\Robots\RsiAtr\RsiAtr\RsiAtr.csproj", "{C701F41F-AA1A-4874-A9BB-C9FC556196CA}"
EndProject
Project("{FAE04EC0-301F-11D3-BF4B-00C04F79EFBC}") = "RsiAtr II", "Sources\Robots\RsiAtr II\RsiAtr II\RsiAtr II.csproj", "{99D7A81F-6098-4731-A2A4-08681D6A2635}"
EndProject
Project("{FAE04EC0-301F-11D3-BF4B-00C04F79EFBC}") = "TrailCut I", "Sources\Robots\TrailCut I\TrailCut I\TrailCut I.csproj", "{7D951420-4CF2-4D1E-BB7B-EF76E0DA0880}"
EndProject
Project("{FAE04EC0-301F-11D3-BF4B-00C04F79EFBC}") = "TrailCut II", "Sources\Robots\TrailCut II\TrailCut II\TrailCut II.csproj", "{3E5CAA92-0072-45EF-8390-B3F22D13ACDD}"
EndProject
Project("{FAE04EC0-301F-11D3-BF4B-00C04F79EFBC}") = "ZephynScalper", "Sources\Robots\ZephynScalper\ZephynScalper\ZephynScalper.csproj", "{DE579391-940F-4BB7-9A0A-B55067899BAF}"
EndProject
Project("{FAE04EC0-301F-11D3-BF4B-00C04F79EFBC}") = "ZephynScalper II", "Sources\Robots\ZephynScalper II\ZephynScalper II\ZephynScalper II.csproj", "{FAC83A6E-4C83-4150-8886-61CAD2F4D421}"
EndProject
Project("{FAE04EC0-301F-11D3-BF4B-00C04F79EFBC}") = "ArgunesStrategy", "Sources\Strategies\ArgunesStrategy\ArgunesStrategy.csproj", "{1C394650-DA14-4A31-9721-13F225797377}"
EndProject
Project("{FAE04EC0-301F-11D3-BF4B-00C04F79EFBC}") = "DoubleCandleStrategy", "Sources\Strategies\DoubleCandleStrategy\DoubleCandleStrategy.csproj", "{3A72E9D5-59D4-453F-9DEB-416357BCA25F}"
EndProject
Project("{FAE04EC0-301F-11D3-BF4B-00C04F79EFBC}") = "WPRSStrategy", "Sources\Strategies\WPRStrategy\WPRSStrategy.csproj", "{E185CAD6-92BC-422F-AEA4-8E8CAA741043}"
EndProject
Project("{FAE04EC0-301F-11D3-BF4B-00C04F79EFBC}") = "ZigZagKwanStrategy", "Sources\Strategies\ZigZagKwanStrategy\ZigZagKwanStrategy.csproj", "{A07128EA-E3F4-487F-A2A2-63FDBA056639}"
EndProject
Project("{FAE04EC0-301F-11D3-BF4B-00C04F79EFBC}") = "ZigZagStrategy", "Sources\Strategies\ZigZagStrategy\ZigZagStrategy.csproj", "{5F23260E-3FBD-4301-A255-F228A11AB154}"
EndProject
Project("{FAE04EC0-301F-11D3-BF4B-00C04F79EFBC}") = "TrendMagicStrategy", "Sources\Strategies\TrendMagicStrategy\TrendMagicStrategy.csproj", "{F5913048-87E6-4458-8A31-243A5601AC41}"
EndProject
Project("{FAE04EC0-301F-11D3-BF4B-00C04F79EFBC}") = "TrendMagicIndicator", "Sources\Indicators\TrendMagicIndicator\TrendMagicIndicator\TrendMagicIndicator.csproj", "{40E27026-684C-4266-830A-B827A44A03E9}"
EndProject
Project("{FAE04EC0-301F-11D3-BF4B-00C04F79EFBC}") = "Martingale_Forex", "Sources\Robots\Martingale_Forex\Martingale_Forex\Martingale_Forex.csproj", "{A85418F4-AC57-4E5E-804A-6610F778042A}"
EndProject
Project("{FAE04EC0-301F-11D3-BF4B-00C04F79EFBC}") = "FastCrossSlow", "Sources\Indicators\FastCrossSlow\FastCrossSlow\FastCrossSlow.csproj", "{3DFD8876-4A61-496F-8358-2B004432208F}"
EndProject
Project("{FAE04EC0-301F-11D3-BF4B-00C04F79EFBC}") = "Spread", "Sources\Indicators\Spread\Spread\Spread.csproj", "{26F08C99-8105-4006-8011-A25F4A935CC1}"
EndProject
Project("{FAE04EC0-301F-11D3-BF4B-00C04F79EFBC}") = "Robot_Forex", "Sources\Robots\Robot_Forex\Robot_Forex\Robot_Forex.csproj", "{0F3B6E3E-AB88-4405-A735-276580755DBF}"
EndProject
Project("{FAE04EC0-301F-11D3-BF4B-00C04F79EFBC}") = "EHMA", "Sources\Indicators\EHMA\EHMA\EHMA.csproj", "{324A0EF1-0C97-43D0-B7F2-65C543C25B60}"
EndProject
Project("{FAE04EC0-301F-11D3-BF4B-00C04F79EFBC}") = "HMA", "Sources\Indicators\HMA\HMA\HMA.csproj", "{A283C8B1-A63F-4C91-83D5-13D7F25DB976}"
EndProject
Project("{FAE04EC0-301F-11D3-BF4B-00C04F79EFBC}") = "Candlestick Tendency", "Sources\Indicators\Candlestick Tendency\Candlestick Tendency\Candlestick Tendency.csproj", "{7B4D77C5-3CF4-4126-8B83-208AB1DC679F}"
EndProject
Project("{FAE04EC0-301F-11D3-BF4B-00C04F79EFBC}") = "Xkalibur Ba", "Sources\Robots\Xkalibur Ba\Xkalibur Ba\Xkalibur Ba.csproj", "{50EF0295-C093-4D36-A019-370B8441167D}"
EndProject
Project("{FAE04EC0-301F-11D3-BF4B-00C04F79EFBC}") = "Xkalibur Ba II", "Sources\Robots\Xkalibur Ba II\Xkalibur Ba II\Xkalibur Ba II.csproj", "{8A814AD8-29F8-4C3D-8F9E-CDDEBE8AF7CE}"
EndProject
Global
	GlobalSection(SolutionConfigurationPlatforms) = preSolution
		Debug|Any CPU = Debug|Any CPU
		Release|Any CPU = Release|Any CPU
	EndGlobalSection
	GlobalSection(ProjectConfigurationPlatforms) = postSolution
		{8EE522AB-70BE-4019-B655-5FDAAD34242A}.Debug|Any CPU.ActiveCfg = Debug|Any CPU
		{8EE522AB-70BE-4019-B655-5FDAAD34242A}.Debug|Any CPU.Build.0 = Debug|Any CPU
		{8EE522AB-70BE-4019-B655-5FDAAD34242A}.Release|Any CPU.ActiveCfg = Release|Any CPU
		{8EE522AB-70BE-4019-B655-5FDAAD34242A}.Release|Any CPU.Build.0 = Release|Any CPU
		{2FE7251B-FF1D-4F48-8A0C-AF65D02A6AD2}.Debug|Any CPU.ActiveCfg = Debug|Any CPU
		{2FE7251B-FF1D-4F48-8A0C-AF65D02A6AD2}.Debug|Any CPU.Build.0 = Debug|Any CPU
		{2FE7251B-FF1D-4F48-8A0C-AF65D02A6AD2}.Release|Any CPU.ActiveCfg = Release|Any CPU
		{2FE7251B-FF1D-4F48-8A0C-AF65D02A6AD2}.Release|Any CPU.Build.0 = Release|Any CPU
		{586CE656-EFB2-4423-9228-4276B7F53C79}.Debug|Any CPU.ActiveCfg = Debug|Any CPU
		{586CE656-EFB2-4423-9228-4276B7F53C79}.Debug|Any CPU.Build.0 = Debug|Any CPU
		{586CE656-EFB2-4423-9228-4276B7F53C79}.Release|Any CPU.ActiveCfg = Release|Any CPU
		{586CE656-EFB2-4423-9228-4276B7F53C79}.Release|Any CPU.Build.0 = Release|Any CPU
		{BD690DC4-F3BB-4BAF-B1ED-F62761447398}.Debug|Any CPU.ActiveCfg = Debug|Any CPU
		{BD690DC4-F3BB-4BAF-B1ED-F62761447398}.Debug|Any CPU.Build.0 = Debug|Any CPU
		{BD690DC4-F3BB-4BAF-B1ED-F62761447398}.Release|Any CPU.ActiveCfg = Release|Any CPU
		{BD690DC4-F3BB-4BAF-B1ED-F62761447398}.Release|Any CPU.Build.0 = Release|Any CPU
		{D2ED89E8-2FF2-4652-86B4-82963E750166}.Debug|Any CPU.ActiveCfg = Debug|Any CPU
		{D2ED89E8-2FF2-4652-86B4-82963E750166}.Debug|Any CPU.Build.0 = Debug|Any CPU
		{D2ED89E8-2FF2-4652-86B4-82963E750166}.Release|Any CPU.ActiveCfg = Release|Any CPU
		{D2ED89E8-2FF2-4652-86B4-82963E750166}.Release|Any CPU.Build.0 = Release|Any CPU
		{34C58EBA-1B9D-4154-A28B-710DAC339D8F}.Debug|Any CPU.ActiveCfg = Debug|Any CPU
		{34C58EBA-1B9D-4154-A28B-710DAC339D8F}.Debug|Any CPU.Build.0 = Debug|Any CPU
		{34C58EBA-1B9D-4154-A28B-710DAC339D8F}.Release|Any CPU.ActiveCfg = Release|Any CPU
		{34C58EBA-1B9D-4154-A28B-710DAC339D8F}.Release|Any CPU.Build.0 = Release|Any CPU
		{7A611B24-22F6-4E20-AF96-E85C501C5108}.Debug|Any CPU.ActiveCfg = Debug|Any CPU
		{7A611B24-22F6-4E20-AF96-E85C501C5108}.Debug|Any CPU.Build.0 = Debug|Any CPU
		{7A611B24-22F6-4E20-AF96-E85C501C5108}.Release|Any CPU.ActiveCfg = Release|Any CPU
		{7A611B24-22F6-4E20-AF96-E85C501C5108}.Release|Any CPU.Build.0 = Release|Any CPU
		{02DB3BC1-493B-476E-A1BE-B2372229AF59}.Debug|Any CPU.ActiveCfg = Debug|Any CPU
		{02DB3BC1-493B-476E-A1BE-B2372229AF59}.Debug|Any CPU.Build.0 = Debug|Any CPU
		{02DB3BC1-493B-476E-A1BE-B2372229AF59}.Release|Any CPU.ActiveCfg = Release|Any CPU
		{02DB3BC1-493B-476E-A1BE-B2372229AF59}.Release|Any CPU.Build.0 = Release|Any CPU
		{F1AB2F0F-4D25-46CB-BF7E-B9138DC30A0F}.Debug|Any CPU.ActiveCfg = Debug|Any CPU
		{F1AB2F0F-4D25-46CB-BF7E-B9138DC30A0F}.Debug|Any CPU.Build.0 = Debug|Any CPU
		{F1AB2F0F-4D25-46CB-BF7E-B9138DC30A0F}.Release|Any CPU.ActiveCfg = Release|Any CPU
		{F1AB2F0F-4D25-46CB-BF7E-B9138DC30A0F}.Release|Any CPU.Build.0 = Release|Any CPU
		{D3E50B06-5578-42A2-ADDD-42F25D5A1F4C}.Debug|Any CPU.ActiveCfg = Debug|Any CPU
		{D3E50B06-5578-42A2-ADDD-42F25D5A1F4C}.Debug|Any CPU.Build.0 = Debug|Any CPU
		{D3E50B06-5578-42A2-ADDD-42F25D5A1F4C}.Release|Any CPU.ActiveCfg = Release|Any CPU
		{D3E50B06-5578-42A2-ADDD-42F25D5A1F4C}.Release|Any CPU.Build.0 = Release|Any CPU
		{747044E7-4E4B-458B-94C3-3B8A9797B1A5}.Debug|Any CPU.ActiveCfg = Debug|Any CPU
		{747044E7-4E4B-458B-94C3-3B8A9797B1A5}.Debug|Any CPU.Build.0 = Debug|Any CPU
		{747044E7-4E4B-458B-94C3-3B8A9797B1A5}.Release|Any CPU.ActiveCfg = Release|Any CPU
		{747044E7-4E4B-458B-94C3-3B8A9797B1A5}.Release|Any CPU.Build.0 = Release|Any CPU
		{4A7CA5EC-66E1-4CB5-860B-05DACAEF9DBB}.Debug|Any CPU.ActiveCfg = Debug|Any CPU
		{4A7CA5EC-66E1-4CB5-860B-05DACAEF9DBB}.Debug|Any CPU.Build.0 = Debug|Any CPU
		{4A7CA5EC-66E1-4CB5-860B-05DACAEF9DBB}.Release|Any CPU.ActiveCfg = Release|Any CPU
		{4A7CA5EC-66E1-4CB5-860B-05DACAEF9DBB}.Release|Any CPU.Build.0 = Release|Any CPU
		{0D814E89-2F79-4E66-BF48-1B5D36A960C3}.Debug|Any CPU.ActiveCfg = Debug|Any CPU
		{0D814E89-2F79-4E66-BF48-1B5D36A960C3}.Debug|Any CPU.Build.0 = Debug|Any CPU
		{0D814E89-2F79-4E66-BF48-1B5D36A960C3}.Release|Any CPU.ActiveCfg = Release|Any CPU
		{0D814E89-2F79-4E66-BF48-1B5D36A960C3}.Release|Any CPU.Build.0 = Release|Any CPU
		{742F7056-1BB3-4C74-A1F0-4CC2CFAD80A6}.Debug|Any CPU.ActiveCfg = Debug|Any CPU
		{742F7056-1BB3-4C74-A1F0-4CC2CFAD80A6}.Debug|Any CPU.Build.0 = Debug|Any CPU
		{742F7056-1BB3-4C74-A1F0-4CC2CFAD80A6}.Release|Any CPU.ActiveCfg = Release|Any CPU
		{742F7056-1BB3-4C74-A1F0-4CC2CFAD80A6}.Release|Any CPU.Build.0 = Release|Any CPU
		{D2B85199-CB09-4DB6-82E8-7D452C6666F0}.Debug|Any CPU.ActiveCfg = Debug|Any CPU
		{D2B85199-CB09-4DB6-82E8-7D452C6666F0}.Debug|Any CPU.Build.0 = Debug|Any CPU
		{D2B85199-CB09-4DB6-82E8-7D452C6666F0}.Release|Any CPU.ActiveCfg = Release|Any CPU
		{D2B85199-CB09-4DB6-82E8-7D452C6666F0}.Release|Any CPU.Build.0 = Release|Any CPU
		{50487530-9682-404D-B812-D9B95DAF91EF}.Debug|Any CPU.ActiveCfg = Debug|Any CPU
		{50487530-9682-404D-B812-D9B95DAF91EF}.Debug|Any CPU.Build.0 = Debug|Any CPU
		{50487530-9682-404D-B812-D9B95DAF91EF}.Release|Any CPU.ActiveCfg = Release|Any CPU
		{50487530-9682-404D-B812-D9B95DAF91EF}.Release|Any CPU.Build.0 = Release|Any CPU
		{73738AE4-C04C-4779-83F4-D218FEE59B2D}.Debug|Any CPU.ActiveCfg = Debug|Any CPU
		{73738AE4-C04C-4779-83F4-D218FEE59B2D}.Debug|Any CPU.Build.0 = Debug|Any CPU
		{73738AE4-C04C-4779-83F4-D218FEE59B2D}.Release|Any CPU.ActiveCfg = Release|Any CPU
		{73738AE4-C04C-4779-83F4-D218FEE59B2D}.Release|Any CPU.Build.0 = Release|Any CPU
		{C701F41F-AA1A-4874-A9BB-C9FC556196CA}.Debug|Any CPU.ActiveCfg = Debug|Any CPU
		{C701F41F-AA1A-4874-A9BB-C9FC556196CA}.Debug|Any CPU.Build.0 = Debug|Any CPU
		{C701F41F-AA1A-4874-A9BB-C9FC556196CA}.Release|Any CPU.ActiveCfg = Release|Any CPU
		{C701F41F-AA1A-4874-A9BB-C9FC556196CA}.Release|Any CPU.Build.0 = Release|Any CPU
		{99D7A81F-6098-4731-A2A4-08681D6A2635}.Debug|Any CPU.ActiveCfg = Debug|Any CPU
		{99D7A81F-6098-4731-A2A4-08681D6A2635}.Debug|Any CPU.Build.0 = Debug|Any CPU
		{99D7A81F-6098-4731-A2A4-08681D6A2635}.Release|Any CPU.ActiveCfg = Release|Any CPU
		{99D7A81F-6098-4731-A2A4-08681D6A2635}.Release|Any CPU.Build.0 = Release|Any CPU
		{7D951420-4CF2-4D1E-BB7B-EF76E0DA0880}.Debug|Any CPU.ActiveCfg = Debug|Any CPU
		{7D951420-4CF2-4D1E-BB7B-EF76E0DA0880}.Debug|Any CPU.Build.0 = Debug|Any CPU
		{7D951420-4CF2-4D1E-BB7B-EF76E0DA0880}.Release|Any CPU.ActiveCfg = Release|Any CPU
		{7D951420-4CF2-4D1E-BB7B-EF76E0DA0880}.Release|Any CPU.Build.0 = Release|Any CPU
		{3E5CAA92-0072-45EF-8390-B3F22D13ACDD}.Debug|Any CPU.ActiveCfg = Debug|Any CPU
		{3E5CAA92-0072-45EF-8390-B3F22D13ACDD}.Debug|Any CPU.Build.0 = Debug|Any CPU
		{3E5CAA92-0072-45EF-8390-B3F22D13ACDD}.Release|Any CPU.ActiveCfg = Release|Any CPU
		{3E5CAA92-0072-45EF-8390-B3F22D13ACDD}.Release|Any CPU.Build.0 = Release|Any CPU
		{DE579391-940F-4BB7-9A0A-B55067899BAF}.Debug|Any CPU.ActiveCfg = Debug|Any CPU
		{DE579391-940F-4BB7-9A0A-B55067899BAF}.Debug|Any CPU.Build.0 = Debug|Any CPU
		{DE579391-940F-4BB7-9A0A-B55067899BAF}.Release|Any CPU.ActiveCfg = Release|Any CPU
		{DE579391-940F-4BB7-9A0A-B55067899BAF}.Release|Any CPU.Build.0 = Release|Any CPU
		{FAC83A6E-4C83-4150-8886-61CAD2F4D421}.Debug|Any CPU.ActiveCfg = Debug|Any CPU
		{FAC83A6E-4C83-4150-8886-61CAD2F4D421}.Debug|Any CPU.Build.0 = Debug|Any CPU
		{FAC83A6E-4C83-4150-8886-61CAD2F4D421}.Release|Any CPU.ActiveCfg = Release|Any CPU
		{FAC83A6E-4C83-4150-8886-61CAD2F4D421}.Release|Any CPU.Build.0 = Release|Any CPU
		{1C394650-DA14-4A31-9721-13F225797377}.Debug|Any CPU.ActiveCfg = Debug|Any CPU
		{1C394650-DA14-4A31-9721-13F225797377}.Debug|Any CPU.Build.0 = Debug|Any CPU
		{1C394650-DA14-4A31-9721-13F225797377}.Release|Any CPU.ActiveCfg = Release|Any CPU
		{1C394650-DA14-4A31-9721-13F225797377}.Release|Any CPU.Build.0 = Release|Any CPU
		{3A72E9D5-59D4-453F-9DEB-416357BCA25F}.Debug|Any CPU.ActiveCfg = Debug|Any CPU
		{3A72E9D5-59D4-453F-9DEB-416357BCA25F}.Debug|Any CPU.Build.0 = Debug|Any CPU
		{3A72E9D5-59D4-453F-9DEB-416357BCA25F}.Release|Any CPU.ActiveCfg = Release|Any CPU
		{3A72E9D5-59D4-453F-9DEB-416357BCA25F}.Release|Any CPU.Build.0 = Release|Any CPU
		{E185CAD6-92BC-422F-AEA4-8E8CAA741043}.Debug|Any CPU.ActiveCfg = Debug|Any CPU
		{E185CAD6-92BC-422F-AEA4-8E8CAA741043}.Debug|Any CPU.Build.0 = Debug|Any CPU
		{E185CAD6-92BC-422F-AEA4-8E8CAA741043}.Release|Any CPU.ActiveCfg = Release|Any CPU
		{E185CAD6-92BC-422F-AEA4-8E8CAA741043}.Release|Any CPU.Build.0 = Release|Any CPU
		{A07128EA-E3F4-487F-A2A2-63FDBA056639}.Debug|Any CPU.ActiveCfg = Debug|Any CPU
		{A07128EA-E3F4-487F-A2A2-63FDBA056639}.Debug|Any CPU.Build.0 = Debug|Any CPU
		{A07128EA-E3F4-487F-A2A2-63FDBA056639}.Release|Any CPU.ActiveCfg = Release|Any CPU
		{A07128EA-E3F4-487F-A2A2-63FDBA056639}.Release|Any CPU.Build.0 = Release|Any CPU
		{5F23260E-3FBD-4301-A255-F228A11AB154}.Debug|Any CPU.ActiveCfg = Debug|Any CPU
		{5F23260E-3FBD-4301-A255-F228A11AB154}.Debug|Any CPU.Build.0 = Debug|Any CPU
		{5F23260E-3FBD-4301-A255-F228A11AB154}.Release|Any CPU.ActiveCfg = Release|Any CPU
		{5F23260E-3FBD-4301-A255-F228A11AB154}.Release|Any CPU.Build.0 = Release|Any CPU
		{F5913048-87E6-4458-8A31-243A5601AC41}.Debug|Any CPU.ActiveCfg = Debug|Any CPU
		{F5913048-87E6-4458-8A31-243A5601AC41}.Debug|Any CPU.Build.0 = Debug|Any CPU
		{F5913048-87E6-4458-8A31-243A5601AC41}.Release|Any CPU.ActiveCfg = Release|Any CPU
		{F5913048-87E6-4458-8A31-243A5601AC41}.Release|Any CPU.Build.0 = Release|Any CPU
		{40E27026-684C-4266-830A-B827A44A03E9}.Debug|Any CPU.ActiveCfg = Debug|Any CPU
		{40E27026-684C-4266-830A-B827A44A03E9}.Debug|Any CPU.Build.0 = Debug|Any CPU
		{40E27026-684C-4266-830A-B827A44A03E9}.Release|Any CPU.ActiveCfg = Release|Any CPU
		{40E27026-684C-4266-830A-B827A44A03E9}.Release|Any CPU.Build.0 = Release|Any CPU
		{A85418F4-AC57-4E5E-804A-6610F778042A}.Debug|Any CPU.ActiveCfg = Debug|Any CPU
		{A85418F4-AC57-4E5E-804A-6610F778042A}.Debug|Any CPU.Build.0 = Debug|Any CPU
		{A85418F4-AC57-4E5E-804A-6610F778042A}.Release|Any CPU.ActiveCfg = Release|Any CPU
		{A85418F4-AC57-4E5E-804A-6610F778042A}.Release|Any CPU.Build.0 = Release|Any CPU
		{3DFD8876-4A61-496F-8358-2B004432208F}.Debug|Any CPU.ActiveCfg = Debug|Any CPU
		{3DFD8876-4A61-496F-8358-2B004432208F}.Debug|Any CPU.Build.0 = Debug|Any CPU
		{3DFD8876-4A61-496F-8358-2B004432208F}.Release|Any CPU.ActiveCfg = Release|Any CPU
		{3DFD8876-4A61-496F-8358-2B004432208F}.Release|Any CPU.Build.0 = Release|Any CPU
		{26F08C99-8105-4006-8011-A25F4A935CC1}.Debug|Any CPU.ActiveCfg = Debug|Any CPU
		{26F08C99-8105-4006-8011-A25F4A935CC1}.Debug|Any CPU.Build.0 = Debug|Any CPU
		{26F08C99-8105-4006-8011-A25F4A935CC1}.Release|Any CPU.ActiveCfg = Release|Any CPU
		{26F08C99-8105-4006-8011-A25F4A935CC1}.Release|Any CPU.Build.0 = Release|Any CPU
		{0F3B6E3E-AB88-4405-A735-276580755DBF}.Debug|Any CPU.ActiveCfg = Debug|Any CPU
		{0F3B6E3E-AB88-4405-A735-276580755DBF}.Debug|Any CPU.Build.0 = Debug|Any CPU
		{0F3B6E3E-AB88-4405-A735-276580755DBF}.Release|Any CPU.ActiveCfg = Release|Any CPU
		{0F3B6E3E-AB88-4405-A735-276580755DBF}.Release|Any CPU.Build.0 = Release|Any CPU
		{324A0EF1-0C97-43D0-B7F2-65C543C25B60}.Debug|Any CPU.ActiveCfg = Debug|Any CPU
		{324A0EF1-0C97-43D0-B7F2-65C543C25B60}.Debug|Any CPU.Build.0 = Debug|Any CPU
		{324A0EF1-0C97-43D0-B7F2-65C543C25B60}.Release|Any CPU.ActiveCfg = Release|Any CPU
		{324A0EF1-0C97-43D0-B7F2-65C543C25B60}.Release|Any CPU.Build.0 = Release|Any CPU
		{A283C8B1-A63F-4C91-83D5-13D7F25DB976}.Debug|Any CPU.ActiveCfg = Debug|Any CPU
		{A283C8B1-A63F-4C91-83D5-13D7F25DB976}.Debug|Any CPU.Build.0 = Debug|Any CPU
		{A283C8B1-A63F-4C91-83D5-13D7F25DB976}.Release|Any CPU.ActiveCfg = Release|Any CPU
		{A283C8B1-A63F-4C91-83D5-13D7F25DB976}.Release|Any CPU.Build.0 = Release|Any CPU
		{7B4D77C5-3CF4-4126-8B83-208AB1DC679F}.Debug|Any CPU.ActiveCfg = Debug|Any CPU
		{7B4D77C5-3CF4-4126-8B83-208AB1DC679F}.Debug|Any CPU.Build.0 = Debug|Any CPU
		{7B4D77C5-3CF4-4126-8B83-208AB1DC679F}.Release|Any CPU.ActiveCfg = Release|Any CPU
		{7B4D77C5-3CF4-4126-8B83-208AB1DC679F}.Release|Any CPU.Build.0 = Release|Any CPU
		{50EF0295-C093-4D36-A019-370B8441167D}.Debug|Any CPU.ActiveCfg = Debug|Any CPU
		{50EF0295-C093-4D36-A019-370B8441167D}.Debug|Any CPU.Build.0 = Debug|Any CPU
		{50EF0295-C093-4D36-A019-370B8441167D}.Release|Any CPU.ActiveCfg = Release|Any CPU
		{50EF0295-C093-4D36-A019-370B8441167D}.Release|Any CPU.Build.0 = Release|Any CPU
		{8A814AD8-29F8-4C3D-8F9E-CDDEBE8AF7CE}.Debug|Any CPU.ActiveCfg = Debug|Any CPU
		{8A814AD8-29F8-4C3D-8F9E-CDDEBE8AF7CE}.Debug|Any CPU.Build.0 = Debug|Any CPU
		{8A814AD8-29F8-4C3D-8F9E-CDDEBE8AF7CE}.Release|Any CPU.ActiveCfg = Release|Any CPU
		{8A814AD8-29F8-4C3D-8F9E-CDDEBE8AF7CE}.Release|Any CPU.Build.0 = Release|Any CPU
	EndGlobalSection
	GlobalSection(SolutionProperties) = preSolution
		HideSolutionNode = FALSE
	EndGlobalSection
	GlobalSection(NestedProjects) = preSolution
		{8EE522AB-70BE-4019-B655-5FDAAD34242A} = {02014D73-3510-41FC-AC02-DA49715E9071}
		{2FE7251B-FF1D-4F48-8A0C-AF65D02A6AD2} = {02014D73-3510-41FC-AC02-DA49715E9071}
		{586CE656-EFB2-4423-9228-4276B7F53C79} = {02014D73-3510-41FC-AC02-DA49715E9071}
		{BD690DC4-F3BB-4BAF-B1ED-F62761447398} = {02014D73-3510-41FC-AC02-DA49715E9071}
		{D2ED89E8-2FF2-4652-86B4-82963E750166} = {02014D73-3510-41FC-AC02-DA49715E9071}
		{34C58EBA-1B9D-4154-A28B-710DAC339D8F} = {02014D73-3510-41FC-AC02-DA49715E9071}
		{7A611B24-22F6-4E20-AF96-E85C501C5108} = {02014D73-3510-41FC-AC02-DA49715E9071}
		{02DB3BC1-493B-476E-A1BE-B2372229AF59} = {02014D73-3510-41FC-AC02-DA49715E9071}
		{F1AB2F0F-4D25-46CB-BF7E-B9138DC30A0F} = {02014D73-3510-41FC-AC02-DA49715E9071}
		{D3E50B06-5578-42A2-ADDD-42F25D5A1F4C} = {08355505-B855-4E2A-915E-2CDD1A253843}
		{747044E7-4E4B-458B-94C3-3B8A9797B1A5} = {08355505-B855-4E2A-915E-2CDD1A253843}
		{4A7CA5EC-66E1-4CB5-860B-05DACAEF9DBB} = {5EF8F7EB-C125-433A-A9AB-27CF2BB14CC7}
		{0D814E89-2F79-4E66-BF48-1B5D36A960C3} = {5EF8F7EB-C125-433A-A9AB-27CF2BB14CC7}
		{742F7056-1BB3-4C74-A1F0-4CC2CFAD80A6} = {5EF8F7EB-C125-433A-A9AB-27CF2BB14CC7}
		{D2B85199-CB09-4DB6-82E8-7D452C6666F0} = {5EF8F7EB-C125-433A-A9AB-27CF2BB14CC7}
		{50487530-9682-404D-B812-D9B95DAF91EF} = {5EF8F7EB-C125-433A-A9AB-27CF2BB14CC7}
		{73738AE4-C04C-4779-83F4-D218FEE59B2D} = {5EF8F7EB-C125-433A-A9AB-27CF2BB14CC7}
		{C701F41F-AA1A-4874-A9BB-C9FC556196CA} = {5EF8F7EB-C125-433A-A9AB-27CF2BB14CC7}
		{99D7A81F-6098-4731-A2A4-08681D6A2635} = {5EF8F7EB-C125-433A-A9AB-27CF2BB14CC7}
		{7D951420-4CF2-4D1E-BB7B-EF76E0DA0880} = {5EF8F7EB-C125-433A-A9AB-27CF2BB14CC7}
		{3E5CAA92-0072-45EF-8390-B3F22D13ACDD} = {5EF8F7EB-C125-433A-A9AB-27CF2BB14CC7}
		{DE579391-940F-4BB7-9A0A-B55067899BAF} = {5EF8F7EB-C125-433A-A9AB-27CF2BB14CC7}
		{FAC83A6E-4C83-4150-8886-61CAD2F4D421} = {5EF8F7EB-C125-433A-A9AB-27CF2BB14CC7}
		{1C394650-DA14-4A31-9721-13F225797377} = {C66E9A90-8938-4C1E-A82A-E51D8584C8EA}
		{3A72E9D5-59D4-453F-9DEB-416357BCA25F} = {C66E9A90-8938-4C1E-A82A-E51D8584C8EA}
		{E185CAD6-92BC-422F-AEA4-8E8CAA741043} = {C66E9A90-8938-4C1E-A82A-E51D8584C8EA}
		{A07128EA-E3F4-487F-A2A2-63FDBA056639} = {C66E9A90-8938-4C1E-A82A-E51D8584C8EA}
		{5F23260E-3FBD-4301-A255-F228A11AB154} = {C66E9A90-8938-4C1E-A82A-E51D8584C8EA}
		{F5913048-87E6-4458-8A31-243A5601AC41} = {C66E9A90-8938-4C1E-A82A-E51D8584C8EA}
		{40E27026-684C-4266-830A-B827A44A03E9} = {02014D73-3510-41FC-AC02-DA49715E9071}
		{A85418F4-AC57-4E5E-804A-6610F778042A} = {5EF8F7EB-C125-433A-A9AB-27CF2BB14CC7}
		{3DFD8876-4A61-496F-8358-2B004432208F} = {02014D73-3510-41FC-AC02-DA49715E9071}
		{26F08C99-8105-4006-8011-A25F4A935CC1} = {02014D73-3510-41FC-AC02-DA49715E9071}
		{0F3B6E3E-AB88-4405-A735-276580755DBF} = {5EF8F7EB-C125-433A-A9AB-27CF2BB14CC7}
		{324A0EF1-0C97-43D0-B7F2-65C543C25B60} = {02014D73-3510-41FC-AC02-DA49715E9071}
		{A283C8B1-A63F-4C91-83D5-13D7F25DB976} = {02014D73-3510-41FC-AC02-DA49715E9071}
		{7B4D77C5-3CF4-4126-8B83-208AB1DC679F} = {02014D73-3510-41FC-AC02-DA49715E9071}
		{50EF0295-C093-4D36-A019-370B8441167D} = {5EF8F7EB-C125-433A-A9AB-27CF2BB14CC7}
		{8A814AD8-29F8-4C3D-8F9E-CDDEBE8AF7CE} = {5EF8F7EB-C125-433A-A9AB-27CF2BB14CC7}
	EndGlobalSection
EndGlobal
