
Microsoft Visual Studio Solution File, Format Version 11.00
# Visual Studio 2010
Project("{FAE04EC0-301F-11D3-BF4B-00C04F79EFBC}") = "Cronex Impulse CD", "Cronex Impulse CD\Cronex Impulse CD.csproj", "{64B8AAF5-FF77-40A0-B84E-E6E004CAA801}"
EndProject
Global
	GlobalSection(SolutionConfigurationPlatforms) = preSolution
		Debug|Any CPU = Debug|Any CPU
		Release|Any CPU = Release|Any CPU
	EndGlobalSection
	GlobalSection(ProjectConfigurationPlatforms) = postSolution
		{64B8AAF5-FF77-40A0-B84E-E6E004CAA801}.Debug|Any CPU.ActiveCfg = Debug|Any CPU
		{64B8AAF5-FF77-40A0-B84E-E6E004CAA801}.Debug|Any CPU.Build.0 = Debug|Any CPU
		{64B8AAF5-FF77-40A0-B84E-E6E004CAA801}.Release|Any CPU.ActiveCfg = Release|Any CPU
		{64B8AAF5-FF77-40A0-B84E-E6E004CAA801}.Release|Any CPU.Build.0 = Release|Any CPU
	EndGlobalSection
	GlobalSection(SolutionProperties) = preSolution
		HideSolutionNode = FALSE
	EndGlobalSection
EndGlobal
