
Microsoft Visual Studio Solution File, Format Version 11.00
# Visual Studio 2010
Project("{FAE04EC0-301F-11D3-BF4B-00C04F79EFBC}") = "TickVolume", "TickVolume\TickVolume.csproj", "{43B26175-E20D-4E53-8F0D-B4329C05F2B7}"
EndProject
Global
	GlobalSection(SolutionConfigurationPlatforms) = preSolution
		Debug|Any CPU = Debug|Any CPU
		Release|Any CPU = Release|Any CPU
	EndGlobalSection
	GlobalSection(ProjectConfigurationPlatforms) = postSolution
		{43B26175-E20D-4E53-8F0D-B4329C05F2B7}.Debug|Any CPU.ActiveCfg = Debug|Any CPU
		{43B26175-E20D-4E53-8F0D-B4329C05F2B7}.Debug|Any CPU.Build.0 = Debug|Any CPU
		{43B26175-E20D-4E53-8F0D-B4329C05F2B7}.Release|Any CPU.ActiveCfg = Release|Any CPU
		{43B26175-E20D-4E53-8F0D-B4329C05F2B7}.Release|Any CPU.Build.0 = Release|Any CPU
	EndGlobalSection
	GlobalSection(SolutionProperties) = preSolution
		HideSolutionNode = FALSE
	EndGlobalSection
EndGlobal
