
Microsoft Visual Studio Solution File, Format Version 11.00
# Visual Studio 2010
Project("{FAE04EC0-301F-11D3-BF4B-00C04F79EFBC}") = "Smart Grid", "Smart Grid\Smart Grid.csproj", "{DAD9F6C1-01AB-4C36-9259-7CF2DAC87638}"
EndProject
Global
	GlobalSection(SolutionConfigurationPlatforms) = preSolution
		Debug|Any CPU = Debug|Any CPU
		Release|Any CPU = Release|Any CPU
	EndGlobalSection
	GlobalSection(ProjectConfigurationPlatforms) = postSolution
		{DAD9F6C1-01AB-4C36-9259-7CF2DAC87638}.Debug|Any CPU.ActiveCfg = Debug|Any CPU
		{DAD9F6C1-01AB-4C36-9259-7CF2DAC87638}.Debug|Any CPU.Build.0 = Debug|Any CPU
		{DAD9F6C1-01AB-4C36-9259-7CF2DAC87638}.Release|Any CPU.ActiveCfg = Release|Any CPU
		{DAD9F6C1-01AB-4C36-9259-7CF2DAC87638}.Release|Any CPU.Build.0 = Release|Any CPU
	EndGlobalSection
	GlobalSection(SolutionProperties) = preSolution
		HideSolutionNode = FALSE
	EndGlobalSection
EndGlobal
