
Microsoft Visual Studio Solution File, Format Version 11.00
# Visual Studio 2010
Project("{FAE04EC0-301F-11D3-BF4B-00C04F79EFBC}") = "Oscillator of Moving Average (OsMA)", "Oscillator of Moving Average (OsMA)\Oscillator of Moving Average (OsMA).csproj", "{6221F964-CB59-4232-A6C8-B80249855D92}"
EndProject
Global
	GlobalSection(SolutionConfigurationPlatforms) = preSolution
		Debug|Any CPU = Debug|Any CPU
		Release|Any CPU = Release|Any CPU
	EndGlobalSection
	GlobalSection(ProjectConfigurationPlatforms) = postSolution
		{6221F964-CB59-4232-A6C8-B80249855D92}.Debug|Any CPU.ActiveCfg = Debug|Any CPU
		{6221F964-CB59-4232-A6C8-B80249855D92}.Debug|Any CPU.Build.0 = Debug|Any CPU
		{6221F964-CB59-4232-A6C8-B80249855D92}.Release|Any CPU.ActiveCfg = Release|Any CPU
		{6221F964-CB59-4232-A6C8-B80249855D92}.Release|Any CPU.Build.0 = Release|Any CPU
	EndGlobalSection
	GlobalSection(SolutionProperties) = preSolution
		HideSolutionNode = FALSE
	EndGlobalSection
EndGlobal
