
Microsoft Visual Studio Solution File, Format Version 11.00
# Visual Studio 2010
Project("{FAE04EC0-301F-11D3-BF4B-00C04F79EFBC}") = "Stochastics Difference", "Stochastics Difference\Stochastics Difference.csproj", "{83DE5810-6820-4719-B3CE-11DFEDC923A3}"
EndProject
Global
	GlobalSection(SolutionConfigurationPlatforms) = preSolution
		Debug|Any CPU = Debug|Any CPU
		Release|Any CPU = Release|Any CPU
	EndGlobalSection
	GlobalSection(ProjectConfigurationPlatforms) = postSolution
		{83DE5810-6820-4719-B3CE-11DFEDC923A3}.Debug|Any CPU.ActiveCfg = Debug|Any CPU
		{83DE5810-6820-4719-B3CE-11DFEDC923A3}.Debug|Any CPU.Build.0 = Debug|Any CPU
		{83DE5810-6820-4719-B3CE-11DFEDC923A3}.Release|Any CPU.ActiveCfg = Release|Any CPU
		{83DE5810-6820-4719-B3CE-11DFEDC923A3}.Release|Any CPU.Build.0 = Release|Any CPU
	EndGlobalSection
	GlobalSection(SolutionProperties) = preSolution
		HideSolutionNode = FALSE
	EndGlobalSection
EndGlobal
