
Microsoft Visual Studio Solution File, Format Version 11.00
# Visual Studio 2010
Project("{FAE04EC0-301F-11D3-BF4B-00C04F79EFBC}") = "CyberCycle", "CyberCycle\CyberCycle.csproj", "{FACF1E23-474E-4BFC-AF36-794186999D4B}"
EndProject
Global
	GlobalSection(SolutionConfigurationPlatforms) = preSolution
		Debug|Any CPU = Debug|Any CPU
		Release|Any CPU = Release|Any CPU
	EndGlobalSection
	GlobalSection(ProjectConfigurationPlatforms) = postSolution
		{FACF1E23-474E-4BFC-AF36-794186999D4B}.Debug|Any CPU.ActiveCfg = Debug|Any CPU
		{FACF1E23-474E-4BFC-AF36-794186999D4B}.Debug|Any CPU.Build.0 = Debug|Any CPU
		{FACF1E23-474E-4BFC-AF36-794186999D4B}.Release|Any CPU.ActiveCfg = Release|Any CPU
		{FACF1E23-474E-4BFC-AF36-794186999D4B}.Release|Any CPU.Build.0 = Release|Any CPU
	EndGlobalSection
	GlobalSection(SolutionProperties) = preSolution
		HideSolutionNode = FALSE
	EndGlobalSection
EndGlobal
