
Microsoft Visual Studio Solution File, Format Version 11.00
# Visual Studio 2010
Project("{FAE04EC0-301F-11D3-BF4B-00C04F79EFBC}") = "MACDPrbSARnoiseIndicator", "MACDPrbSARnoiseIndicator\MACDPrbSARnoiseIndicator.csproj", "{F2E27E5F-573F-4B1E-B5C2-D5AE3C1E8B78}"
EndProject
Global
	GlobalSection(SolutionConfigurationPlatforms) = preSolution
		Debug|Any CPU = Debug|Any CPU
		Release|Any CPU = Release|Any CPU
	EndGlobalSection
	GlobalSection(ProjectConfigurationPlatforms) = postSolution
		{F2E27E5F-573F-4B1E-B5C2-D5AE3C1E8B78}.Debug|Any CPU.ActiveCfg = Debug|Any CPU
		{F2E27E5F-573F-4B1E-B5C2-D5AE3C1E8B78}.Debug|Any CPU.Build.0 = Debug|Any CPU
		{F2E27E5F-573F-4B1E-B5C2-D5AE3C1E8B78}.Release|Any CPU.ActiveCfg = Release|Any CPU
		{F2E27E5F-573F-4B1E-B5C2-D5AE3C1E8B78}.Release|Any CPU.Build.0 = Release|Any CPU
	EndGlobalSection
	GlobalSection(SolutionProperties) = preSolution
		HideSolutionNode = FALSE
	EndGlobalSection
EndGlobal
