
Microsoft Visual Studio Solution File, Format Version 11.00
# Visual Studio 2010
Project("{FAE04EC0-301F-11D3-BF4B-00C04F79EFBC}") = "SAR Trailing Stop", "SAR Trailing Stop\SAR Trailing Stop.csproj", "{4BDC3B43-AE28-4A94-A2A0-7E82FE9255F9}"
EndProject
Global
	GlobalSection(SolutionConfigurationPlatforms) = preSolution
		Debug|Any CPU = Debug|Any CPU
		Release|Any CPU = Release|Any CPU
	EndGlobalSection
	GlobalSection(ProjectConfigurationPlatforms) = postSolution
		{4BDC3B43-AE28-4A94-A2A0-7E82FE9255F9}.Debug|Any CPU.ActiveCfg = Debug|Any CPU
		{4BDC3B43-AE28-4A94-A2A0-7E82FE9255F9}.Debug|Any CPU.Build.0 = Debug|Any CPU
		{4BDC3B43-AE28-4A94-A2A0-7E82FE9255F9}.Release|Any CPU.ActiveCfg = Release|Any CPU
		{4BDC3B43-AE28-4A94-A2A0-7E82FE9255F9}.Release|Any CPU.Build.0 = Release|Any CPU
	EndGlobalSection
	GlobalSection(SolutionProperties) = preSolution
		HideSolutionNode = FALSE
	EndGlobalSection
EndGlobal
