
Microsoft Visual Studio Solution File, Format Version 11.00
# Visual Studio 2010
Project("{FAE04EC0-301F-11D3-BF4B-00C04F79EFBC}") = "Volume", "Volume\Volume.csproj", "{3C1A1537-8FF8-458B-9660-D300246D321C}"
EndProject
Global
	GlobalSection(SolutionConfigurationPlatforms) = preSolution
		Debug|Any CPU = Debug|Any CPU
		Release|Any CPU = Release|Any CPU
	EndGlobalSection
	GlobalSection(ProjectConfigurationPlatforms) = postSolution
		{3C1A1537-8FF8-458B-9660-D300246D321C}.Debug|Any CPU.ActiveCfg = Debug|Any CPU
		{3C1A1537-8FF8-458B-9660-D300246D321C}.Debug|Any CPU.Build.0 = Debug|Any CPU
		{3C1A1537-8FF8-458B-9660-D300246D321C}.Release|Any CPU.ActiveCfg = Release|Any CPU
		{3C1A1537-8FF8-458B-9660-D300246D321C}.Release|Any CPU.Build.0 = Release|Any CPU
	EndGlobalSection
	GlobalSection(SolutionProperties) = preSolution
		HideSolutionNode = FALSE
	EndGlobalSection
EndGlobal
