
Microsoft Visual Studio Solution File, Format Version 11.00
# Visual Studio 2010
Project("{FAE04EC0-301F-11D3-BF4B-00C04F79EFBC}") = "TradingNewsRobot with Trailing Stop Loss", "TradingNewsRobot with Trailing Stop Loss\TradingNewsRobot with Trailing Stop Loss.csproj", "{303CF49D-F73A-43E2-B32B-07B3B0CE9FC7}"
EndProject
Global
	GlobalSection(SolutionConfigurationPlatforms) = preSolution
		Debug|Any CPU = Debug|Any CPU
		Release|Any CPU = Release|Any CPU
	EndGlobalSection
	GlobalSection(ProjectConfigurationPlatforms) = postSolution
		{303CF49D-F73A-43E2-B32B-07B3B0CE9FC7}.Debug|Any CPU.ActiveCfg = Debug|Any CPU
		{303CF49D-F73A-43E2-B32B-07B3B0CE9FC7}.Debug|Any CPU.Build.0 = Debug|Any CPU
		{303CF49D-F73A-43E2-B32B-07B3B0CE9FC7}.Release|Any CPU.ActiveCfg = Release|Any CPU
		{303CF49D-F73A-43E2-B32B-07B3B0CE9FC7}.Release|Any CPU.Build.0 = Release|Any CPU
	EndGlobalSection
	GlobalSection(SolutionProperties) = preSolution
		HideSolutionNode = FALSE
	EndGlobalSection
EndGlobal
