
Microsoft Visual Studio Solution File, Format Version 11.00
# Visual Studio 2010
Project("{FAE04EC0-301F-11D3-BF4B-00C04F79EFBC}") = "Position Stats", "Position Stats\Position Stats.csproj", "{27C18690-E930-40C1-A986-05D8B5B3EE7D}"
EndProject
Global
	GlobalSection(SolutionConfigurationPlatforms) = preSolution
		Debug|Any CPU = Debug|Any CPU
		Release|Any CPU = Release|Any CPU
	EndGlobalSection
	GlobalSection(ProjectConfigurationPlatforms) = postSolution
		{27C18690-E930-40C1-A986-05D8B5B3EE7D}.Debug|Any CPU.ActiveCfg = Debug|Any CPU
		{27C18690-E930-40C1-A986-05D8B5B3EE7D}.Debug|Any CPU.Build.0 = Debug|Any CPU
		{27C18690-E930-40C1-A986-05D8B5B3EE7D}.Release|Any CPU.ActiveCfg = Release|Any CPU
		{27C18690-E930-40C1-A986-05D8B5B3EE7D}.Release|Any CPU.Build.0 = Release|Any CPU
	EndGlobalSection
	GlobalSection(SolutionProperties) = preSolution
		HideSolutionNode = FALSE
	EndGlobalSection
EndGlobal
