
Microsoft Visual Studio Solution File, Format Version 11.00
# Visual Studio 2010
Project("{FAE04EC0-301F-11D3-BF4B-00C04F79EFBC}") = "RSIBBands", "RSIBBands\RSIBBands.csproj", "{48193082-6223-4D77-9DBF-63C6642A8892}"
EndProject
Global
	GlobalSection(SolutionConfigurationPlatforms) = preSolution
		Debug|Any CPU = Debug|Any CPU
		Release|Any CPU = Release|Any CPU
	EndGlobalSection
	GlobalSection(ProjectConfigurationPlatforms) = postSolution
		{48193082-6223-4D77-9DBF-63C6642A8892}.Debug|Any CPU.ActiveCfg = Debug|Any CPU
		{48193082-6223-4D77-9DBF-63C6642A8892}.Debug|Any CPU.Build.0 = Debug|Any CPU
		{48193082-6223-4D77-9DBF-63C6642A8892}.Release|Any CPU.ActiveCfg = Release|Any CPU
		{48193082-6223-4D77-9DBF-63C6642A8892}.Release|Any CPU.Build.0 = Release|Any CPU
	EndGlobalSection
	GlobalSection(SolutionProperties) = preSolution
		HideSolutionNode = FALSE
	EndGlobalSection
EndGlobal
