
Microsoft Visual Studio Solution File, Format Version 11.00
# Visual Studio 2010
Project("{FAE04EC0-301F-11D3-BF4B-00C04F79EFBC}") = "Sample Close Profitable Positions cBot", "Sample Close Profitable Positions cBot\Sample Close Profitable Positions cBot.csproj", "{ACE502CB-48F6-4AEB-BED6-D67CF88CD535}"
EndProject
Global
	GlobalSection(SolutionConfigurationPlatforms) = preSolution
		Debug|Any CPU = Debug|Any CPU
		Release|Any CPU = Release|Any CPU
	EndGlobalSection
	GlobalSection(ProjectConfigurationPlatforms) = postSolution
		{ACE502CB-48F6-4AEB-BED6-D67CF88CD535}.Debug|Any CPU.ActiveCfg = Debug|Any CPU
		{ACE502CB-48F6-4AEB-BED6-D67CF88CD535}.Debug|Any CPU.Build.0 = Debug|Any CPU
		{ACE502CB-48F6-4AEB-BED6-D67CF88CD535}.Release|Any CPU.ActiveCfg = Release|Any CPU
		{ACE502CB-48F6-4AEB-BED6-D67CF88CD535}.Release|Any CPU.Build.0 = Release|Any CPU
	EndGlobalSection
	GlobalSection(SolutionProperties) = preSolution
		HideSolutionNode = FALSE
	EndGlobalSection
EndGlobal
