
Microsoft Visual Studio Solution File, Format Version 11.00
# Visual Studio 2010
Project("{FAE04EC0-301F-11D3-BF4B-00C04F79EFBC}") = "Fractals (1)", "Fractals (1)\Fractals (1).csproj", "{F7D42685-2916-4D83-9CB4-D1B6EEAA97BB}"
EndProject
Global
	GlobalSection(SolutionConfigurationPlatforms) = preSolution
		Debug|Any CPU = Debug|Any CPU
		Release|Any CPU = Release|Any CPU
	EndGlobalSection
	GlobalSection(ProjectConfigurationPlatforms) = postSolution
		{F7D42685-2916-4D83-9CB4-D1B6EEAA97BB}.Debug|Any CPU.ActiveCfg = Debug|Any CPU
		{F7D42685-2916-4D83-9CB4-D1B6EEAA97BB}.Debug|Any CPU.Build.0 = Debug|Any CPU
		{F7D42685-2916-4D83-9CB4-D1B6EEAA97BB}.Release|Any CPU.ActiveCfg = Release|Any CPU
		{F7D42685-2916-4D83-9CB4-D1B6EEAA97BB}.Release|Any CPU.Build.0 = Release|Any CPU
	EndGlobalSection
	GlobalSection(SolutionProperties) = preSolution
		HideSolutionNode = FALSE
	EndGlobalSection
EndGlobal
