
Microsoft Visual Studio Solution File, Format Version 11.00
# Visual Studio 2010
Project("{FAE04EC0-301F-11D3-BF4B-00C04F79EFBC}") = "Didi Index", "Didi Index\Didi Index.csproj", "{90D5AA9F-28E6-4FCD-9507-C9303B0C8327}"
EndProject
Global
	GlobalSection(SolutionConfigurationPlatforms) = preSolution
		Debug|Any CPU = Debug|Any CPU
		Release|Any CPU = Release|Any CPU
	EndGlobalSection
	GlobalSection(ProjectConfigurationPlatforms) = postSolution
		{90D5AA9F-28E6-4FCD-9507-C9303B0C8327}.Debug|Any CPU.ActiveCfg = Debug|Any CPU
		{90D5AA9F-28E6-4FCD-9507-C9303B0C8327}.Debug|Any CPU.Build.0 = Debug|Any CPU
		{90D5AA9F-28E6-4FCD-9507-C9303B0C8327}.Release|Any CPU.ActiveCfg = Release|Any CPU
		{90D5AA9F-28E6-4FCD-9507-C9303B0C8327}.Release|Any CPU.Build.0 = Release|Any CPU
	EndGlobalSection
	GlobalSection(SolutionProperties) = preSolution
		HideSolutionNode = FALSE
	EndGlobalSection
EndGlobal
