
Microsoft Visual Studio Solution File, Format Version 11.00
# Visual Studio 2010
Project("{FAE04EC0-301F-11D3-BF4B-00C04F79EFBC}") = "Central Pivot Range (CPR)", "Central Pivot Range (CPR)\Central Pivot Range (CPR).csproj", "{B0B784E7-FDD6-4813-85FF-D75A6D5B50DF}"
EndProject
Global
	GlobalSection(SolutionConfigurationPlatforms) = preSolution
		Debug|Any CPU = Debug|Any CPU
		Release|Any CPU = Release|Any CPU
	EndGlobalSection
	GlobalSection(ProjectConfigurationPlatforms) = postSolution
		{B0B784E7-FDD6-4813-85FF-D75A6D5B50DF}.Debug|Any CPU.ActiveCfg = Debug|Any CPU
		{B0B784E7-FDD6-4813-85FF-D75A6D5B50DF}.Debug|Any CPU.Build.0 = Debug|Any CPU
		{B0B784E7-FDD6-4813-85FF-D75A6D5B50DF}.Release|Any CPU.ActiveCfg = Release|Any CPU
		{B0B784E7-FDD6-4813-85FF-D75A6D5B50DF}.Release|Any CPU.Build.0 = Release|Any CPU
	EndGlobalSection
	GlobalSection(SolutionProperties) = preSolution
		HideSolutionNode = FALSE
	EndGlobalSection
EndGlobal
