
Microsoft Visual Studio Solution File, Format Version 11.00
# Visual Studio 2010
Project("{FAE04EC0-301F-11D3-BF4B-00C04F79EFBC}") = "Ribbon Study EMA", "Ribbon Study EMA\Ribbon Study EMA.csproj", "{D8CD4B9F-B4DD-4CA9-A534-C16F69B666B6}"
EndProject
Global
	GlobalSection(SolutionConfigurationPlatforms) = preSolution
		Debug|Any CPU = Debug|Any CPU
		Release|Any CPU = Release|Any CPU
	EndGlobalSection
	GlobalSection(ProjectConfigurationPlatforms) = postSolution
		{D8CD4B9F-B4DD-4CA9-A534-C16F69B666B6}.Debug|Any CPU.ActiveCfg = Debug|Any CPU
		{D8CD4B9F-B4DD-4CA9-A534-C16F69B666B6}.Debug|Any CPU.Build.0 = Debug|Any CPU
		{D8CD4B9F-B4DD-4CA9-A534-C16F69B666B6}.Release|Any CPU.ActiveCfg = Release|Any CPU
		{D8CD4B9F-B4DD-4CA9-A534-C16F69B666B6}.Release|Any CPU.Build.0 = Release|Any CPU
	EndGlobalSection
	GlobalSection(SolutionProperties) = preSolution
		HideSolutionNode = FALSE
	EndGlobalSection
EndGlobal
