
Microsoft Visual Studio Solution File, Format Version 11.00
# Visual Studio 2010
Project("{FAE04EC0-301F-11D3-BF4B-00C04F79EFBC}") = "StochasticRVI", "StochasticRVI\StochasticRVI.csproj", "{F7102C29-D4C8-48E2-A226-E146A87EBD75}"
EndProject
Global
	GlobalSection(SolutionConfigurationPlatforms) = preSolution
		Debug|Any CPU = Debug|Any CPU
		Release|Any CPU = Release|Any CPU
	EndGlobalSection
	GlobalSection(ProjectConfigurationPlatforms) = postSolution
		{F7102C29-D4C8-48E2-A226-E146A87EBD75}.Debug|Any CPU.ActiveCfg = Debug|Any CPU
		{F7102C29-D4C8-48E2-A226-E146A87EBD75}.Debug|Any CPU.Build.0 = Debug|Any CPU
		{F7102C29-D4C8-48E2-A226-E146A87EBD75}.Release|Any CPU.ActiveCfg = Release|Any CPU
		{F7102C29-D4C8-48E2-A226-E146A87EBD75}.Release|Any CPU.Build.0 = Release|Any CPU
	EndGlobalSection
	GlobalSection(SolutionProperties) = preSolution
		HideSolutionNode = FALSE
	EndGlobalSection
EndGlobal
