
Microsoft Visual Studio Solution File, Format Version 11.00
# Visual Studio 2010
Project("{FAE04EC0-301F-11D3-BF4B-00C04F79EFBC}") = "Scalpers Buddy", "Scalpers Buddy\Scalpers Buddy.csproj", "{40050649-08CC-4A5B-8ED1-9744309F8FF3}"
EndProject
Global
	GlobalSection(SolutionConfigurationPlatforms) = preSolution
		Debug|Any CPU = Debug|Any CPU
		Release|Any CPU = Release|Any CPU
	EndGlobalSection
	GlobalSection(ProjectConfigurationPlatforms) = postSolution
		{40050649-08CC-4A5B-8ED1-9744309F8FF3}.Debug|Any CPU.ActiveCfg = Debug|Any CPU
		{40050649-08CC-4A5B-8ED1-9744309F8FF3}.Debug|Any CPU.Build.0 = Debug|Any CPU
		{40050649-08CC-4A5B-8ED1-9744309F8FF3}.Release|Any CPU.ActiveCfg = Release|Any CPU
		{40050649-08CC-4A5B-8ED1-9744309F8FF3}.Release|Any CPU.Build.0 = Release|Any CPU
	EndGlobalSection
	GlobalSection(SolutionProperties) = preSolution
		HideSolutionNode = FALSE
	EndGlobalSection
EndGlobal
