
Microsoft Visual Studio Solution File, Format Version 11.00
# Visual Studio 2010
Project("{FAE04EC0-301F-11D3-BF4B-00C04F79EFBC}") = "Sample Bulls Power", "Sample Bulls Power\Sample Bulls Power.csproj", "{F692E306-A2DE-4287-BB90-2D9E2EA28150}"
EndProject
Global
	GlobalSection(SolutionConfigurationPlatforms) = preSolution
		Debug|Any CPU = Debug|Any CPU
		Release|Any CPU = Release|Any CPU
	EndGlobalSection
	GlobalSection(ProjectConfigurationPlatforms) = postSolution
		{F692E306-A2DE-4287-BB90-2D9E2EA28150}.Debug|Any CPU.ActiveCfg = Debug|Any CPU
		{F692E306-A2DE-4287-BB90-2D9E2EA28150}.Debug|Any CPU.Build.0 = Debug|Any CPU
		{F692E306-A2DE-4287-BB90-2D9E2EA28150}.Release|Any CPU.ActiveCfg = Release|Any CPU
		{F692E306-A2DE-4287-BB90-2D9E2EA28150}.Release|Any CPU.Build.0 = Release|Any CPU
	EndGlobalSection
	GlobalSection(SolutionProperties) = preSolution
		HideSolutionNode = FALSE
	EndGlobalSection
EndGlobal
