
Microsoft Visual Studio Solution File, Format Version 11.00
# Visual Studio 2010
Project("{FAE04EC0-301F-11D3-BF4B-00C04F79EFBC}") = "Pivot Points", "Pivot Points\Pivot Points.csproj", "{A421A46A-667B-447C-8E25-224225B0FAFE}"
EndProject
Global
	GlobalSection(SolutionConfigurationPlatforms) = preSolution
		Debug|Any CPU = Debug|Any CPU
		Release|Any CPU = Release|Any CPU
	EndGlobalSection
	GlobalSection(ProjectConfigurationPlatforms) = postSolution
		{A421A46A-667B-447C-8E25-224225B0FAFE}.Debug|Any CPU.ActiveCfg = Debug|Any CPU
		{A421A46A-667B-447C-8E25-224225B0FAFE}.Debug|Any CPU.Build.0 = Debug|Any CPU
		{A421A46A-667B-447C-8E25-224225B0FAFE}.Release|Any CPU.ActiveCfg = Release|Any CPU
		{A421A46A-667B-447C-8E25-224225B0FAFE}.Release|Any CPU.Build.0 = Release|Any CPU
	EndGlobalSection
	GlobalSection(SolutionProperties) = preSolution
		HideSolutionNode = FALSE
	EndGlobalSection
EndGlobal
