
Microsoft Visual Studio Solution File, Format Version 11.00
# Visual Studio 2010
Project("{FAE04EC0-301F-11D3-BF4B-00C04F79EFBC}") = "TEMA MTF", "TEMA MTF\TEMA MTF.csproj", "{8F7CAA84-BA6A-4DF3-BC77-BE0FBA88D999}"
EndProject
Global
	GlobalSection(SolutionConfigurationPlatforms) = preSolution
		Debug|Any CPU = Debug|Any CPU
		Release|Any CPU = Release|Any CPU
	EndGlobalSection
	GlobalSection(ProjectConfigurationPlatforms) = postSolution
		{8F7CAA84-BA6A-4DF3-BC77-BE0FBA88D999}.Debug|Any CPU.ActiveCfg = Debug|Any CPU
		{8F7CAA84-BA6A-4DF3-BC77-BE0FBA88D999}.Debug|Any CPU.Build.0 = Debug|Any CPU
		{8F7CAA84-BA6A-4DF3-BC77-BE0FBA88D999}.Release|Any CPU.ActiveCfg = Release|Any CPU
		{8F7CAA84-BA6A-4DF3-BC77-BE0FBA88D999}.Release|Any CPU.Build.0 = Release|Any CPU
	EndGlobalSection
	GlobalSection(SolutionProperties) = preSolution
		HideSolutionNode = FALSE
	EndGlobalSection
EndGlobal

Project("{FAE04EC0-301F-11D3-BF4B-00C04F79EFBC}") = "TEMA", "..\TEMA\TEMA\TEMA.csproj", "{EC44B781-3C16-40B0-A9D4-201D72766927}"
EndProject