
Microsoft Visual Studio Solution File, Format Version 11.00
# Visual Studio 2010
Project("{FAE04EC0-301F-11D3-BF4B-00C04F79EFBC}") = "dom", "dom\dom.csproj", "{3BE250B9-17F5-4D84-8323-B6B052BDADF1}"
EndProject
Global
	GlobalSection(SolutionConfigurationPlatforms) = preSolution
		Debug|Any CPU = Debug|Any CPU
		Release|Any CPU = Release|Any CPU
	EndGlobalSection
	GlobalSection(ProjectConfigurationPlatforms) = postSolution
		{3BE250B9-17F5-4D84-8323-B6B052BDADF1}.Debug|Any CPU.ActiveCfg = Debug|Any CPU
		{3BE250B9-17F5-4D84-8323-B6B052BDADF1}.Debug|Any CPU.Build.0 = Debug|Any CPU
		{3BE250B9-17F5-4D84-8323-B6B052BDADF1}.Release|Any CPU.ActiveCfg = Release|Any CPU
		{3BE250B9-17F5-4D84-8323-B6B052BDADF1}.Release|Any CPU.Build.0 = Release|Any CPU
	EndGlobalSection
	GlobalSection(SolutionProperties) = preSolution
		HideSolutionNode = FALSE
	EndGlobalSection
EndGlobal
