
Microsoft Visual Studio Solution File, Format Version 11.00
# Visual Studio 2010
Project("{FAE04EC0-301F-11D3-BF4B-00C04F79EFBC}") = "EMA MTF", "EMA MTF\EMA MTF.csproj", "{99CC8546-B4CC-4557-96C1-FC9A91C5CE66}"
EndProject
Global
	GlobalSection(SolutionConfigurationPlatforms) = preSolution
		Debug|Any CPU = Debug|Any CPU
		Release|Any CPU = Release|Any CPU
	EndGlobalSection
	GlobalSection(ProjectConfigurationPlatforms) = postSolution
		{99CC8546-B4CC-4557-96C1-FC9A91C5CE66}.Debug|Any CPU.ActiveCfg = Debug|Any CPU
		{99CC8546-B4CC-4557-96C1-FC9A91C5CE66}.Debug|Any CPU.Build.0 = Debug|Any CPU
		{99CC8546-B4CC-4557-96C1-FC9A91C5CE66}.Release|Any CPU.ActiveCfg = Release|Any CPU
		{99CC8546-B4CC-4557-96C1-FC9A91C5CE66}.Release|Any CPU.Build.0 = Release|Any CPU
	EndGlobalSection
	GlobalSection(SolutionProperties) = preSolution
		HideSolutionNode = FALSE
	EndGlobalSection
EndGlobal
