
Microsoft Visual Studio Solution File, Format Version 11.00
# Visual Studio 2010
Project("{FAE04EC0-301F-11D3-BF4B-00C04F79EFBC}") = "Daily Open Close", "Daily Open Close\Daily Open Close.csproj", "{13A4F88D-C7C8-494D-87FC-5F2039C8EE14}"
EndProject
Global
	GlobalSection(SolutionConfigurationPlatforms) = preSolution
		Debug|Any CPU = Debug|Any CPU
		Release|Any CPU = Release|Any CPU
	EndGlobalSection
	GlobalSection(ProjectConfigurationPlatforms) = postSolution
		{13A4F88D-C7C8-494D-87FC-5F2039C8EE14}.Debug|Any CPU.ActiveCfg = Debug|Any CPU
		{13A4F88D-C7C8-494D-87FC-5F2039C8EE14}.Debug|Any CPU.Build.0 = Debug|Any CPU
		{13A4F88D-C7C8-494D-87FC-5F2039C8EE14}.Release|Any CPU.ActiveCfg = Release|Any CPU
		{13A4F88D-C7C8-494D-87FC-5F2039C8EE14}.Release|Any CPU.Build.0 = Release|Any CPU
	EndGlobalSection
	GlobalSection(SolutionProperties) = preSolution
		HideSolutionNode = FALSE
	EndGlobalSection
EndGlobal
