
Microsoft Visual Studio Solution File, Format Version 11.00
# Visual Studio 2010
Project("{FAE04EC0-301F-11D3-BF4B-00C04F79EFBC}") = "kaRubberBand", "kaRubberBand\kaRubberBand.csproj", "{AAB7A1CB-4EE3-41FD-835E-3491F9DDCD7D}"
EndProject
Global
	GlobalSection(SolutionConfigurationPlatforms) = preSolution
		Debug|Any CPU = Debug|Any CPU
		Release|Any CPU = Release|Any CPU
	EndGlobalSection
	GlobalSection(ProjectConfigurationPlatforms) = postSolution
		{AAB7A1CB-4EE3-41FD-835E-3491F9DDCD7D}.Debug|Any CPU.ActiveCfg = Debug|Any CPU
		{AAB7A1CB-4EE3-41FD-835E-3491F9DDCD7D}.Debug|Any CPU.Build.0 = Debug|Any CPU
		{AAB7A1CB-4EE3-41FD-835E-3491F9DDCD7D}.Release|Any CPU.ActiveCfg = Release|Any CPU
		{AAB7A1CB-4EE3-41FD-835E-3491F9DDCD7D}.Release|Any CPU.Build.0 = Release|Any CPU
	EndGlobalSection
	GlobalSection(SolutionProperties) = preSolution
		HideSolutionNode = FALSE
	EndGlobalSection
EndGlobal
