
Microsoft Visual Studio Solution File, Format Version 11.00
# Visual Studio 2010
Project("{FAE04EC0-301F-11D3-BF4B-00C04F79EFBC}") = "ATR Stops", "ATR Stops\ATR Stops.csproj", "{1027B954-10F1-4B2D-BF9C-EB9F4FAE2523}"
EndProject
Global
	GlobalSection(SolutionConfigurationPlatforms) = preSolution
		Debug|Any CPU = Debug|Any CPU
		Release|Any CPU = Release|Any CPU
	EndGlobalSection
	GlobalSection(ProjectConfigurationPlatforms) = postSolution
		{1027B954-10F1-4B2D-BF9C-EB9F4FAE2523}.Debug|Any CPU.ActiveCfg = Debug|Any CPU
		{1027B954-10F1-4B2D-BF9C-EB9F4FAE2523}.Debug|Any CPU.Build.0 = Debug|Any CPU
		{1027B954-10F1-4B2D-BF9C-EB9F4FAE2523}.Release|Any CPU.ActiveCfg = Release|Any CPU
		{1027B954-10F1-4B2D-BF9C-EB9F4FAE2523}.Release|Any CPU.Build.0 = Release|Any CPU
	EndGlobalSection
	GlobalSection(SolutionProperties) = preSolution
		HideSolutionNode = FALSE
	EndGlobalSection
EndGlobal
