
Microsoft Visual Studio Solution File, Format Version 11.00
# Visual Studio 2010
Project("{FAE04EC0-301F-11D3-BF4B-00C04F79EFBC}") = "TrailCut II", "TrailCut II\TrailCut II.csproj", "{3E5CAA92-0072-45EF-8390-B3F22D13ACDD}"
EndProject
Global
	GlobalSection(SolutionConfigurationPlatforms) = preSolution
		Debug|Any CPU = Debug|Any CPU
		Release|Any CPU = Release|Any CPU
	EndGlobalSection
	GlobalSection(ProjectConfigurationPlatforms) = postSolution
		{3E5CAA92-0072-45EF-8390-B3F22D13ACDD}.Debug|Any CPU.ActiveCfg = Debug|Any CPU
		{3E5CAA92-0072-45EF-8390-B3F22D13ACDD}.Debug|Any CPU.Build.0 = Debug|Any CPU
		{3E5CAA92-0072-45EF-8390-B3F22D13ACDD}.Release|Any CPU.ActiveCfg = Release|Any CPU
		{3E5CAA92-0072-45EF-8390-B3F22D13ACDD}.Release|Any CPU.Build.0 = Release|Any CPU
	EndGlobalSection
	GlobalSection(SolutionProperties) = preSolution
		HideSolutionNode = FALSE
	EndGlobalSection
EndGlobal
