
Microsoft Visual Studio Solution File, Format Version 11.00
# Visual Studio 2010
Project("{FAE04EC0-301F-11D3-BF4B-00C04F79EFBC}") = "ButterworthFilterAl", "ButterworthFilterAl\ButterworthFilterAl.csproj", "{F4AE2AB1-49E3-4A1F-B8AA-DDD3239B436C}"
EndProject
Global
	GlobalSection(SolutionConfigurationPlatforms) = preSolution
		Debug|Any CPU = Debug|Any CPU
		Release|Any CPU = Release|Any CPU
	EndGlobalSection
	GlobalSection(ProjectConfigurationPlatforms) = postSolution
		{F4AE2AB1-49E3-4A1F-B8AA-DDD3239B436C}.Debug|Any CPU.ActiveCfg = Debug|Any CPU
		{F4AE2AB1-49E3-4A1F-B8AA-DDD3239B436C}.Debug|Any CPU.Build.0 = Debug|Any CPU
		{F4AE2AB1-49E3-4A1F-B8AA-DDD3239B436C}.Release|Any CPU.ActiveCfg = Release|Any CPU
		{F4AE2AB1-49E3-4A1F-B8AA-DDD3239B436C}.Release|Any CPU.Build.0 = Release|Any CPU
	EndGlobalSection
	GlobalSection(SolutionProperties) = preSolution
		HideSolutionNode = FALSE
	EndGlobalSection
EndGlobal
