
Microsoft Visual Studio Solution File, Format Version 11.00
# Visual Studio 2010
Project("{FAE04EC0-301F-11D3-BF4B-00C04F79EFBC}") = "Zephyn Scalper", "Zephyn Scalper\Zephyn Scalper.csproj", "{2D4E75A4-E715-4129-B1E0-4AB7BC09CAA7}"
EndProject
Global
	GlobalSection(SolutionConfigurationPlatforms) = preSolution
		Debug|Any CPU = Debug|Any CPU
		Release|Any CPU = Release|Any CPU
	EndGlobalSection
	GlobalSection(ProjectConfigurationPlatforms) = postSolution
		{2D4E75A4-E715-4129-B1E0-4AB7BC09CAA7}.Debug|Any CPU.ActiveCfg = Debug|Any CPU
		{2D4E75A4-E715-4129-B1E0-4AB7BC09CAA7}.Debug|Any CPU.Build.0 = Debug|Any CPU
		{2D4E75A4-E715-4129-B1E0-4AB7BC09CAA7}.Release|Any CPU.ActiveCfg = Release|Any CPU
		{2D4E75A4-E715-4129-B1E0-4AB7BC09CAA7}.Release|Any CPU.Build.0 = Release|Any CPU
	EndGlobalSection
	GlobalSection(SolutionProperties) = preSolution
		HideSolutionNode = FALSE
	EndGlobalSection
EndGlobal
