
Microsoft Visual Studio Solution File, Format Version 11.00
# Visual Studio 2010
Project("{FAE04EC0-301F-11D3-BF4B-00C04F79EFBC}") = "SwingHighLow", "SwingHighLow\SwingHighLow.csproj", "{0538DA58-D27A-4ED9-9C1C-DE2F3F00D053}"
EndProject
Global
	GlobalSection(SolutionConfigurationPlatforms) = preSolution
		Debug|Any CPU = Debug|Any CPU
		Release|Any CPU = Release|Any CPU
	EndGlobalSection
	GlobalSection(ProjectConfigurationPlatforms) = postSolution
		{0538DA58-D27A-4ED9-9C1C-DE2F3F00D053}.Debug|Any CPU.ActiveCfg = Debug|Any CPU
		{0538DA58-D27A-4ED9-9C1C-DE2F3F00D053}.Debug|Any CPU.Build.0 = Debug|Any CPU
		{0538DA58-D27A-4ED9-9C1C-DE2F3F00D053}.Release|Any CPU.ActiveCfg = Release|Any CPU
		{0538DA58-D27A-4ED9-9C1C-DE2F3F00D053}.Release|Any CPU.Build.0 = Release|Any CPU
	EndGlobalSection
	GlobalSection(SolutionProperties) = preSolution
		HideSolutionNode = FALSE
	EndGlobalSection
EndGlobal
