
Microsoft Visual Studio Solution File, Format Version 11.00
# Visual Studio 2010
Project("{FAE04EC0-301F-11D3-BF4B-00C04F79EFBC}") = "Mama", "Mama\Mama.csproj", "{00E68148-C4A1-43E5-881C-322235A72940}"
EndProject
Global
	GlobalSection(SolutionConfigurationPlatforms) = preSolution
		Debug|Any CPU = Debug|Any CPU
		Release|Any CPU = Release|Any CPU
	EndGlobalSection
	GlobalSection(ProjectConfigurationPlatforms) = postSolution
		{00E68148-C4A1-43E5-881C-322235A72940}.Debug|Any CPU.ActiveCfg = Debug|Any CPU
		{00E68148-C4A1-43E5-881C-322235A72940}.Debug|Any CPU.Build.0 = Debug|Any CPU
		{00E68148-C4A1-43E5-881C-322235A72940}.Release|Any CPU.ActiveCfg = Release|Any CPU
		{00E68148-C4A1-43E5-881C-322235A72940}.Release|Any CPU.Build.0 = Release|Any CPU
	EndGlobalSection
	GlobalSection(SolutionProperties) = preSolution
		HideSolutionNode = FALSE
	EndGlobalSection
EndGlobal
