
Microsoft Visual Studio Solution File, Format Version 11.00
# Visual Studio 2010
Project("{FAE04EC0-301F-11D3-BF4B-00C04F79EFBC}") = "Value_Chart", "Value_Chart\Value_Chart.csproj", "{A1AE2795-43F6-44DC-90D3-A40FBE0FC05B}"
EndProject
Global
	GlobalSection(SolutionConfigurationPlatforms) = preSolution
		Debug|Any CPU = Debug|Any CPU
		Release|Any CPU = Release|Any CPU
	EndGlobalSection
	GlobalSection(ProjectConfigurationPlatforms) = postSolution
		{A1AE2795-43F6-44DC-90D3-A40FBE0FC05B}.Debug|Any CPU.ActiveCfg = Debug|Any CPU
		{A1AE2795-43F6-44DC-90D3-A40FBE0FC05B}.Debug|Any CPU.Build.0 = Debug|Any CPU
		{A1AE2795-43F6-44DC-90D3-A40FBE0FC05B}.Release|Any CPU.ActiveCfg = Release|Any CPU
		{A1AE2795-43F6-44DC-90D3-A40FBE0FC05B}.Release|Any CPU.Build.0 = Release|Any CPU
	EndGlobalSection
	GlobalSection(SolutionProperties) = preSolution
		HideSolutionNode = FALSE
	EndGlobalSection
EndGlobal
