
Microsoft Visual Studio Solution File, Format Version 11.00
# Visual Studio 2010
Project("{FAE04EC0-301F-11D3-BF4B-00C04F79EFBC}") = "5m1M", "5m1M\5m1M.csproj", "{DE44DCEB-F18E-4018-88DE-3D18F7A3BD5F}"
EndProject
Global
	GlobalSection(SolutionConfigurationPlatforms) = preSolution
		Debug|Any CPU = Debug|Any CPU
		Release|Any CPU = Release|Any CPU
	EndGlobalSection
	GlobalSection(ProjectConfigurationPlatforms) = postSolution
		{DE44DCEB-F18E-4018-88DE-3D18F7A3BD5F}.Debug|Any CPU.ActiveCfg = Debug|Any CPU
		{DE44DCEB-F18E-4018-88DE-3D18F7A3BD5F}.Debug|Any CPU.Build.0 = Debug|Any CPU
		{DE44DCEB-F18E-4018-88DE-3D18F7A3BD5F}.Release|Any CPU.ActiveCfg = Release|Any CPU
		{DE44DCEB-F18E-4018-88DE-3D18F7A3BD5F}.Release|Any CPU.Build.0 = Release|Any CPU
	EndGlobalSection
	GlobalSection(SolutionProperties) = preSolution
		HideSolutionNode = FALSE
	EndGlobalSection
EndGlobal
