
Microsoft Visual Studio Solution File, Format Version 11.00
# Visual Studio 2010
Project("{FAE04EC0-301F-11D3-BF4B-00C04F79EFBC}") = "TradingHelper", "TradingHelper\TradingHelper.csproj", "{686A59F6-7A55-46F1-8DA7-673326F90C10}"
EndProject
Global
	GlobalSection(SolutionConfigurationPlatforms) = preSolution
		Debug|Any CPU = Debug|Any CPU
		Release|Any CPU = Release|Any CPU
	EndGlobalSection
	GlobalSection(ProjectConfigurationPlatforms) = postSolution
		{686A59F6-7A55-46F1-8DA7-673326F90C10}.Debug|Any CPU.ActiveCfg = Debug|Any CPU
		{686A59F6-7A55-46F1-8DA7-673326F90C10}.Debug|Any CPU.Build.0 = Debug|Any CPU
		{686A59F6-7A55-46F1-8DA7-673326F90C10}.Release|Any CPU.ActiveCfg = Release|Any CPU
		{686A59F6-7A55-46F1-8DA7-673326F90C10}.Release|Any CPU.Build.0 = Release|Any CPU
	EndGlobalSection
	GlobalSection(SolutionProperties) = preSolution
		HideSolutionNode = FALSE
	EndGlobalSection
EndGlobal
