
Microsoft Visual Studio Solution File, Format Version 11.00
# Visual Studio 2010
Project("{FAE04EC0-301F-11D3-BF4B-00C04F79EFBC}") = "Triggerlines", "Triggerlines\Triggerlines.csproj", "{A26C315F-0EAF-4E4B-97A6-618D20840DE6}"
EndProject
Global
	GlobalSection(SolutionConfigurationPlatforms) = preSolution
		Debug|Any CPU = Debug|Any CPU
		Release|Any CPU = Release|Any CPU
	EndGlobalSection
	GlobalSection(ProjectConfigurationPlatforms) = postSolution
		{A26C315F-0EAF-4E4B-97A6-618D20840DE6}.Debug|Any CPU.ActiveCfg = Debug|Any CPU
		{A26C315F-0EAF-4E4B-97A6-618D20840DE6}.Debug|Any CPU.Build.0 = Debug|Any CPU
		{A26C315F-0EAF-4E4B-97A6-618D20840DE6}.Release|Any CPU.ActiveCfg = Release|Any CPU
		{A26C315F-0EAF-4E4B-97A6-618D20840DE6}.Release|Any CPU.Build.0 = Release|Any CPU
	EndGlobalSection
	GlobalSection(SolutionProperties) = preSolution
		HideSolutionNode = FALSE
	EndGlobalSection
EndGlobal
