
Microsoft Visual Studio Solution File, Format Version 11.00
# Visual Studio 2010
Project("{FAE04EC0-301F-11D3-BF4B-00C04F79EFBC}") = "Ultimate Pivot Points 2", "Ultimate Pivot Points 2\Ultimate Pivot Points 2.csproj", "{54347456-D6DA-4795-A2CE-80373A43CFEE}"
EndProject
Global
	GlobalSection(SolutionConfigurationPlatforms) = preSolution
		Debug|Any CPU = Debug|Any CPU
		Release|Any CPU = Release|Any CPU
	EndGlobalSection
	GlobalSection(ProjectConfigurationPlatforms) = postSolution
		{54347456-D6DA-4795-A2CE-80373A43CFEE}.Debug|Any CPU.ActiveCfg = Debug|Any CPU
		{54347456-D6DA-4795-A2CE-80373A43CFEE}.Debug|Any CPU.Build.0 = Debug|Any CPU
		{54347456-D6DA-4795-A2CE-80373A43CFEE}.Release|Any CPU.ActiveCfg = Release|Any CPU
		{54347456-D6DA-4795-A2CE-80373A43CFEE}.Release|Any CPU.Build.0 = Release|Any CPU
	EndGlobalSection
	GlobalSection(SolutionProperties) = preSolution
		HideSolutionNode = FALSE
	EndGlobalSection
EndGlobal
