
Microsoft Visual Studio Solution File, Format Version 11.00
# Visual Studio 2010
Project("{FAE04EC0-301F-11D3-BF4B-00C04F79EFBC}") = "Fibo vider", "Fibo vider\Fibo vider.csproj", "{F4021FFE-1E37-458C-A991-9A1EFA100B68}"
EndProject
Global
	GlobalSection(SolutionConfigurationPlatforms) = preSolution
		Debug|Any CPU = Debug|Any CPU
		Release|Any CPU = Release|Any CPU
	EndGlobalSection
	GlobalSection(ProjectConfigurationPlatforms) = postSolution
		{F4021FFE-1E37-458C-A991-9A1EFA100B68}.Debug|Any CPU.ActiveCfg = Debug|Any CPU
		{F4021FFE-1E37-458C-A991-9A1EFA100B68}.Debug|Any CPU.Build.0 = Debug|Any CPU
		{F4021FFE-1E37-458C-A991-9A1EFA100B68}.Release|Any CPU.ActiveCfg = Release|Any CPU
		{F4021FFE-1E37-458C-A991-9A1EFA100B68}.Release|Any CPU.Build.0 = Release|Any CPU
	EndGlobalSection
	GlobalSection(SolutionProperties) = preSolution
		HideSolutionNode = FALSE
	EndGlobalSection
EndGlobal
