
Microsoft Visual Studio Solution File, Format Version 11.00
# Visual Studio 2010
Project("{FAE04EC0-301F-11D3-BF4B-00C04F79EFBC}") = "Ever Trend", "Ever Trend\Ever Trend.csproj", "{D8C7697C-4982-4994-ACF4-14A2A238E130}"
EndProject
Global
	GlobalSection(SolutionConfigurationPlatforms) = preSolution
		Debug|Any CPU = Debug|Any CPU
		Release|Any CPU = Release|Any CPU
	EndGlobalSection
	GlobalSection(ProjectConfigurationPlatforms) = postSolution
		{D8C7697C-4982-4994-ACF4-14A2A238E130}.Debug|Any CPU.ActiveCfg = Debug|Any CPU
		{D8C7697C-4982-4994-ACF4-14A2A238E130}.Debug|Any CPU.Build.0 = Debug|Any CPU
		{D8C7697C-4982-4994-ACF4-14A2A238E130}.Release|Any CPU.ActiveCfg = Release|Any CPU
		{D8C7697C-4982-4994-ACF4-14A2A238E130}.Release|Any CPU.Build.0 = Release|Any CPU
	EndGlobalSection
	GlobalSection(SolutionProperties) = preSolution
		HideSolutionNode = FALSE
	EndGlobalSection
EndGlobal
