
Microsoft Visual Studio Solution File, Format Version 11.00
# Visual Studio 2010
Project("{FAE04EC0-301F-11D3-BF4B-00C04F79EFBC}") = "Real Market Hours", "Real Market Hours\Real Market Hours.csproj", "{C8BD1915-830F-4C95-916F-83315FF04BFD}"
EndProject
Global
	GlobalSection(SolutionConfigurationPlatforms) = preSolution
		Debug|Any CPU = Debug|Any CPU
		Release|Any CPU = Release|Any CPU
	EndGlobalSection
	GlobalSection(ProjectConfigurationPlatforms) = postSolution
		{C8BD1915-830F-4C95-916F-83315FF04BFD}.Debug|Any CPU.ActiveCfg = Debug|Any CPU
		{C8BD1915-830F-4C95-916F-83315FF04BFD}.Debug|Any CPU.Build.0 = Debug|Any CPU
		{C8BD1915-830F-4C95-916F-83315FF04BFD}.Release|Any CPU.ActiveCfg = Release|Any CPU
		{C8BD1915-830F-4C95-916F-83315FF04BFD}.Release|Any CPU.Build.0 = Release|Any CPU
	EndGlobalSection
	GlobalSection(SolutionProperties) = preSolution
		HideSolutionNode = FALSE
	EndGlobalSection
EndGlobal
