
Microsoft Visual Studio Solution File, Format Version 12.00
# Visual Studio 2013
VisualStudioVersion = 12.0.31101.0
MinimumVisualStudioVersion = 10.0.40219.1
Project("{FAE04EC0-301F-11D3-BF4B-00C04F79EFBC}") = "Xkalibur Ba II", "Xkalibur Ba II\Xkalibur Ba II.csproj", "{50EF0295-C093-4D36-A019-370B8441167D}"
EndProject
Project("{FAE04EC0-301F-11D3-BF4B-00C04F79EFBC}") = "cAlgo.Lib", "..\..\Library\cAlgoLib\cAlgo.Lib.csproj", "{D3E50B06-5578-42A2-ADDD-42F25D5A1F4C}"
EndProject
Project("{FAE04EC0-301F-11D3-BF4B-00C04F79EFBC}") = "EHMA", "..\..\Indicators\EHMA\EHMA\EHMA.csproj", "{324A0EF1-0C97-43D0-B7F2-65C543C25B60}"
EndProject
Global
	GlobalSection(SolutionConfigurationPlatforms) = preSolution
		Debug|Any CPU = Debug|Any CPU
		Release|Any CPU = Release|Any CPU
	EndGlobalSection
	GlobalSection(ProjectConfigurationPlatforms) = postSolution
		{50EF0295-C093-4D36-A019-370B8441167D}.Debug|Any CPU.ActiveCfg = Debug|Any CPU
		{50EF0295-C093-4D36-A019-370B8441167D}.Debug|Any CPU.Build.0 = Debug|Any CPU
		{50EF0295-C093-4D36-A019-370B8441167D}.Release|Any CPU.ActiveCfg = Release|Any CPU
		{50EF0295-C093-4D36-A019-370B8441167D}.Release|Any CPU.Build.0 = Release|Any CPU
		{D3E50B06-5578-42A2-ADDD-42F25D5A1F4C}.Debug|Any CPU.ActiveCfg = Debug|Any CPU
		{D3E50B06-5578-42A2-ADDD-42F25D5A1F4C}.Debug|Any CPU.Build.0 = Debug|Any CPU
		{D3E50B06-5578-42A2-ADDD-42F25D5A1F4C}.Release|Any CPU.ActiveCfg = Release|Any CPU
		{D3E50B06-5578-42A2-ADDD-42F25D5A1F4C}.Release|Any CPU.Build.0 = Release|Any CPU
		{324A0EF1-0C97-43D0-B7F2-65C543C25B60}.Debug|Any CPU.ActiveCfg = Debug|Any CPU
		{324A0EF1-0C97-43D0-B7F2-65C543C25B60}.Debug|Any CPU.Build.0 = Debug|Any CPU
		{324A0EF1-0C97-43D0-B7F2-65C543C25B60}.Release|Any CPU.ActiveCfg = Release|Any CPU
		{324A0EF1-0C97-43D0-B7F2-65C543C25B60}.Release|Any CPU.Build.0 = Release|Any CPU
	EndGlobalSection
	GlobalSection(SolutionProperties) = preSolution
		HideSolutionNode = FALSE
	EndGlobalSection
EndGlobal
