
Microsoft Visual Studio Solution File, Format Version 11.00
# Visual Studio 2010
Project("{FAE04EC0-301F-11D3-BF4B-00C04F79EFBC}") = "Kanal_Ant", "Kanal_Ant\Kanal_Ant.csproj", "{20423E88-702B-4145-BB02-A1DD68B9332D}"
EndProject
Global
	GlobalSection(SolutionConfigurationPlatforms) = preSolution
		Debug|Any CPU = Debug|Any CPU
		Release|Any CPU = Release|Any CPU
	EndGlobalSection
	GlobalSection(ProjectConfigurationPlatforms) = postSolution
		{20423E88-702B-4145-BB02-A1DD68B9332D}.Debug|Any CPU.ActiveCfg = Debug|Any CPU
		{20423E88-702B-4145-BB02-A1DD68B9332D}.Debug|Any CPU.Build.0 = Debug|Any CPU
		{20423E88-702B-4145-BB02-A1DD68B9332D}.Release|Any CPU.ActiveCfg = Release|Any CPU
		{20423E88-702B-4145-BB02-A1DD68B9332D}.Release|Any CPU.Build.0 = Release|Any CPU
	EndGlobalSection
	GlobalSection(SolutionProperties) = preSolution
		HideSolutionNode = FALSE
	EndGlobalSection
EndGlobal
