
Microsoft Visual Studio Solution File, Format Version 11.00
# Visual Studio 2010
Project("{FAE04EC0-301F-11D3-BF4B-00C04F79EFBC}") = "AdaptiveCGRobot", "AdaptiveCGRobot\AdaptiveCGRobot.csproj", "{FB88CAB5-0BE8-4EF8-B626-9CC6E08CFC4F}"
EndProject
Global
	GlobalSection(SolutionConfigurationPlatforms) = preSolution
		Debug|Any CPU = Debug|Any CPU
		Release|Any CPU = Release|Any CPU
	EndGlobalSection
	GlobalSection(ProjectConfigurationPlatforms) = postSolution
		{FB88CAB5-0BE8-4EF8-B626-9CC6E08CFC4F}.Debug|Any CPU.ActiveCfg = Debug|Any CPU
		{FB88CAB5-0BE8-4EF8-B626-9CC6E08CFC4F}.Debug|Any CPU.Build.0 = Debug|Any CPU
		{FB88CAB5-0BE8-4EF8-B626-9CC6E08CFC4F}.Release|Any CPU.ActiveCfg = Release|Any CPU
		{FB88CAB5-0BE8-4EF8-B626-9CC6E08CFC4F}.Release|Any CPU.Build.0 = Release|Any CPU
	EndGlobalSection
	GlobalSection(SolutionProperties) = preSolution
		HideSolutionNode = FALSE
	EndGlobalSection
EndGlobal
