
Microsoft Visual Studio Solution File, Format Version 11.00
# Visual Studio 2010
Project("{FAE04EC0-301F-11D3-BF4B-00C04F79EFBC}") = "AdaptiveLaguerreMA", "AdaptiveLaguerreMA\AdaptiveLaguerreMA.csproj", "{4C517FD0-FE51-4740-A3F3-8F70079C9D8D}"
EndProject
Global
	GlobalSection(SolutionConfigurationPlatforms) = preSolution
		Debug|Any CPU = Debug|Any CPU
		Release|Any CPU = Release|Any CPU
	EndGlobalSection
	GlobalSection(ProjectConfigurationPlatforms) = postSolution
		{4C517FD0-FE51-4740-A3F3-8F70079C9D8D}.Debug|Any CPU.ActiveCfg = Debug|Any CPU
		{4C517FD0-FE51-4740-A3F3-8F70079C9D8D}.Debug|Any CPU.Build.0 = Debug|Any CPU
		{4C517FD0-FE51-4740-A3F3-8F70079C9D8D}.Release|Any CPU.ActiveCfg = Release|Any CPU
		{4C517FD0-FE51-4740-A3F3-8F70079C9D8D}.Release|Any CPU.Build.0 = Release|Any CPU
	EndGlobalSection
	GlobalSection(SolutionProperties) = preSolution
		HideSolutionNode = FALSE
	EndGlobalSection
EndGlobal
