
Microsoft Visual Studio Solution File, Format Version 11.00
# Visual Studio 2010
Project("{FAE04EC0-301F-11D3-BF4B-00C04F79EFBC}") = "T3MA", "T3MA\T3MA.csproj", "{BD4B7CCE-9AEB-4BEA-BDCA-D76429A5DFBC}"
EndProject
Global
	GlobalSection(SolutionConfigurationPlatforms) = preSolution
		Debug|Any CPU = Debug|Any CPU
		Release|Any CPU = Release|Any CPU
	EndGlobalSection
	GlobalSection(ProjectConfigurationPlatforms) = postSolution
		{BD4B7CCE-9AEB-4BEA-BDCA-D76429A5DFBC}.Debug|Any CPU.ActiveCfg = Debug|Any CPU
		{BD4B7CCE-9AEB-4BEA-BDCA-D76429A5DFBC}.Debug|Any CPU.Build.0 = Debug|Any CPU
		{BD4B7CCE-9AEB-4BEA-BDCA-D76429A5DFBC}.Release|Any CPU.ActiveCfg = Release|Any CPU
		{BD4B7CCE-9AEB-4BEA-BDCA-D76429A5DFBC}.Release|Any CPU.Build.0 = Release|Any CPU
	EndGlobalSection
	GlobalSection(SolutionProperties) = preSolution
		HideSolutionNode = FALSE
	EndGlobalSection
EndGlobal
