
Microsoft Visual Studio Solution File, Format Version 11.00
# Visual Studio 2010
Project("{FAE04EC0-301F-11D3-BF4B-00C04F79EFBC}") = "Mijo Delta Volume Market Profile", "Mijo Delta Volume Market Profile\Mijo Delta Volume Market Profile.csproj", "{96F23A0C-8E53-454C-B57E-4CE62D24CFDC}"
EndProject
Global
	GlobalSection(SolutionConfigurationPlatforms) = preSolution
		Debug|Any CPU = Debug|Any CPU
		Release|Any CPU = Release|Any CPU
	EndGlobalSection
	GlobalSection(ProjectConfigurationPlatforms) = postSolution
		{96F23A0C-8E53-454C-B57E-4CE62D24CFDC}.Debug|Any CPU.ActiveCfg = Debug|Any CPU
		{96F23A0C-8E53-454C-B57E-4CE62D24CFDC}.Debug|Any CPU.Build.0 = Debug|Any CPU
		{96F23A0C-8E53-454C-B57E-4CE62D24CFDC}.Release|Any CPU.ActiveCfg = Release|Any CPU
		{96F23A0C-8E53-454C-B57E-4CE62D24CFDC}.Release|Any CPU.Build.0 = Release|Any CPU
	EndGlobalSection
	GlobalSection(SolutionProperties) = preSolution
		HideSolutionNode = FALSE
	EndGlobalSection
EndGlobal
