
Microsoft Visual Studio Solution File, Format Version 11.00
# Visual Studio 2010
Project("{FAE04EC0-301F-11D3-BF4B-00C04F79EFBC}") = "True Volume", "True Volume\True Volume.csproj", "{4494DE1C-74F2-45B3-A1C7-C23B9B6DFCDE}"
EndProject
Global
	GlobalSection(SolutionConfigurationPlatforms) = preSolution
		Debug|Any CPU = Debug|Any CPU
		Release|Any CPU = Release|Any CPU
	EndGlobalSection
	GlobalSection(ProjectConfigurationPlatforms) = postSolution
		{4494DE1C-74F2-45B3-A1C7-C23B9B6DFCDE}.Debug|Any CPU.ActiveCfg = Debug|Any CPU
		{4494DE1C-74F2-45B3-A1C7-C23B9B6DFCDE}.Debug|Any CPU.Build.0 = Debug|Any CPU
		{4494DE1C-74F2-45B3-A1C7-C23B9B6DFCDE}.Release|Any CPU.ActiveCfg = Release|Any CPU
		{4494DE1C-74F2-45B3-A1C7-C23B9B6DFCDE}.Release|Any CPU.Build.0 = Release|Any CPU
	EndGlobalSection
	GlobalSection(SolutionProperties) = preSolution
		HideSolutionNode = FALSE
	EndGlobalSection
EndGlobal
