
Microsoft Visual Studio Solution File, Format Version 11.00
# Visual Studio 2010
Project("{FAE04EC0-301F-11D3-BF4B-00C04F79EFBC}") = "ZeroLagTema", "ZeroLagTema\ZeroLagTema.csproj", "{8ED44B4E-8A55-42AC-943F-B549F1DB1993}"
EndProject
Global
	GlobalSection(SolutionConfigurationPlatforms) = preSolution
		Debug|Any CPU = Debug|Any CPU
		Release|Any CPU = Release|Any CPU
	EndGlobalSection
	GlobalSection(ProjectConfigurationPlatforms) = postSolution
		{8ED44B4E-8A55-42AC-943F-B549F1DB1993}.Debug|Any CPU.ActiveCfg = Debug|Any CPU
		{8ED44B4E-8A55-42AC-943F-B549F1DB1993}.Debug|Any CPU.Build.0 = Debug|Any CPU
		{8ED44B4E-8A55-42AC-943F-B549F1DB1993}.Release|Any CPU.ActiveCfg = Release|Any CPU
		{8ED44B4E-8A55-42AC-943F-B549F1DB1993}.Release|Any CPU.Build.0 = Release|Any CPU
	EndGlobalSection
	GlobalSection(SolutionProperties) = preSolution
		HideSolutionNode = FALSE
	EndGlobalSection
EndGlobal
