
Microsoft Visual Studio Solution File, Format Version 11.00
# Visual Studio 2010
Project("{FAE04EC0-301F-11D3-BF4B-00C04F79EFBC}") = "Trend Robot", "Trend Robot\Trend Robot.csproj", "{B10E0620-7920-4826-BA72-6450BC7BBEB7}"
EndProject
Global
	GlobalSection(SolutionConfigurationPlatforms) = preSolution
		Debug|Any CPU = Debug|Any CPU
		Release|Any CPU = Release|Any CPU
	EndGlobalSection
	GlobalSection(ProjectConfigurationPlatforms) = postSolution
		{B10E0620-7920-4826-BA72-6450BC7BBEB7}.Debug|Any CPU.ActiveCfg = Debug|Any CPU
		{B10E0620-7920-4826-BA72-6450BC7BBEB7}.Debug|Any CPU.Build.0 = Debug|Any CPU
		{B10E0620-7920-4826-BA72-6450BC7BBEB7}.Release|Any CPU.ActiveCfg = Release|Any CPU
		{B10E0620-7920-4826-BA72-6450BC7BBEB7}.Release|Any CPU.Build.0 = Release|Any CPU
	EndGlobalSection
	GlobalSection(SolutionProperties) = preSolution
		HideSolutionNode = FALSE
	EndGlobalSection
EndGlobal
