
Microsoft Visual Studio Solution File, Format Version 11.00
# Visual Studio 2010
Project("{FAE04EC0-301F-11D3-BF4B-00C04F79EFBC}") = "MA_Color", "MA_Color\MA_Color.csproj", "{B497DC34-E708-40B3-A2E7-87B00C85E651}"
EndProject
Global
	GlobalSection(SolutionConfigurationPlatforms) = preSolution
		Debug|Any CPU = Debug|Any CPU
		Release|Any CPU = Release|Any CPU
	EndGlobalSection
	GlobalSection(ProjectConfigurationPlatforms) = postSolution
		{B497DC34-E708-40B3-A2E7-87B00C85E651}.Debug|Any CPU.ActiveCfg = Debug|Any CPU
		{B497DC34-E708-40B3-A2E7-87B00C85E651}.Debug|Any CPU.Build.0 = Debug|Any CPU
		{B497DC34-E708-40B3-A2E7-87B00C85E651}.Release|Any CPU.ActiveCfg = Release|Any CPU
		{B497DC34-E708-40B3-A2E7-87B00C85E651}.Release|Any CPU.Build.0 = Release|Any CPU
	EndGlobalSection
	GlobalSection(SolutionProperties) = preSolution
		HideSolutionNode = FALSE
	EndGlobalSection
EndGlobal
