
Microsoft Visual Studio Solution File, Format Version 11.00
# Visual Studio 2010
Project("{FAE04EC0-301F-11D3-BF4B-00C04F79EFBC}") = "Time Series Forecast", "Time Series Forecast\Time Series Forecast.csproj", "{5DD9FB61-6756-42F1-8599-26FDBBEC5519}"
EndProject
Global
	GlobalSection(SolutionConfigurationPlatforms) = preSolution
		Debug|Any CPU = Debug|Any CPU
		Release|Any CPU = Release|Any CPU
	EndGlobalSection
	GlobalSection(ProjectConfigurationPlatforms) = postSolution
		{5DD9FB61-6756-42F1-8599-26FDBBEC5519}.Debug|Any CPU.ActiveCfg = Debug|Any CPU
		{5DD9FB61-6756-42F1-8599-26FDBBEC5519}.Debug|Any CPU.Build.0 = Debug|Any CPU
		{5DD9FB61-6756-42F1-8599-26FDBBEC5519}.Release|Any CPU.ActiveCfg = Release|Any CPU
		{5DD9FB61-6756-42F1-8599-26FDBBEC5519}.Release|Any CPU.Build.0 = Release|Any CPU
	EndGlobalSection
	GlobalSection(SolutionProperties) = preSolution
		HideSolutionNode = FALSE
	EndGlobalSection
EndGlobal
