
Microsoft Visual Studio Solution File, Format Version 11.00
# Visual Studio 2010
Project("{FAE04EC0-301F-11D3-BF4B-00C04F79EFBC}") = "KeltnerChannelsATR", "KeltnerChannelsATR\KeltnerChannelsATR.csproj", "{94C65860-5578-427A-A914-DCE35FC10809}"
EndProject
Global
	GlobalSection(SolutionConfigurationPlatforms) = preSolution
		Debug|Any CPU = Debug|Any CPU
		Release|Any CPU = Release|Any CPU
	EndGlobalSection
	GlobalSection(ProjectConfigurationPlatforms) = postSolution
		{94C65860-5578-427A-A914-DCE35FC10809}.Debug|Any CPU.ActiveCfg = Debug|Any CPU
		{94C65860-5578-427A-A914-DCE35FC10809}.Debug|Any CPU.Build.0 = Debug|Any CPU
		{94C65860-5578-427A-A914-DCE35FC10809}.Release|Any CPU.ActiveCfg = Release|Any CPU
		{94C65860-5578-427A-A914-DCE35FC10809}.Release|Any CPU.Build.0 = Release|Any CPU
	EndGlobalSection
	GlobalSection(SolutionProperties) = preSolution
		HideSolutionNode = FALSE
	EndGlobalSection
EndGlobal
