
Microsoft Visual Studio Solution File, Format Version 11.00
# Visual Studio 2010
Project("{FAE04EC0-301F-11D3-BF4B-00C04F79EFBC}") = "Show Spread and ATR (v1.1.2)", "Show Spread and ATR (v1.1.2)\Show Spread and ATR (v1.1.2).csproj", "{81E16CBD-6567-4222-A0DD-5B5472451D92}"
EndProject
Global
	GlobalSection(SolutionConfigurationPlatforms) = preSolution
		Debug|Any CPU = Debug|Any CPU
		Release|Any CPU = Release|Any CPU
	EndGlobalSection
	GlobalSection(ProjectConfigurationPlatforms) = postSolution
		{81E16CBD-6567-4222-A0DD-5B5472451D92}.Debug|Any CPU.ActiveCfg = Debug|Any CPU
		{81E16CBD-6567-4222-A0DD-5B5472451D92}.Debug|Any CPU.Build.0 = Debug|Any CPU
		{81E16CBD-6567-4222-A0DD-5B5472451D92}.Release|Any CPU.ActiveCfg = Release|Any CPU
		{81E16CBD-6567-4222-A0DD-5B5472451D92}.Release|Any CPU.Build.0 = Release|Any CPU
	EndGlobalSection
	GlobalSection(SolutionProperties) = preSolution
		HideSolutionNode = FALSE
	EndGlobalSection
EndGlobal
