
Microsoft Visual Studio Solution File, Format Version 11.00
# Visual Studio 2010
Project("{FAE04EC0-301F-11D3-BF4B-00C04F79EFBC}") = "DirectionalMovementSystemRating", "DirectionalMovementSystemRating\DirectionalMovementSystemRating.csproj", "{C480D4C2-848F-4BA6-B20F-C0E82B413CBF}"
EndProject
Global
	GlobalSection(SolutionConfigurationPlatforms) = preSolution
		Debug|Any CPU = Debug|Any CPU
		Release|Any CPU = Release|Any CPU
	EndGlobalSection
	GlobalSection(ProjectConfigurationPlatforms) = postSolution
		{C480D4C2-848F-4BA6-B20F-C0E82B413CBF}.Debug|Any CPU.ActiveCfg = Debug|Any CPU
		{C480D4C2-848F-4BA6-B20F-C0E82B413CBF}.Debug|Any CPU.Build.0 = Debug|Any CPU
		{C480D4C2-848F-4BA6-B20F-C0E82B413CBF}.Release|Any CPU.ActiveCfg = Release|Any CPU
		{C480D4C2-848F-4BA6-B20F-C0E82B413CBF}.Release|Any CPU.Build.0 = Release|Any CPU
	EndGlobalSection
	GlobalSection(SolutionProperties) = preSolution
		HideSolutionNode = FALSE
	EndGlobalSection
EndGlobal
