
Microsoft Visual Studio Solution File, Format Version 11.00
# Visual Studio 2010
Project("{FAE04EC0-301F-11D3-BF4B-00C04F79EFBC}") = "Tema", "Tema\Tema.csproj", "{FE03CF54-8FEE-47DB-BFED-6A04DD20376F}"
EndProject
Global
	GlobalSection(SolutionConfigurationPlatforms) = preSolution
		Debug|Any CPU = Debug|Any CPU
		Release|Any CPU = Release|Any CPU
	EndGlobalSection
	GlobalSection(ProjectConfigurationPlatforms) = postSolution
		{FE03CF54-8FEE-47DB-BFED-6A04DD20376F}.Debug|Any CPU.ActiveCfg = Debug|Any CPU
		{FE03CF54-8FEE-47DB-BFED-6A04DD20376F}.Debug|Any CPU.Build.0 = Debug|Any CPU
		{FE03CF54-8FEE-47DB-BFED-6A04DD20376F}.Release|Any CPU.ActiveCfg = Release|Any CPU
		{FE03CF54-8FEE-47DB-BFED-6A04DD20376F}.Release|Any CPU.Build.0 = Release|Any CPU
	EndGlobalSection
	GlobalSection(SolutionProperties) = preSolution
		HideSolutionNode = FALSE
	EndGlobalSection
EndGlobal
