
Microsoft Visual Studio Solution File, Format Version 11.00
# Visual Studio 2010
Project("{FAE04EC0-301F-11D3-BF4B-00C04F79EFBC}") = "GRaB Candles Long", "GRaB Candles Long\GRaB Candles Long.csproj", "{92B95AA6-342F-4455-8BC1-E016FC65380A}"
EndProject
Global
	GlobalSection(SolutionConfigurationPlatforms) = preSolution
		Debug|Any CPU = Debug|Any CPU
		Release|Any CPU = Release|Any CPU
	EndGlobalSection
	GlobalSection(ProjectConfigurationPlatforms) = postSolution
		{92B95AA6-342F-4455-8BC1-E016FC65380A}.Debug|Any CPU.ActiveCfg = Debug|Any CPU
		{92B95AA6-342F-4455-8BC1-E016FC65380A}.Debug|Any CPU.Build.0 = Debug|Any CPU
		{92B95AA6-342F-4455-8BC1-E016FC65380A}.Release|Any CPU.ActiveCfg = Release|Any CPU
		{92B95AA6-342F-4455-8BC1-E016FC65380A}.Release|Any CPU.Build.0 = Release|Any CPU
	EndGlobalSection
	GlobalSection(SolutionProperties) = preSolution
		HideSolutionNode = FALSE
	EndGlobalSection
EndGlobal
