
Microsoft Visual Studio Solution File, Format Version 11.00
# Visual Studio 2010
Project("{FAE04EC0-301F-11D3-BF4B-00C04F79EFBC}") = "Center Of Gravity Oscillator", "Center Of Gravity Oscillator\Center Of Gravity Oscillator.csproj", "{38488A8F-446E-4129-BAA5-294C259113A5}"
EndProject
Global
	GlobalSection(SolutionConfigurationPlatforms) = preSolution
		Debug|Any CPU = Debug|Any CPU
		Release|Any CPU = Release|Any CPU
	EndGlobalSection
	GlobalSection(ProjectConfigurationPlatforms) = postSolution
		{38488A8F-446E-4129-BAA5-294C259113A5}.Debug|Any CPU.ActiveCfg = Debug|Any CPU
		{38488A8F-446E-4129-BAA5-294C259113A5}.Debug|Any CPU.Build.0 = Debug|Any CPU
		{38488A8F-446E-4129-BAA5-294C259113A5}.Release|Any CPU.ActiveCfg = Release|Any CPU
		{38488A8F-446E-4129-BAA5-294C259113A5}.Release|Any CPU.Build.0 = Release|Any CPU
	EndGlobalSection
	GlobalSection(SolutionProperties) = preSolution
		HideSolutionNode = FALSE
	EndGlobalSection
EndGlobal
