
Microsoft Visual Studio Solution File, Format Version 11.00
# Visual Studio 2010
Project("{FAE04EC0-301F-11D3-BF4B-00C04F79EFBC}") = "Xkalibur Ba", "Xkalibur Ba\Xkalibur Ba.csproj", "{50EF0295-C093-4D36-A019-370B8441167D}"
EndProject
Global
	GlobalSection(SolutionConfigurationPlatforms) = preSolution
		Debug|Any CPU = Debug|Any CPU
		Release|Any CPU = Release|Any CPU
	EndGlobalSection
	GlobalSection(ProjectConfigurationPlatforms) = postSolution
		{50EF0295-C093-4D36-A019-370B8441167D}.Debug|Any CPU.ActiveCfg = Debug|Any CPU
		{50EF0295-C093-4D36-A019-370B8441167D}.Debug|Any CPU.Build.0 = Debug|Any CPU
		{50EF0295-C093-4D36-A019-370B8441167D}.Release|Any CPU.ActiveCfg = Release|Any CPU
		{50EF0295-C093-4D36-A019-370B8441167D}.Release|Any CPU.Build.0 = Release|Any CPU
	EndGlobalSection
	GlobalSection(SolutionProperties) = preSolution
		HideSolutionNode = FALSE
	EndGlobalSection
EndGlobal

Project("{FAE04EC0-301F-11D3-BF4B-00C04F79EFBC}") = "HMA", "..\..\Indicators\HMA\HMA\HMA.csproj", "{5060A6EA-978A-4557-A4EB-587EAFE3BF8E}"
EndProject

