
Microsoft Visual Studio Solution File, Format Version 11.00
# Visual Studio 2010
Project("{FAE04EC0-301F-11D3-BF4B-00C04F79EFBC}") = "Fxa0 RSI Crossing 50 Plus ATR", "Fxa0 RSI Crossing 50 Plus ATR\Fxa0 RSI Crossing 50 Plus ATR.csproj", "{591A76B2-1507-48B8-9DEE-571DFCB577F4}"
EndProject
Global
	GlobalSection(SolutionConfigurationPlatforms) = preSolution
		Debug|Any CPU = Debug|Any CPU
		Release|Any CPU = Release|Any CPU
	EndGlobalSection
	GlobalSection(ProjectConfigurationPlatforms) = postSolution
		{591A76B2-1507-48B8-9DEE-571DFCB577F4}.Debug|Any CPU.ActiveCfg = Debug|Any CPU
		{591A76B2-1507-48B8-9DEE-571DFCB577F4}.Debug|Any CPU.Build.0 = Debug|Any CPU
		{591A76B2-1507-48B8-9DEE-571DFCB577F4}.Release|Any CPU.ActiveCfg = Release|Any CPU
		{591A76B2-1507-48B8-9DEE-571DFCB577F4}.Release|Any CPU.Build.0 = Release|Any CPU
	EndGlobalSection
	GlobalSection(SolutionProperties) = preSolution
		HideSolutionNode = FALSE
	EndGlobalSection
EndGlobal
