
Microsoft Visual Studio Solution File, Format Version 11.00
# Visual Studio 2010
Project("{FAE04EC0-301F-11D3-BF4B-00C04F79EFBC}") = "Sample Chart Objects", "Sample Chart Objects\Sample Chart Objects.csproj", "{7DE29D3A-38E7-4A15-B52F-A93BE91056FC}"
EndProject
Global
	GlobalSection(SolutionConfigurationPlatforms) = preSolution
		Debug|Any CPU = Debug|Any CPU
		Release|Any CPU = Release|Any CPU
	EndGlobalSection
	GlobalSection(ProjectConfigurationPlatforms) = postSolution
		{7DE29D3A-38E7-4A15-B52F-A93BE91056FC}.Debug|Any CPU.ActiveCfg = Debug|Any CPU
		{7DE29D3A-38E7-4A15-B52F-A93BE91056FC}.Debug|Any CPU.Build.0 = Debug|Any CPU
		{7DE29D3A-38E7-4A15-B52F-A93BE91056FC}.Release|Any CPU.ActiveCfg = Release|Any CPU
		{7DE29D3A-38E7-4A15-B52F-A93BE91056FC}.Release|Any CPU.Build.0 = Release|Any CPU
	EndGlobalSection
	GlobalSection(SolutionProperties) = preSolution
		HideSolutionNode = FALSE
	EndGlobalSection
EndGlobal
