
Microsoft Visual Studio Solution File, Format Version 11.00
# Visual Studio 2010
Project("{FAE04EC0-301F-11D3-BF4B-00C04F79EFBC}") = "Break Out Candles", "Break Out Candles\Break Out Candles.csproj", "{8604DA2C-23F4-43E5-A5A5-C433B6047796}"
EndProject
Global
	GlobalSection(SolutionConfigurationPlatforms) = preSolution
		Debug|Any CPU = Debug|Any CPU
		Release|Any CPU = Release|Any CPU
	EndGlobalSection
	GlobalSection(ProjectConfigurationPlatforms) = postSolution
		{8604DA2C-23F4-43E5-A5A5-C433B6047796}.Debug|Any CPU.ActiveCfg = Debug|Any CPU
		{8604DA2C-23F4-43E5-A5A5-C433B6047796}.Debug|Any CPU.Build.0 = Debug|Any CPU
		{8604DA2C-23F4-43E5-A5A5-C433B6047796}.Release|Any CPU.ActiveCfg = Release|Any CPU
		{8604DA2C-23F4-43E5-A5A5-C433B6047796}.Release|Any CPU.Build.0 = Release|Any CPU
	EndGlobalSection
	GlobalSection(SolutionProperties) = preSolution
		HideSolutionNode = FALSE
	EndGlobalSection
EndGlobal
