
Microsoft Visual Studio Solution File, Format Version 11.00
# Visual Studio 2010
Project("{FAE04EC0-301F-11D3-BF4B-00C04F79EFBC}") = "AdaptiveRVI", "AdaptiveRVI\AdaptiveRVI.csproj", "{9B914C8D-B6EB-4702-A3CF-D6A64F35C810}"
EndProject
Global
	GlobalSection(SolutionConfigurationPlatforms) = preSolution
		Debug|Any CPU = Debug|Any CPU
		Release|Any CPU = Release|Any CPU
	EndGlobalSection
	GlobalSection(ProjectConfigurationPlatforms) = postSolution
		{9B914C8D-B6EB-4702-A3CF-D6A64F35C810}.Debug|Any CPU.ActiveCfg = Debug|Any CPU
		{9B914C8D-B6EB-4702-A3CF-D6A64F35C810}.Debug|Any CPU.Build.0 = Debug|Any CPU
		{9B914C8D-B6EB-4702-A3CF-D6A64F35C810}.Release|Any CPU.ActiveCfg = Release|Any CPU
		{9B914C8D-B6EB-4702-A3CF-D6A64F35C810}.Release|Any CPU.Build.0 = Release|Any CPU
	EndGlobalSection
	GlobalSection(SolutionProperties) = preSolution
		HideSolutionNode = FALSE
	EndGlobalSection
EndGlobal
